// !$*UTF8*$!
{
	archiveVersion = 1;
	classes = {
	};
	objectVersion = 50;
	objects = {

/* Begin PBXBuildFile section */
		169D0E5E269AF66300846990 /* AppDelegate.m in Sources */ = {isa = PBXBuildFile; fileRef = 169D0E5D269AF66300846990 /* AppDelegate.m */; };
		169D0E61269AF66300846990 /* SceneDelegate.m in Sources */ = {isa = PBXBuildFile; fileRef = 169D0E60269AF66300846990 /* SceneDelegate.m */; };
		169D0E64269AF66300846990 /* ViewController.m in Sources */ = {isa = PBXBuildFile; fileRef = 169D0E63269AF66300846990 /* ViewController.m */; };
		169D0E67269AF66300846990 /* Main.storyboard in Resources */ = {isa = PBXBuildFile; fileRef = 169D0E65269AF66300846990 /* Main.storyboard */; };
		169D0E69269AF66600846990 /* Assets.xcassets in Resources */ = {isa = PBXBuildFile; fileRef = 169D0E68269AF66600846990 /* Assets.xcassets */; };
		169D0E6C269AF66600846990 /* LaunchScreen.storyboard in Resources */ = {isa = PBXBuildFile; fileRef = 169D0E6A269AF66600846990 /* LaunchScreen.storyboard */; };
		169D0E6F269AF66600846990 /* main.m in Sources */ = {isa = PBXBuildFile; fileRef = 169D0E6E269AF66600846990 /* main.m */; };
		169D0E79269AF66700846990 /* _2_ImageDrawDemoTests.m in Sources */ = {isa = PBXBuildFile; fileRef = 169D0E78269AF66700846990 /* _2_ImageDrawDemoTests.m */; };
		169D0E84269AF66700846990 /* _2_ImageDrawDemoUITests.m in Sources */ = {isa = PBXBuildFile; fileRef = 169D0E83269AF66700846990 /* _2_ImageDrawDemoUITests.m */; };
		169D0EA4269AF6AE00846990 /* tata_popup_img_rise@3x.png in Resources */ = {isa = PBXBuildFile; fileRef = 169D0E93269AF6AE00846990 /* tata_popup_img_rise@3x.png */; };
		169D0EA5269AF6AE00846990 /* tata_popup_img_rise@2x.png in Resources */ = {isa = PBXBuildFile; fileRef = 169D0E94269AF6AE00846990 /* tata_popup_img_rise@2x.png */; };
		169D0EA6269AF6AE00846990 /* tata_img_hottopicdefault@2x.png in Resources */ = {isa = PBXBuildFile; fileRef = 169D0E95269AF6AE00846990 /* tata_img_hottopicdefault@2x.png */; };
		169D0EA7269AF6AE00846990 /* tata_img_hottopicdefault@3x.png in Resources */ = {isa = PBXBuildFile; fileRef = 169D0E96269AF6AE00846990 /* tata_img_hottopicdefault@3x.png */; };
		169D0EA8269AF6AE00846990 /* RichTextDataComposer.m in Sources */ = {isa = PBXBuildFile; fileRef = 169D0E99269AF6AE00846990 /* RichTextDataComposer.m */; };
		169D0EA9269AF6AE00846990 /* RichTextData.m in Sources */ = {isa = PBXBuildFile; fileRef = 169D0E9A269AF6AE00846990 /* RichTextData.m */; };
		169D0EAA269AF6AE00846990 /* ImageItem.m in Sources */ = {isa = PBXBuildFile; fileRef = 169D0E9B269AF6AE00846990 /* ImageItem.m */; };
		169D0EAB269AF6AE00846990 /* CTImageDrawView.m in Sources */ = {isa = PBXBuildFile; fileRef = 169D0EA0269AF6AE00846990 /* CTImageDrawView.m */; };
		169D0EAC269AF6AE00846990 /* CTImageDrawDemoController.m in Sources */ = {isa = PBXBuildFile; fileRef = 169D0EA3269AF6AE00846990 /* CTImageDrawDemoController.m */; };
/* End PBXBuildFile section */

/* Begin PBXContainerItemProxy section */
		169D0E75269AF66700846990 /* PBXContainerItemProxy */ = {
			isa = PBXContainerItemProxy;
			containerPortal = 169D0E51269AF66300846990 /* Project object */;
			proxyType = 1;
			remoteGlobalIDString = 169D0E58269AF66300846990;
			remoteInfo = 02_ImageDrawDemo;
		};
		169D0E80269AF66700846990 /* PBXContainerItemProxy */ = {
			isa = PBXContainerItemProxy;
			containerPortal = 169D0E51269AF66300846990 /* Project object */;
			proxyType = 1;
			remoteGlobalIDString = 169D0E58269AF66300846990;
			remoteInfo = 02_ImageDrawDemo;
		};
/* End PBXContainerItemProxy section */

/* Begin PBXFileReference section */
		169D0E59269AF66300846990 /* 02_ImageDrawDemo.app */ = {isa = PBXFileReference; explicitFileType = wrapper.application; includeInIndex = 0; path = 02_ImageDrawDemo.app; sourceTree = BUILT_PRODUCTS_DIR; };
		169D0E5C269AF66300846990 /* AppDelegate.h */ = {isa = PBXFileReference; lastKnownFileType = sourcecode.c.h; path = AppDelegate.h; sourceTree = "<group>"; };
		169D0E5D269AF66300846990 /* AppDelegate.m */ = {isa = PBXFileReference; lastKnownFileType = sourcecode.c.objc; path = AppDelegate.m; sourceTree = "<group>"; };
		169D0E5F269AF66300846990 /* SceneDelegate.h */ = {isa = PBXFileReference; lastKnownFileType = sourcecode.c.h; path = SceneDelegate.h; sourceTree = "<group>"; };
		169D0E60269AF66300846990 /* SceneDelegate.m */ = {isa = PBXFileReference; lastKnownFileType = sourcecode.c.objc; path = SceneDelegate.m; sourceTree = "<group>"; };
		169D0E62269AF66300846990 /* ViewController.h */ = {isa = PBXFileReference; lastKnownFileType = sourcecode.c.h; path = ViewController.h; sourceTree = "<group>"; };
		169D0E63269AF66300846990 /* ViewController.m */ = {isa = PBXFileReference; lastKnownFileType = sourcecode.c.objc; path = ViewController.m; sourceTree = "<group>"; };
		169D0E66269AF66300846990 /* Base */ = {isa = PBXFileReference; lastKnownFileType = file.storyboard; name = Base; path = Base.lproj/Main.storyboard; sourceTree = "<group>"; };
		169D0E68269AF66600846990 /* Assets.xcassets */ = {isa = PBXFileReference; lastKnownFileType = folder.assetcatalog; path = Assets.xcassets; sourceTree = "<group>"; };
		169D0E6B269AF66600846990 /* Base */ = {isa = PBXFileReference; lastKnownFileType = file.storyboard; name = Base; path = Base.lproj/LaunchScreen.storyboard; sourceTree = "<group>"; };
		169D0E6D269AF66600846990 /* Info.plist */ = {isa = PBXFileReference; lastKnownFileType = text.plist.xml; path = Info.plist; sourceTree = "<group>"; };
		169D0E6E269AF66600846990 /* main.m */ = {isa = PBXFileReference; lastKnownFileType = sourcecode.c.objc; path = main.m; sourceTree = "<group>"; };
		169D0E74269AF66700846990 /* 02_ImageDrawDemoTests.xctest */ = {isa = PBXFileReference; explicitFileType = wrapper.cfbundle; includeInIndex = 0; path = 02_ImageDrawDemoTests.xctest; sourceTree = BUILT_PRODUCTS_DIR; };
		169D0E78269AF66700846990 /* _2_ImageDrawDemoTests.m */ = {isa = PBXFileReference; lastKnownFileType = sourcecode.c.objc; path = _2_ImageDrawDemoTests.m; sourceTree = "<group>"; };
		169D0E7A269AF66700846990 /* Info.plist */ = {isa = PBXFileReference; lastKnownFileType = text.plist.xml; path = Info.plist; sourceTree = "<group>"; };
		169D0E7F269AF66700846990 /* 02_ImageDrawDemoUITests.xctest */ = {isa = PBXFileReference; explicitFileType = wrapper.cfbundle; includeInIndex = 0; path = 02_ImageDrawDemoUITests.xctest; sourceTree = BUILT_PRODUCTS_DIR; };
		169D0E83269AF66700846990 /* _2_ImageDrawDemoUITests.m */ = {isa = PBXFileReference; lastKnownFileType = sourcecode.c.objc; path = _2_ImageDrawDemoUITests.m; sourceTree = "<group>"; };
		169D0E85269AF66700846990 /* Info.plist */ = {isa = PBXFileReference; lastKnownFileType = text.plist.xml; path = Info.plist; sourceTree = "<group>"; };
		169D0E93269AF6AE00846990 /* tata_popup_img_rise@3x.png */ = {isa = PBXFileReference; lastKnownFileType = image.png; path = "tata_popup_img_rise@3x.png"; sourceTree = "<group>"; };
		169D0E94269AF6AE00846990 /* tata_popup_img_rise@2x.png */ = {isa = PBXFileReference; lastKnownFileType = image.png; path = "tata_popup_img_rise@2x.png"; sourceTree = "<group>"; };
		169D0E95269AF6AE00846990 /* tata_img_hottopicdefault@2x.png */ = {isa = PBXFileReference; lastKnownFileType = image.png; path = "tata_img_hottopicdefault@2x.png"; sourceTree = "<group>"; };
		169D0E96269AF6AE00846990 /* tata_img_hottopicdefault@3x.png */ = {isa = PBXFileReference; lastKnownFileType = image.png; path = "tata_img_hottopicdefault@3x.png"; sourceTree = "<group>"; };
		169D0E98269AF6AE00846990 /* ImageItem.h */ = {isa = PBXFileReference; fileEncoding = 4; lastKnownFileType = sourcecode.c.h; path = ImageItem.h; sourceTree = "<group>"; };
		169D0E99269AF6AE00846990 /* RichTextDataComposer.m */ = {isa = PBXFileReference; fileEncoding = 4; lastKnownFileType = sourcecode.c.objc; path = RichTextDataComposer.m; sourceTree = "<group>"; };
		169D0E9A269AF6AE00846990 /* RichTextData.m */ = {isa = PBXFileReference; fileEncoding = 4; lastKnownFileType = sourcecode.c.objc; path = RichTextData.m; sourceTree = "<group>"; };
		169D0E9B269AF6AE00846990 /* ImageItem.m */ = {isa = PBXFileReference; fileEncoding = 4; lastKnownFileType = sourcecode.c.objc; path = ImageItem.m; sourceTree = "<group>"; };
		169D0E9C269AF6AE00846990 /* RichTextData.h */ = {isa = PBXFileReference; fileEncoding = 4; lastKnownFileType = sourcecode.c.h; path = RichTextData.h; sourceTree = "<group>"; };
		169D0E9D269AF6AE00846990 /* RichTextDataComposer.h */ = {isa = PBXFileReference; fileEncoding = 4; lastKnownFileType = sourcecode.c.h; path = RichTextDataComposer.h; sourceTree = "<group>"; };
		169D0E9F269AF6AE00846990 /* CTImageDrawView.h */ = {isa = PBXFileReference; fileEncoding = 4; lastKnownFileType = sourcecode.c.h; path = CTImageDrawView.h; sourceTree = "<group>"; };
		169D0EA0269AF6AE00846990 /* CTImageDrawView.m */ = {isa = PBXFileReference; fileEncoding = 4; lastKnownFileType = sourcecode.c.objc; path = CTImageDrawView.m; sourceTree = "<group>"; };
		169D0EA2269AF6AE00846990 /* CTImageDrawDemoController.h */ = {isa = PBXFileReference; fileEncoding = 4; lastKnownFileType = sourcecode.c.h; path = CTImageDrawDemoController.h; sourceTree = "<group>"; };
		169D0EA3269AF6AE00846990 /* CTImageDrawDemoController.m */ = {isa = PBXFileReference; fileEncoding = 4; lastKnownFileType = sourcecode.c.objc; path = CTImageDrawDemoController.m; sourceTree = "<group>"; };
/* End PBXFileReference section */

/* Begin PBXFrameworksBuildPhase section */
		169D0E56269AF66300846990 /* Frameworks */ = {
			isa = PBXFrameworksBuildPhase;
			buildActionMask = 2147483647;
			files = (
			);
			runOnlyForDeploymentPostprocessing = 0;
		};
		169D0E71269AF66700846990 /* Frameworks */ = {
			isa = PBXFrameworksBuildPhase;
			buildActionMask = 2147483647;
			files = (
			);
			runOnlyForDeploymentPostprocessing = 0;
		};
		169D0E7C269AF66700846990 /* Frameworks */ = {
			isa = PBXFrameworksBuildPhase;
			buildActionMask = 2147483647;
			files = (
			);
			runOnlyForDeploymentPostprocessing = 0;
		};
/* End PBXFrameworksBuildPhase section */

/* Begin PBXGroup section */
		169D0E50269AF66300846990 = {
			isa = PBXGroup;
			children = (
				169D0E5B269AF66300846990 /* 02_ImageDrawDemo */,
				169D0E77269AF66700846990 /* 02_ImageDrawDemoTests */,
				169D0E82269AF66700846990 /* 02_ImageDrawDemoUITests */,
				169D0E5A269AF66300846990 /* Products */,
			);
			sourceTree = "<group>";
		};
		169D0E5A269AF66300846990 /* Products */ = {
			isa = PBXGroup;
			children = (
				169D0E59269AF66300846990 /* 02_ImageDrawDemo.app */,
				169D0E74269AF66700846990 /* 02_ImageDrawDemoTests.xctest */,
				169D0E7F269AF66700846990 /* 02_ImageDrawDemoUITests.xctest */,
			);
			name = Products;
			sourceTree = "<group>";
		};
		169D0E5B269AF66300846990 /* 02_ImageDrawDemo */ = {
			isa = PBXGroup;
			children = (
				169D0E91269AF6AE00846990 /* CTImageDrawDemo */,
				169D0E5C269AF66300846990 /* AppDelegate.h */,
				169D0E5D269AF66300846990 /* AppDelegate.m */,
				169D0E5F269AF66300846990 /* SceneDelegate.h */,
				169D0E60269AF66300846990 /* SceneDelegate.m */,
				169D0E62269AF66300846990 /* ViewController.h */,
				169D0E63269AF66300846990 /* ViewController.m */,
				169D0E65269AF66300846990 /* Main.storyboard */,
				169D0E68269AF66600846990 /* Assets.xcassets */,
				169D0E6A269AF66600846990 /* LaunchScreen.storyboard */,
				169D0E6D269AF66600846990 /* Info.plist */,
				169D0E6E269AF66600846990 /* main.m */,
			);
			path = 02_ImageDrawDemo;
			sourceTree = "<group>";
		};
		169D0E77269AF66700846990 /* 02_ImageDrawDemoTests */ = {
			isa = PBXGroup;
			children = (
				169D0E78269AF66700846990 /* _2_ImageDrawDemoTests.m */,
				169D0E7A269AF66700846990 /* Info.plist */,
			);
			path = 02_ImageDrawDemoTests;
			sourceTree = "<group>";
		};
		169D0E82269AF66700846990 /* 02_ImageDrawDemoUITests */ = {
			isa = PBXGroup;
			children = (
				169D0E83269AF66700846990 /* _2_ImageDrawDemoUITests.m */,
				169D0E85269AF66700846990 /* Info.plist */,
			);
			path = 02_ImageDrawDemoUITests;
			sourceTree = "<group>";
		};
		169D0E91269AF6AE00846990 /* CTImageDrawDemo */ = {
			isa = PBXGroup;
			children = (
				169D0E92269AF6AE00846990 /* Resources */,
				169D0E97269AF6AE00846990 /* Model */,
				169D0E9E269AF6AE00846990 /* View */,
				169D0EA1269AF6AE00846990 /* ViewController */,
			);
			path = CTImageDrawDemo;
			sourceTree = "<group>";
		};
		169D0E92269AF6AE00846990 /* Resources */ = {
			isa = PBXGroup;
			children = (
				169D0E93269AF6AE00846990 /* tata_popup_img_rise@3x.png */,
				169D0E94269AF6AE00846990 /* tata_popup_img_rise@2x.png */,
				169D0E95269AF6AE00846990 /* tata_img_hottopicdefault@2x.png */,
				169D0E96269AF6AE00846990 /* tata_img_hottopicdefault@3x.png */,
			);
			path = Resources;
			sourceTree = "<group>";
		};
		169D0E97269AF6AE00846990 /* Model */ = {
			isa = PBXGroup;
			children = (
				169D0E98269AF6AE00846990 /* ImageItem.h */,
				169D0E99269AF6AE00846990 /* RichTextDataComposer.m */,
				169D0E9A269AF6AE00846990 /* RichTextData.m */,
				169D0E9B269AF6AE00846990 /* ImageItem.m */,
				169D0E9C269AF6AE00846990 /* RichTextData.h */,
				169D0E9D269AF6AE00846990 /* RichTextDataComposer.h */,
			);
			path = Model;
			sourceTree = "<group>";
		};
		169D0E9E269AF6AE00846990 /* View */ = {
			isa = PBXGroup;
			children = (
				169D0E9F269AF6AE00846990 /* CTImageDrawView.h */,
				169D0EA0269AF6AE00846990 /* CTImageDrawView.m */,
			);
			path = View;
			sourceTree = "<group>";
		};
		169D0EA1269AF6AE00846990 /* ViewController */ = {
			isa = PBXGroup;
			children = (
				169D0EA2269AF6AE00846990 /* CTImageDrawDemoController.h */,
				169D0EA3269AF6AE00846990 /* CTImageDrawDemoController.m */,
			);
			path = ViewController;
			sourceTree = "<group>";
		};
/* End PBXGroup section */

/* Begin PBXNativeTarget section */
		169D0E58269AF66300846990 /* 02_ImageDrawDemo */ = {
			isa = PBXNativeTarget;
			buildConfigurationList = 169D0E88269AF66700846990 /* Build configuration list for PBXNativeTarget "02_ImageDrawDemo" */;
			buildPhases = (
				169D0E55269AF66300846990 /* Sources */,
				169D0E56269AF66300846990 /* Frameworks */,
				169D0E57269AF66300846990 /* Resources */,
			);
			buildRules = (
			);
			dependencies = (
			);
			name = 02_ImageDrawDemo;
			productName = 02_ImageDrawDemo;
			productReference = 169D0E59269AF66300846990 /* 02_ImageDrawDemo.app */;
			productType = "com.apple.product-type.application";
		};
		169D0E73269AF66700846990 /* 02_ImageDrawDemoTests */ = {
			isa = PBXNativeTarget;
			buildConfigurationList = 169D0E8B269AF66700846990 /* Build configuration list for PBXNativeTarget "02_ImageDrawDemoTests" */;
			buildPhases = (
				169D0E70269AF66700846990 /* Sources */,
				169D0E71269AF66700846990 /* Frameworks */,
				169D0E72269AF66700846990 /* Resources */,
			);
			buildRules = (
			);
			dependencies = (
				169D0E76269AF66700846990 /* PBXTargetDependency */,
			);
			name = 02_ImageDrawDemoTests;
			productName = 02_ImageDrawDemoTests;
			productReference = 169D0E74269AF66700846990 /* 02_ImageDrawDemoTests.xctest */;
			productType = "com.apple.product-type.bundle.unit-test";
		};
		169D0E7E269AF66700846990 /* 02_ImageDrawDemoUITests */ = {
			isa = PBXNativeTarget;
			buildConfigurationList = 169D0E8E269AF66700846990 /* Build configuration list for PBXNativeTarget "02_ImageDrawDemoUITests" */;
			buildPhases = (
				169D0E7B269AF66700846990 /* Sources */,
				169D0E7C269AF66700846990 /* Frameworks */,
				169D0E7D269AF66700846990 /* Resources */,
			);
			buildRules = (
			);
			dependencies = (
				169D0E81269AF66700846990 /* PBXTargetDependency */,
			);
			name = 02_ImageDrawDemoUITests;
			productName = 02_ImageDrawDemoUITests;
			productReference = 169D0E7F269AF66700846990 /* 02_ImageDrawDemoUITests.xctest */;
			productType = "com.apple.product-type.bundle.ui-testing";
		};
/* End PBXNativeTarget section */

/* Begin PBXProject section */
		169D0E51269AF66300846990 /* Project object */ = {
			isa = PBXProject;
			attributes = {
				LastUpgradeCheck = 1250;
				TargetAttributes = {
					169D0E58269AF66300846990 = {
						CreatedOnToolsVersion = 12.5.1;
					};
					169D0E73269AF66700846990 = {
						CreatedOnToolsVersion = 12.5.1;
						TestTargetID = 169D0E58269AF66300846990;
					};
					169D0E7E269AF66700846990 = {
						CreatedOnToolsVersion = 12.5.1;
						TestTargetID = 169D0E58269AF66300846990;
					};
				};
			};
			buildConfigurationList = 169D0E54269AF66300846990 /* Build configuration list for PBXProject "02_ImageDrawDemo" */;
			compatibilityVersion = "Xcode 9.3";
			developmentRegion = en;
			hasScannedForEncodings = 0;
			knownRegions = (
				en,
				Base,
			);
			mainGroup = 169D0E50269AF66300846990;
			productRefGroup = 169D0E5A269AF66300846990 /* Products */;
			projectDirPath = "";
			projectRoot = "";
			targets = (
				169D0E58269AF66300846990 /* 02_ImageDrawDemo */,
				169D0E73269AF66700846990 /* 02_ImageDrawDemoTests */,
				169D0E7E269AF66700846990 /* 02_ImageDrawDemoUITests */,
			);
		};
/* End PBXProject section */

/* Begin PBXResourcesBuildPhase section */
		169D0E57269AF66300846990 /* Resources */ = {
			isa = PBXResourcesBuildPhase;
			buildActionMask = 2147483647;
			files = (
				169D0EA7269AF6AE00846990 /* tata_img_hottopicdefault@3x.png in Resources */,
				169D0E6C269AF66600846990 /* LaunchScreen.storyboard in Resources */,
				169D0E69269AF66600846990 /* Assets.xcassets in Resources */,
				169D0E67269AF66300846990 /* Main.storyboard in Resources */,
				169D0EA4269AF6AE00846990 /* tata_popup_img_rise@3x.png in Resources */,
				169D0EA6269AF6AE00846990 /* tata_img_hottopicdefault@2x.png in Resources */,
				169D0EA5269AF6AE00846990 /* tata_popup_img_rise@2x.png in Resources */,
			);
			runOnlyForDeploymentPostprocessing = 0;
		};
		169D0E72269AF66700846990 /* Resources */ = {
			isa = PBXResourcesBuildPhase;
			buildActionMask = 2147483647;
			files = (
			);
			runOnlyForDeploymentPostprocessing = 0;
		};
		169D0E7D269AF66700846990 /* Resources */ = {
			isa = PBXResourcesBuildPhase;
			buildActionMask = 2147483647;
			files = (
			);
			runOnlyForDeploymentPostprocessing = 0;
		};
/* End PBXResourcesBuildPhase section */

/* Begin PBXSourcesBuildPhase section */
		169D0E55269AF66300846990 /* Sources */ = {
			isa = PBXSourcesBuildPhase;
			buildActionMask = 2147483647;
			files = (
				169D0EAC269AF6AE00846990 /* CTImageDrawDemoController.m in Sources */,
				169D0E64269AF66300846990 /* ViewController.m in Sources */,
				169D0E5E269AF66300846990 /* AppDelegate.m in Sources */,
				169D0EA9269AF6AE00846990 /* RichTextData.m in Sources */,
				169D0E6F269AF66600846990 /* main.m in Sources */,
				169D0EAA269AF6AE00846990 /* ImageItem.m in Sources */,
				169D0E61269AF66300846990 /* SceneDelegate.m in Sources */,
				169D0EA8269AF6AE00846990 /* RichTextDataComposer.m in Sources */,
				169D0EAB269AF6AE00846990 /* CTImageDrawView.m in Sources */,
			);
			runOnlyForDeploymentPostprocessing = 0;
		};
		169D0E70269AF66700846990 /* Sources */ = {
			isa = PBXSourcesBuildPhase;
			buildActionMask = 2147483647;
			files = (
				169D0E79269AF66700846990 /* _2_ImageDrawDemoTests.m in Sources */,
			);
			runOnlyForDeploymentPostprocessing = 0;
		};
		169D0E7B269AF66700846990 /* Sources */ = {
			isa = PBXSourcesBuildPhase;
			buildActionMask = 2147483647;
			files = (
				169D0E84269AF66700846990 /* _2_ImageDrawDemoUITests.m in Sources */,
			);
			runOnlyForDeploymentPostprocessing = 0;
		};
/* End PBXSourcesBuildPhase section */

/* Begin PBXTargetDependency section */
		169D0E76269AF66700846990 /* PBXTargetDependency */ = {
			isa = PBXTargetDependency;
			target = 169D0E58269AF66300846990 /* 02_ImageDrawDemo */;
			targetProxy = 169D0E75269AF66700846990 /* PBXContainerItemProxy */;
		};
		169D0E81269AF66700846990 /* PBXTargetDependency */ = {
			isa = PBXTargetDependency;
			target = 169D0E58269AF66300846990 /* 02_ImageDrawDemo */;
			targetProxy = 169D0E80269AF66700846990 /* PBXContainerItemProxy */;
		};
/* End PBXTargetDependency section */

/* Begin PBXVariantGroup section */
		169D0E65269AF66300846990 /* Main.storyboard */ = {
			isa = PBXVariantGroup;
			children = (
				169D0E66269AF66300846990 /* Base */,
			);
			name = Main.storyboard;
			sourceTree = "<group>";
		};
		169D0E6A269AF66600846990 /* LaunchScreen.storyboard */ = {
			isa = PBXVariantGroup;
			children = (
				169D0E6B269AF66600846990 /* Base */,
			);
			name = LaunchScreen.storyboard;
			sourceTree = "<group>";
		};
/* End PBXVariantGroup section */

/* Begin XCBuildConfiguration section */
		169D0E86269AF66700846990 /* Debug */ = {
			isa = XCBuildConfiguration;
			buildSettings = {
				ALWAYS_SEARCH_USER_PATHS = NO;
				CLANG_ANALYZER_NONNULL = YES;
				CLANG_ANALYZER_NUMBER_OBJECT_CONVERSION = YES_AGGRESSIVE;
				CLANG_CXX_LANGUAGE_STANDARD = "gnu++14";
				CLANG_CXX_LIBRARY = "libc++";
				CLANG_ENABLE_MODULES = YES;
				CLANG_ENABLE_OBJC_ARC = YES;
				CLANG_ENABLE_OBJC_WEAK = YES;
				CLANG_WARN_BLOCK_CAPTURE_AUTORELEASING = YES;
				CLANG_WARN_BOOL_CONVERSION = YES;
				CLANG_WARN_COMMA = YES;
				CLANG_WARN_CONSTANT_CONVERSION = YES;
				CLANG_WARN_DEPRECATED_OBJC_IMPLEMENTATIONS = YES;
				CLANG_WARN_DIRECT_OBJC_ISA_USAGE = YES_ERROR;
				CLANG_WARN_DOCUMENTATION_COMMENTS = YES;
				CLANG_WARN_EMPTY_BODY = YES;
				CLANG_WARN_ENUM_CONVERSION = YES;
				CLANG_WARN_INFINITE_RECURSION = YES;
				CLANG_WARN_INT_CONVERSION = YES;
				CLANG_WARN_NON_LITERAL_NULL_CONVERSION = YES;
				CLANG_WARN_OBJC_IMPLICIT_RETAIN_SELF = YES;
				CLANG_WARN_OBJC_LITERAL_CONVERSION = YES;
				CLANG_WARN_OBJC_ROOT_CLASS = YES_ERROR;
				CLANG_WARN_QUOTED_INCLUDE_IN_FRAMEWORK_HEADER = YES;
				CLANG_WARN_RANGE_LOOP_ANALYSIS = YES;
				CLANG_WARN_STRICT_PROTOTYPES = YES;
				CLANG_WARN_SUSPICIOUS_MOVE = YES;
				CLANG_WARN_UNGUARDED_AVAILABILITY = YES_AGGRESSIVE;
				CLANG_WARN_UNREACHABLE_CODE = YES;
				CLANG_WARN__DUPLICATE_METHOD_MATCH = YES;
				COPY_PHASE_STRIP = NO;
				DEBUG_INFORMATION_FORMAT = dwarf;
				ENABLE_STRICT_OBJC_MSGSEND = YES;
				ENABLE_TESTABILITY = YES;
				GCC_C_LANGUAGE_STANDARD = gnu11;
				GCC_DYNAMIC_NO_PIC = NO;
				GCC_NO_COMMON_BLOCKS = YES;
				GCC_OPTIMIZATION_LEVEL = 0;
				GCC_PREPROCESSOR_DEFINITIONS = (
					"DEBUG=1",
					"$(inherited)",
				);
				GCC_WARN_64_TO_32_BIT_CONVERSION = YES;
				GCC_WARN_ABOUT_RETURN_TYPE = YES_ERROR;
				GCC_WARN_UNDECLARED_SELECTOR = YES;
				GCC_WARN_UNINITIALIZED_AUTOS = YES_AGGRESSIVE;
				GCC_WARN_UNUSED_FUNCTION = YES;
				GCC_WARN_UNUSED_VARIABLE = YES;
				IPHONEOS_DEPLOYMENT_TARGET = 14.5;
				MTL_ENABLE_DEBUG_INFO = INCLUDE_SOURCE;
				MTL_FAST_MATH = YES;
				ONLY_ACTIVE_ARCH = YES;
				SDKROOT = iphoneos;
			};
			name = Debug;
		};
		169D0E87269AF66700846990 /* Release */ = {
			isa = XCBuildConfiguration;
			buildSettings = {
				ALWAYS_SEARCH_USER_PATHS = NO;
				CLANG_ANALYZER_NONNULL = YES;
				CLANG_ANALYZER_NUMBER_OBJECT_CONVERSION = YES_AGGRESSIVE;
				CLANG_CXX_LANGUAGE_STANDARD = "gnu++14";
				CLANG_CXX_LIBRARY = "libc++";
				CLANG_ENABLE_MODULES = YES;
				CLANG_ENABLE_OBJC_ARC = YES;
				CLANG_ENABLE_OBJC_WEAK = YES;
				CLANG_WARN_BLOCK_CAPTURE_AUTORELEASING = YES;
				CLANG_WARN_BOOL_CONVERSION = YES;
				CLANG_WARN_COMMA = YES;
				CLANG_WARN_CONSTANT_CONVERSION = YES;
				CLANG_WARN_DEPRECATED_OBJC_IMPLEMENTATIONS = YES;
				CLANG_WARN_DIRECT_OBJC_ISA_USAGE = YES_ERROR;
				CLANG_WARN_DOCUMENTATION_COMMENTS = YES;
				CLANG_WARN_EMPTY_BODY = YES;
				CLANG_WARN_ENUM_CONVERSION = YES;
				CLANG_WARN_INFINITE_RECURSION = YES;
				CLANG_WARN_INT_CONVERSION = YES;
				CLANG_WARN_NON_LITERAL_NULL_CONVERSION = YES;
				CLANG_WARN_OBJC_IMPLICIT_RETAIN_SELF = YES;
				CLANG_WARN_OBJC_LITERAL_CONVERSION = YES;
				CLANG_WARN_OBJC_ROOT_CLASS = YES_ERROR;
				CLANG_WARN_QUOTED_INCLUDE_IN_FRAMEWORK_HEADER = YES;
				CLANG_WARN_RANGE_LOOP_ANALYSIS = YES;
				CLANG_WARN_STRICT_PROTOTYPES = YES;
				CLANG_WARN_SUSPICIOUS_MOVE = YES;
				CLANG_WARN_UNGUARDED_AVAILABILITY = YES_AGGRESSIVE;
				CLANG_WARN_UNREACHABLE_CODE = YES;
				CLANG_WARN__DUPLICATE_METHOD_MATCH = YES;
				COPY_PHASE_STRIP = NO;
				DEBUG_INFORMATION_FORMAT = "dwarf-with-dsym";
				ENABLE_NS_ASSERTIONS = NO;
				ENABLE_STRICT_OBJC_MSGSEND = YES;
				GCC_C_LANGUAGE_STANDARD = gnu11;
				GCC_NO_COMMON_BLOCKS = YES;
				GCC_WARN_64_TO_32_BIT_CONVERSION = YES;
				GCC_WARN_ABOUT_RETURN_TYPE = YES_ERROR;
				GCC_WARN_UNDECLARED_SELECTOR = YES;
				GCC_WARN_UNINITIALIZED_AUTOS = YES_AGGRESSIVE;
				GCC_WARN_UNUSED_FUNCTION = YES;
				GCC_WARN_UNUSED_VARIABLE = YES;
				IPHONEOS_DEPLOYMENT_TARGET = 14.5;
				MTL_ENABLE_DEBUG_INFO = NO;
				MTL_FAST_MATH = YES;
				SDKROOT = iphoneos;
				VALIDATE_PRODUCT = YES;
			};
			name = Release;
		};
		169D0E89269AF66700846990 /* Debug */ = {
			isa = XCBuildConfiguration;
			buildSettings = {
				ASSETCATALOG_COMPILER_APPICON_NAME = AppIcon;
				ASSETCATALOG_COMPILER_GLOBAL_ACCENT_COLOR_NAME = AccentColor;
				CODE_SIGN_STYLE = Automatic;
				INFOPLIST_FILE = 02_ImageDrawDemo/Info.plist;
				LD_RUNPATH_SEARCH_PATHS = (
					"$(inherited)",
					"@executable_path/Frameworks",
				);
				PRODUCT_BUNDLE_IDENTIFIER = "com.Inke.-2-ImageDrawDemo";
				PRODUCT_NAME = "$(TARGET_NAME)";
				TARGETED_DEVICE_FAMILY = "1,2";
			};
			name = Debug;
		};
		169D0E8A269AF66700846990 /* Release */ = {
			isa = XCBuildConfiguration;
			buildSettings = {
				ASSETCATALOG_COMPILER_APPICON_NAME = AppIcon;
				ASSETCATALOG_COMPILER_GLOBAL_ACCENT_COLOR_NAME = AccentColor;
				CODE_SIGN_STYLE = Automatic;
				INFOPLIST_FILE = 02_ImageDrawDemo/Info.plist;
				LD_RUNPATH_SEARCH_PATHS = (
					"$(inherited)",
					"@executable_path/Frameworks",
				);
				PRODUCT_BUNDLE_IDENTIFIER = "com.Inke.-2-ImageDrawDemo";
				PRODUCT_NAME = "$(TARGET_NAME)";
				TARGETED_DEVICE_FAMILY = "1,2";
			};
			name = Release;
		};
		169D0E8C269AF66700846990 /* Debug */ = {
			isa = XCBuildConfiguration;
			buildSettings = {
				BUNDLE_LOADER = "$(TEST_HOST)";
				CODE_SIGN_STYLE = Automatic;
				INFOPLIST_FILE = 02_ImageDrawDemoTests/Info.plist;
				IPHONEOS_DEPLOYMENT_TARGET = 14.5;
				LD_RUNPATH_SEARCH_PATHS = (
					"$(inherited)",
					"@executable_path/Frameworks",
					"@loader_path/Frameworks",
				);
				PRODUCT_BUNDLE_IDENTIFIER = "com.Inke.-2-ImageDrawDemoTests";
				PRODUCT_NAME = "$(TARGET_NAME)";
				TARGETED_DEVICE_FAMILY = "1,2";
				TEST_HOST = "$(BUILT_PRODUCTS_DIR)/02_ImageDrawDemo.app/02_ImageDrawDemo";
			};
			name = Debug;
		};
		169D0E8D269AF66700846990 /* Release */ = {
			isa = XCBuildConfiguration;
			buildSettings = {
				BUNDLE_LOADER = "$(TEST_HOST)";
				CODE_SIGN_STYLE = Automatic;
				INFOPLIST_FILE = 02_ImageDrawDemoTests/Info.plist;
				IPHONEOS_DEPLOYMENT_TARGET = 14.5;
				LD_RUNPATH_SEARCH_PATHS = (
					"$(inherited)",
					"@executable_path/Frameworks",
					"@loader_path/Frameworks",
				);
				PRODUCT_BUNDLE_IDENTIFIER = "com.Inke.-2-ImageDrawDemoTests";
				PRODUCT_NAME = "$(TARGET_NAME)";
				TARGETED_DEVICE_FAMILY = "1,2";
				TEST_HOST = "$(BUILT_PRODUCTS_DIR)/02_ImageDrawDemo.app/02_ImageDrawDemo";
			};
			name = Release;
		};
		169D0E8F269AF66700846990 /* Debug */ = {
			isa = XCBuildConfiguration;
			buildSettings = {
				CODE_SIGN_STYLE = Automatic;
				INFOPLIST_FILE = 02_ImageDrawDemoUITests/Info.plist;
				LD_RUNPATH_SEARCH_PATHS = (
					"$(inherited)",
					"@executable_path/Frameworks",
					"@loader_path/Frameworks",
				);
				PRODUCT_BUNDLE_IDENTIFIER = "com.Inke.-2-ImageDrawDemoUITests";
				PRODUCT_NAME = "$(TARGET_NAME)";
				TARGETED_DEVICE_FAMILY = "1,2";
				TEST_TARGET_NAME = 02_ImageDrawDemo;
			};
			name = Debug;
		};
		169D0E90269AF66700846990 /* Release */ = {
			isa = XCBuildConfiguration;
			buildSettings = {
				CODE_SIGN_STYLE = Automatic;
				INFOPLIST_FILE = 02_ImageDrawDemoUITests/Info.plist;
				LD_RUNPATH_SEARCH_PATHS = (
					"$(inherited)",
					"@executable_path/Frameworks",
					"@loader_path/Frameworks",
				);
				PRODUCT_BUNDLE_IDENTIFIER = "com.Inke.-2-ImageDrawDemoUITests";
				PRODUCT_NAME = "$(TARGET_NAME)";
				TARGETED_DEVICE_FAMILY = "1,2";
				TEST_TARGET_NAME = 02_ImageDrawDemo;
			};
			name = Release;
		};
/* End XCBuildConfiguration section */

/* Begin XCConfigurationList section */
		169D0E54269AF66300846990 /* Build configuration list for PBXProject "02_ImageDrawDemo" */ = {
			isa = XCConfigurationList;
			buildConfigurations = (
				169D0E86269AF66700846990 /* Debug */,
				169D0E87269AF66700846990 /* Release */,
			);
			defaultConfigurationIsVisible = 0;
			defaultConfigurationName = Release;
		};
		169D0E88269AF66700846990 /* Build configuration list for PBXNativeTarget "02_ImageDrawDemo" */ = {
			isa = XCConfigurationList;
			buildConfigurations = (
				169D0E89269AF66700846990 /* Debug */,
				169D0E8A269AF66700846990 /* Release */,
			);
			defaultConfigurationIsVisible = 0;
			defaultConfigurationName = Release;
		};
		169D0E8B269AF66700846990 /* Build configuration list for PBXNativeTarget "02_ImageDrawDemoTests" */ = {
			isa = XCConfigurationList;
			buildConfigurations = (
				169D0E8C269AF66700846990 /* Debug */,
				169D0E8D269AF66700846990 /* Release */,
			);
			defaultConfigurationIsVisible = 0;
			defaultConfigurationName = Release;
		};
		169D0E8E269AF66700846990 /* Build configuration list for PBXNativeTarget "02_ImageDrawDemoUITests" */ = {
			isa = XCConfigurationList;
			buildConfigurations = (
				169D0E8F269AF66700846990 /* Debug */,
				169D0E90269AF66700846990 /* Release */,
			);
			defaultConfigurationIsVisible = 0;
			defaultConfigurationName = Release;
		};
/* End XCConfigurationList section */
	};
	rootObject = 169D0E51269AF66300846990 /* Project object */;
}
