// !$*UTF8*$!
{
	archiveVersion = 1;
	classes = {
	};
	objectVersion = 50;
	objects = {

/* Begin PBXBuildFile section */
		0072822EF02D5C27CF6E8508 /* libPods-CoreTextDemo.a in Frameworks */ = {isa = PBXBuildFile; fileRef = D9F9B71E2F93F2ED59011832 /* libPods-CoreTextDemo.a */; };
		5BBBC09D70E24F84C278A1FC /* libPods-CoreTextDemoUITests.a in Frameworks */ = {isa = PBXBuildFile; fileRef = AA849B64BA489F175DD8113C /* libPods-CoreTextDemoUITests.a */; };
		9C6ED8F920F7393600D3FF96 /* CTImageDrawView.m in Sources */ = {isa = PBXBuildFile; fileRef = 9C6ED8F520F7393600D3FF96 /* CTImageDrawView.m */; };
		9C6ED8FA20F7393600D3FF96 /* CTImageDrawDemoController.m in Sources */ = {isa = PBXBuildFile; fileRef = 9C6ED8F820F7393600D3FF96 /* CTImageDrawDemoController.m */; };
		9C6ED8FE20F739B200D3FF96 /* ImageItem.m in Sources */ = {isa = PBXBuildFile; fileRef = 9C6ED8FD20F739B200D3FF96 /* ImageItem.m */; };
		9C6ED90120F73AC100D3FF96 /* RichTextDataComposer.m in Sources */ = {isa = PBXBuildFile; fileRef = 9C6ED90020F73AC100D3FF96 /* RichTextDataComposer.m */; };
		9C6ED90320F73C5E00D3FF96 /* UIKit.framework in Frameworks */ = {isa = PBXBuildFile; fileRef = 9C6ED90220F73C5E00D3FF96 /* UIKit.framework */; };
		9C6ED90620F7416100D3FF96 /* RichTextData.m in Sources */ = {isa = PBXBuildFile; fileRef = 9C6ED90520F7416100D3FF96 /* RichTextData.m */; };
		9C6ED90A20F7434200D3FF96 /* tata_img_hottopicdefault@3x.png in Resources */ = {isa = PBXBuildFile; fileRef = 9C6ED90820F7434200D3FF96 /* tata_img_hottopicdefault@3x.png */; };
		9C6ED90B20F7434200D3FF96 /* tata_img_hottopicdefault@2x.png in Resources */ = {isa = PBXBuildFile; fileRef = 9C6ED90920F7434200D3FF96 /* tata_img_hottopicdefault@2x.png */; };
		9C6ED90E20F7435200D3FF96 /* tata_popup_img_rise@3x.png in Resources */ = {isa = PBXBuildFile; fileRef = 9C6ED90C20F7435200D3FF96 /* tata_popup_img_rise@3x.png */; };
		9C6ED90F20F7435200D3FF96 /* tata_popup_img_rise@2x.png in Resources */ = {isa = PBXBuildFile; fileRef = 9C6ED90D20F7435200D3FF96 /* tata_popup_img_rise@2x.png */; };
		9C6ED92220F8803700D3FF96 /* CTGestureActionDemoController.m in Sources */ = {isa = PBXBuildFile; fileRef = 9C6ED91C20F8803600D3FF96 /* CTGestureActionDemoController.m */; };
		9C6ED93020FC3B4D00D3FF96 /* CTTruncationDemoViewController.m in Sources */ = {isa = PBXBuildFile; fileRef = 9C6ED92F20FC3B4D00D3FF96 /* CTTruncationDemoViewController.m */; };
		9C6ED93E20FE209100D3FF96 /* CTTextStyleDemoViewController.m in Sources */ = {isa = PBXBuildFile; fileRef = 9C6ED93D20FE209100D3FF96 /* CTTextStyleDemoViewController.m */; };
		9C6ED95320FED61700D3FF96 /* YTDrawView.m in Sources */ = {isa = PBXBuildFile; fileRef = 9C6ED94020FED61600D3FF96 /* YTDrawView.m */; };
		9C6ED95420FED61700D3FF96 /* YTTextItem.m in Sources */ = {isa = PBXBuildFile; fileRef = 9C6ED94220FED61600D3FF96 /* YTTextItem.m */; };
		9C6ED95520FED61700D3FF96 /* YTTruncationItem.m in Sources */ = {isa = PBXBuildFile; fileRef = 9C6ED94920FED61600D3FF96 /* YTTruncationItem.m */; };
		9C6ED95620FED61700D3FF96 /* YTLinkItem.m in Sources */ = {isa = PBXBuildFile; fileRef = 9C6ED94B20FED61600D3FF96 /* YTLinkItem.m */; };
		9C6ED95720FED61700D3FF96 /* NSMutableAttributedString+YTSetAttributes.m in Sources */ = {isa = PBXBuildFile; fileRef = 9C6ED94C20FED61600D3FF96 /* NSMutableAttributedString+YTSetAttributes.m */; };
		9C6ED95820FED61700D3FF96 /* YTRichContentData.m in Sources */ = {isa = PBXBuildFile; fileRef = 9C6ED94D20FED61600D3FF96 /* YTRichContentData.m */; };
		9C6ED95920FED61700D3FF96 /* YTAttachmentItem.m in Sources */ = {isa = PBXBuildFile; fileRef = 9C6ED94E20FED61600D3FF96 /* YTAttachmentItem.m */; };
		9C6ED95A20FED61700D3FF96 /* YTCTLine.m in Sources */ = {isa = PBXBuildFile; fileRef = 9C6ED94F20FED61600D3FF96 /* YTCTLine.m */; };
		9C6ED95B20FED61700D3FF96 /* YTBaseDataItem.m in Sources */ = {isa = PBXBuildFile; fileRef = 9C6ED95020FED61600D3FF96 /* YTBaseDataItem.m */; };
		9C6ED96020FEDBC300D3FF96 /* CTTextSizeCalculateDemoViewController.m in Sources */ = {isa = PBXBuildFile; fileRef = 9C6ED95F20FEDBC300D3FF96 /* CTTextSizeCalculateDemoViewController.m */; };
		9CEDB93B20F72F8B0037D182 /* AppDelegate.m in Sources */ = {isa = PBXBuildFile; fileRef = 9CEDB93A20F72F8B0037D182 /* AppDelegate.m */; };
		9CEDB93E20F72F8B0037D182 /* ViewController.m in Sources */ = {isa = PBXBuildFile; fileRef = 9CEDB93D20F72F8B0037D182 /* ViewController.m */; };
		9CEDB94120F72F8B0037D182 /* Main.storyboard in Resources */ = {isa = PBXBuildFile; fileRef = 9CEDB93F20F72F8B0037D182 /* Main.storyboard */; };
		9CEDB94320F72F8C0037D182 /* Assets.xcassets in Resources */ = {isa = PBXBuildFile; fileRef = 9CEDB94220F72F8C0037D182 /* Assets.xcassets */; };
		9CEDB94620F72F8C0037D182 /* LaunchScreen.storyboard in Resources */ = {isa = PBXBuildFile; fileRef = 9CEDB94420F72F8C0037D182 /* LaunchScreen.storyboard */; };
		9CEDB94920F72F8C0037D182 /* main.m in Sources */ = {isa = PBXBuildFile; fileRef = 9CEDB94820F72F8C0037D182 /* main.m */; };
		9CEDB95320F72F8C0037D182 /* CoreTextDemoTests.m in Sources */ = {isa = PBXBuildFile; fileRef = 9CEDB95220F72F8C0037D182 /* CoreTextDemoTests.m */; };
		9CEDB95E20F72F8C0037D182 /* CoreTextDemoUITests.m in Sources */ = {isa = PBXBuildFile; fileRef = 9CEDB95D20F72F8C0037D182 /* CoreTextDemoUITests.m */; };
		9CEDB97720F735AA0037D182 /* CTTextDrawView.m in Sources */ = {isa = PBXBuildFile; fileRef = 9CEDB97520F735A90037D182 /* CTTextDrawView.m */; };
		9CEDB97A20F735BA0037D182 /* CTTextDrawDemoController.m in Sources */ = {isa = PBXBuildFile; fileRef = 9CEDB97920F735BA0037D182 /* CTTextDrawDemoController.m */; };
		D143EF121686C432475C926D /* libPods-CoreTextDemoTests.a in Frameworks */ = {isa = PBXBuildFile; fileRef = 4B8187FF7519D97277939537 /* libPods-CoreTextDemoTests.a */; };
/* End PBXBuildFile section */

/* Begin PBXContainerItemProxy section */
		9CEDB94F20F72F8C0037D182 /* PBXContainerItemProxy */ = {
			isa = PBXContainerItemProxy;
			containerPortal = 9CEDB92E20F72F8B0037D182 /* Project object */;
			proxyType = 1;
			remoteGlobalIDString = 9CEDB93520F72F8B0037D182;
			remoteInfo = CoreTextDemo;
		};
		9CEDB95A20F72F8C0037D182 /* PBXContainerItemProxy */ = {
			isa = PBXContainerItemProxy;
			containerPortal = 9CEDB92E20F72F8B0037D182 /* Project object */;
			proxyType = 1;
			remoteGlobalIDString = 9CEDB93520F72F8B0037D182;
			remoteInfo = CoreTextDemo;
		};
/* End PBXContainerItemProxy section */

/* Begin PBXFileReference section */
		0910C5823C84C6ACA234AE51 /* Pods-CoreTextDemo.release.xcconfig */ = {isa = PBXFileReference; includeInIndex = 1; lastKnownFileType = text.xcconfig; name = "Pods-CoreTextDemo.release.xcconfig"; path = "Pods/Target Support Files/Pods-CoreTextDemo/Pods-CoreTextDemo.release.xcconfig"; sourceTree = "<group>"; };
		3A02BE620B54B8469DA92DD8 /* Pods-CoreTextDemoTests.release.xcconfig */ = {isa = PBXFileReference; includeInIndex = 1; lastKnownFileType = text.xcconfig; name = "Pods-CoreTextDemoTests.release.xcconfig"; path = "Pods/Target Support Files/Pods-CoreTextDemoTests/Pods-CoreTextDemoTests.release.xcconfig"; sourceTree = "<group>"; };
		491E485805D6B2F71E92796E /* Pods-CoreTextDemo.debug.xcconfig */ = {isa = PBXFileReference; includeInIndex = 1; lastKnownFileType = text.xcconfig; name = "Pods-CoreTextDemo.debug.xcconfig"; path = "Pods/Target Support Files/Pods-CoreTextDemo/Pods-CoreTextDemo.debug.xcconfig"; sourceTree = "<group>"; };
		4B088E3DB5AEBF3C9AF17391 /* Pods-CoreTextDemoUITests.debug.xcconfig */ = {isa = PBXFileReference; includeInIndex = 1; lastKnownFileType = text.xcconfig; name = "Pods-CoreTextDemoUITests.debug.xcconfig"; path = "Pods/Target Support Files/Pods-CoreTextDemoUITests/Pods-CoreTextDemoUITests.debug.xcconfig"; sourceTree = "<group>"; };
		4B8187FF7519D97277939537 /* libPods-CoreTextDemoTests.a */ = {isa = PBXFileReference; explicitFileType = archive.ar; includeInIndex = 0; path = "libPods-CoreTextDemoTests.a"; sourceTree = BUILT_PRODUCTS_DIR; };
		9C6ED8F420F7393600D3FF96 /* CTImageDrawView.h */ = {isa = PBXFileReference; fileEncoding = 4; lastKnownFileType = sourcecode.c.h; path = CTImageDrawView.h; sourceTree = "<group>"; };
		9C6ED8F520F7393600D3FF96 /* CTImageDrawView.m */ = {isa = PBXFileReference; fileEncoding = 4; lastKnownFileType = sourcecode.c.objc; path = CTImageDrawView.m; sourceTree = "<group>"; };
		9C6ED8F720F7393600D3FF96 /* CTImageDrawDemoController.h */ = {isa = PBXFileReference; fileEncoding = 4; lastKnownFileType = sourcecode.c.h; path = CTImageDrawDemoController.h; sourceTree = "<group>"; };
		9C6ED8F820F7393600D3FF96 /* CTImageDrawDemoController.m */ = {isa = PBXFileReference; fileEncoding = 4; lastKnownFileType = sourcecode.c.objc; path = CTImageDrawDemoController.m; sourceTree = "<group>"; };
		9C6ED8FC20F739B200D3FF96 /* ImageItem.h */ = {isa = PBXFileReference; lastKnownFileType = sourcecode.c.h; path = ImageItem.h; sourceTree = "<group>"; };
		9C6ED8FD20F739B200D3FF96 /* ImageItem.m */ = {isa = PBXFileReference; lastKnownFileType = sourcecode.c.objc; path = ImageItem.m; sourceTree = "<group>"; };
		9C6ED8FF20F73AC100D3FF96 /* RichTextDataComposer.h */ = {isa = PBXFileReference; lastKnownFileType = sourcecode.c.h; path = RichTextDataComposer.h; sourceTree = "<group>"; };
		9C6ED90020F73AC100D3FF96 /* RichTextDataComposer.m */ = {isa = PBXFileReference; lastKnownFileType = sourcecode.c.objc; path = RichTextDataComposer.m; sourceTree = "<group>"; };
		9C6ED90220F73C5E00D3FF96 /* UIKit.framework */ = {isa = PBXFileReference; lastKnownFileType = wrapper.framework; name = UIKit.framework; path = System/Library/Frameworks/UIKit.framework; sourceTree = SDKROOT; };
		9C6ED90420F7416100D3FF96 /* RichTextData.h */ = {isa = PBXFileReference; lastKnownFileType = sourcecode.c.h; path = RichTextData.h; sourceTree = "<group>"; };
		9C6ED90520F7416100D3FF96 /* RichTextData.m */ = {isa = PBXFileReference; lastKnownFileType = sourcecode.c.objc; path = RichTextData.m; sourceTree = "<group>"; };
		9C6ED90820F7434200D3FF96 /* tata_img_hottopicdefault@3x.png */ = {isa = PBXFileReference; lastKnownFileType = image.png; path = "tata_img_hottopicdefault@3x.png"; sourceTree = "<group>"; };
		9C6ED90920F7434200D3FF96 /* tata_img_hottopicdefault@2x.png */ = {isa = PBXFileReference; lastKnownFileType = image.png; path = "tata_img_hottopicdefault@2x.png"; sourceTree = "<group>"; };
		9C6ED90C20F7435200D3FF96 /* tata_popup_img_rise@3x.png */ = {isa = PBXFileReference; lastKnownFileType = image.png; path = "tata_popup_img_rise@3x.png"; sourceTree = "<group>"; };
		9C6ED90D20F7435200D3FF96 /* tata_popup_img_rise@2x.png */ = {isa = PBXFileReference; lastKnownFileType = image.png; path = "tata_popup_img_rise@2x.png"; sourceTree = "<group>"; };
		9C6ED91C20F8803600D3FF96 /* CTGestureActionDemoController.m */ = {isa = PBXFileReference; fileEncoding = 4; lastKnownFileType = sourcecode.c.objc; path = CTGestureActionDemoController.m; sourceTree = "<group>"; };
		9C6ED91D20F8803600D3FF96 /* CTGestureActionDemoController.h */ = {isa = PBXFileReference; fileEncoding = 4; lastKnownFileType = sourcecode.c.h; path = CTGestureActionDemoController.h; sourceTree = "<group>"; };
		9C6ED92E20FC3B4D00D3FF96 /* CTTruncationDemoViewController.h */ = {isa = PBXFileReference; lastKnownFileType = sourcecode.c.h; path = CTTruncationDemoViewController.h; sourceTree = "<group>"; };
		9C6ED92F20FC3B4D00D3FF96 /* CTTruncationDemoViewController.m */ = {isa = PBXFileReference; lastKnownFileType = sourcecode.c.objc; path = CTTruncationDemoViewController.m; sourceTree = "<group>"; };
		9C6ED93C20FE209100D3FF96 /* CTTextStyleDemoViewController.h */ = {isa = PBXFileReference; lastKnownFileType = sourcecode.c.h; path = CTTextStyleDemoViewController.h; sourceTree = "<group>"; };
		9C6ED93D20FE209100D3FF96 /* CTTextStyleDemoViewController.m */ = {isa = PBXFileReference; lastKnownFileType = sourcecode.c.objc; path = CTTextStyleDemoViewController.m; sourceTree = "<group>"; };
		9C6ED94020FED61600D3FF96 /* YTDrawView.m */ = {isa = PBXFileReference; fileEncoding = 4; lastKnownFileType = sourcecode.c.objc; path = YTDrawView.m; sourceTree = "<group>"; };
		9C6ED94220FED61600D3FF96 /* YTTextItem.m */ = {isa = PBXFileReference; fileEncoding = 4; lastKnownFileType = sourcecode.c.objc; path = YTTextItem.m; sourceTree = "<group>"; };
		9C6ED94320FED61600D3FF96 /* YTRichContentData.h */ = {isa = PBXFileReference; fileEncoding = 4; lastKnownFileType = sourcecode.c.h; path = YTRichContentData.h; sourceTree = "<group>"; };
		9C6ED94420FED61600D3FF96 /* NSMutableAttributedString+YTSetAttributes.h */ = {isa = PBXFileReference; fileEncoding = 4; lastKnownFileType = sourcecode.c.h; path = "NSMutableAttributedString+YTSetAttributes.h"; sourceTree = "<group>"; };
		9C6ED94520FED61600D3FF96 /* YTLinkItem.h */ = {isa = PBXFileReference; fileEncoding = 4; lastKnownFileType = sourcecode.c.h; path = YTLinkItem.h; sourceTree = "<group>"; };
		9C6ED94620FED61600D3FF96 /* YTBaseDataItem.h */ = {isa = PBXFileReference; fileEncoding = 4; lastKnownFileType = sourcecode.c.h; path = YTBaseDataItem.h; sourceTree = "<group>"; };
		9C6ED94720FED61600D3FF96 /* YTCTLine.h */ = {isa = PBXFileReference; fileEncoding = 4; lastKnownFileType = sourcecode.c.h; path = YTCTLine.h; sourceTree = "<group>"; };
		9C6ED94820FED61600D3FF96 /* YTAttachmentItem.h */ = {isa = PBXFileReference; fileEncoding = 4; lastKnownFileType = sourcecode.c.h; path = YTAttachmentItem.h; sourceTree = "<group>"; };
		9C6ED94920FED61600D3FF96 /* YTTruncationItem.m */ = {isa = PBXFileReference; fileEncoding = 4; lastKnownFileType = sourcecode.c.objc; path = YTTruncationItem.m; sourceTree = "<group>"; };
		9C6ED94A20FED61600D3FF96 /* YTTextItem.h */ = {isa = PBXFileReference; fileEncoding = 4; lastKnownFileType = sourcecode.c.h; path = YTTextItem.h; sourceTree = "<group>"; };
		9C6ED94B20FED61600D3FF96 /* YTLinkItem.m */ = {isa = PBXFileReference; fileEncoding = 4; lastKnownFileType = sourcecode.c.objc; path = YTLinkItem.m; sourceTree = "<group>"; };
		9C6ED94C20FED61600D3FF96 /* NSMutableAttributedString+YTSetAttributes.m */ = {isa = PBXFileReference; fileEncoding = 4; lastKnownFileType = sourcecode.c.objc; path = "NSMutableAttributedString+YTSetAttributes.m"; sourceTree = "<group>"; };
		9C6ED94D20FED61600D3FF96 /* YTRichContentData.m */ = {isa = PBXFileReference; fileEncoding = 4; lastKnownFileType = sourcecode.c.objc; path = YTRichContentData.m; sourceTree = "<group>"; };
		9C6ED94E20FED61600D3FF96 /* YTAttachmentItem.m */ = {isa = PBXFileReference; fileEncoding = 4; lastKnownFileType = sourcecode.c.objc; path = YTAttachmentItem.m; sourceTree = "<group>"; };
		9C6ED94F20FED61600D3FF96 /* YTCTLine.m */ = {isa = PBXFileReference; fileEncoding = 4; lastKnownFileType = sourcecode.c.objc; path = YTCTLine.m; sourceTree = "<group>"; };
		9C6ED95020FED61600D3FF96 /* YTBaseDataItem.m */ = {isa = PBXFileReference; fileEncoding = 4; lastKnownFileType = sourcecode.c.objc; path = YTBaseDataItem.m; sourceTree = "<group>"; };
		9C6ED95120FED61600D3FF96 /* YTTruncationItem.h */ = {isa = PBXFileReference; fileEncoding = 4; lastKnownFileType = sourcecode.c.h; path = YTTruncationItem.h; sourceTree = "<group>"; };
		9C6ED95220FED61600D3FF96 /* YTDrawView.h */ = {isa = PBXFileReference; fileEncoding = 4; lastKnownFileType = sourcecode.c.h; path = YTDrawView.h; sourceTree = "<group>"; };
		9C6ED95E20FEDBC300D3FF96 /* CTTextSizeCalculateDemoViewController.h */ = {isa = PBXFileReference; lastKnownFileType = sourcecode.c.h; path = CTTextSizeCalculateDemoViewController.h; sourceTree = "<group>"; };
		9C6ED95F20FEDBC300D3FF96 /* CTTextSizeCalculateDemoViewController.m */ = {isa = PBXFileReference; lastKnownFileType = sourcecode.c.objc; path = CTTextSizeCalculateDemoViewController.m; sourceTree = "<group>"; };
		9CEDB93620F72F8B0037D182 /* CoreTextDemo.app */ = {isa = PBXFileReference; explicitFileType = wrapper.application; includeInIndex = 0; path = CoreTextDemo.app; sourceTree = BUILT_PRODUCTS_DIR; };
		9CEDB93920F72F8B0037D182 /* AppDelegate.h */ = {isa = PBXFileReference; lastKnownFileType = sourcecode.c.h; path = AppDelegate.h; sourceTree = "<group>"; };
		9CEDB93A20F72F8B0037D182 /* AppDelegate.m */ = {isa = PBXFileReference; lastKnownFileType = sourcecode.c.objc; path = AppDelegate.m; sourceTree = "<group>"; };
		9CEDB93C20F72F8B0037D182 /* ViewController.h */ = {isa = PBXFileReference; lastKnownFileType = sourcecode.c.h; path = ViewController.h; sourceTree = "<group>"; };
		9CEDB93D20F72F8B0037D182 /* ViewController.m */ = {isa = PBXFileReference; lastKnownFileType = sourcecode.c.objc; path = ViewController.m; sourceTree = "<group>"; };
		9CEDB94020F72F8B0037D182 /* Base */ = {isa = PBXFileReference; lastKnownFileType = file.storyboard; name = Base; path = Base.lproj/Main.storyboard; sourceTree = "<group>"; };
		9CEDB94220F72F8C0037D182 /* Assets.xcassets */ = {isa = PBXFileReference; lastKnownFileType = folder.assetcatalog; path = Assets.xcassets; sourceTree = "<group>"; };
		9CEDB94520F72F8C0037D182 /* Base */ = {isa = PBXFileReference; lastKnownFileType = file.storyboard; name = Base; path = Base.lproj/LaunchScreen.storyboard; sourceTree = "<group>"; };
		9CEDB94720F72F8C0037D182 /* Info.plist */ = {isa = PBXFileReference; lastKnownFileType = text.plist.xml; path = Info.plist; sourceTree = "<group>"; };
		9CEDB94820F72F8C0037D182 /* main.m */ = {isa = PBXFileReference; lastKnownFileType = sourcecode.c.objc; path = main.m; sourceTree = "<group>"; };
		9CEDB94E20F72F8C0037D182 /* CoreTextDemoTests.xctest */ = {isa = PBXFileReference; explicitFileType = wrapper.cfbundle; includeInIndex = 0; path = CoreTextDemoTests.xctest; sourceTree = BUILT_PRODUCTS_DIR; };
		9CEDB95220F72F8C0037D182 /* CoreTextDemoTests.m */ = {isa = PBXFileReference; lastKnownFileType = sourcecode.c.objc; path = CoreTextDemoTests.m; sourceTree = "<group>"; };
		9CEDB95420F72F8C0037D182 /* Info.plist */ = {isa = PBXFileReference; lastKnownFileType = text.plist.xml; path = Info.plist; sourceTree = "<group>"; };
		9CEDB95920F72F8C0037D182 /* CoreTextDemoUITests.xctest */ = {isa = PBXFileReference; explicitFileType = wrapper.cfbundle; includeInIndex = 0; path = CoreTextDemoUITests.xctest; sourceTree = BUILT_PRODUCTS_DIR; };
		9CEDB95D20F72F8C0037D182 /* CoreTextDemoUITests.m */ = {isa = PBXFileReference; lastKnownFileType = sourcecode.c.objc; path = CoreTextDemoUITests.m; sourceTree = "<group>"; };
		9CEDB95F20F72F8C0037D182 /* Info.plist */ = {isa = PBXFileReference; lastKnownFileType = text.plist.xml; path = Info.plist; sourceTree = "<group>"; };
		9CEDB97420F735A90037D182 /* CTTextDrawView.h */ = {isa = PBXFileReference; fileEncoding = 4; lastKnownFileType = sourcecode.c.h; path = CTTextDrawView.h; sourceTree = "<group>"; };
		9CEDB97520F735A90037D182 /* CTTextDrawView.m */ = {isa = PBXFileReference; fileEncoding = 4; lastKnownFileType = sourcecode.c.objc; path = CTTextDrawView.m; sourceTree = "<group>"; };
		9CEDB97820F735BA0037D182 /* CTTextDrawDemoController.h */ = {isa = PBXFileReference; lastKnownFileType = sourcecode.c.h; path = CTTextDrawDemoController.h; sourceTree = "<group>"; };
		9CEDB97920F735BA0037D182 /* CTTextDrawDemoController.m */ = {isa = PBXFileReference; lastKnownFileType = sourcecode.c.objc; path = CTTextDrawDemoController.m; sourceTree = "<group>"; };
		AA849B64BA489F175DD8113C /* libPods-CoreTextDemoUITests.a */ = {isa = PBXFileReference; explicitFileType = archive.ar; includeInIndex = 0; path = "libPods-CoreTextDemoUITests.a"; sourceTree = BUILT_PRODUCTS_DIR; };
		C4F139A67DD35BFEF575F7DA /* Pods-CoreTextDemoTests.debug.xcconfig */ = {isa = PBXFileReference; includeInIndex = 1; lastKnownFileType = text.xcconfig; name = "Pods-CoreTextDemoTests.debug.xcconfig"; path = "Pods/Target Support Files/Pods-CoreTextDemoTests/Pods-CoreTextDemoTests.debug.xcconfig"; sourceTree = "<group>"; };
		C554574442175494987D2E34 /* Pods-CoreTextDemoUITests.release.xcconfig */ = {isa = PBXFileReference; includeInIndex = 1; lastKnownFileType = text.xcconfig; name = "Pods-CoreTextDemoUITests.release.xcconfig"; path = "Pods/Target Support Files/Pods-CoreTextDemoUITests/Pods-CoreTextDemoUITests.release.xcconfig"; sourceTree = "<group>"; };
		D9F9B71E2F93F2ED59011832 /* libPods-CoreTextDemo.a */ = {isa = PBXFileReference; explicitFileType = archive.ar; includeInIndex = 0; path = "libPods-CoreTextDemo.a"; sourceTree = BUILT_PRODUCTS_DIR; };
/* End PBXFileReference section */

/* Begin PBXFrameworksBuildPhase section */
		9CEDB93320F72F8B0037D182 /* Frameworks */ = {
			isa = PBXFrameworksBuildPhase;
			buildActionMask = 2147483647;
			files = (
				9C6ED90320F73C5E00D3FF96 /* UIKit.framework in Frameworks */,
				0072822EF02D5C27CF6E8508 /* libPods-CoreTextDemo.a in Frameworks */,
			);
			runOnlyForDeploymentPostprocessing = 0;
		};
		9CEDB94B20F72F8C0037D182 /* Frameworks */ = {
			isa = PBXFrameworksBuildPhase;
			buildActionMask = 2147483647;
			files = (
				D143EF121686C432475C926D /* libPods-CoreTextDemoTests.a in Frameworks */,
			);
			runOnlyForDeploymentPostprocessing = 0;
		};
		9CEDB95620F72F8C0037D182 /* Frameworks */ = {
			isa = PBXFrameworksBuildPhase;
			buildActionMask = 2147483647;
			files = (
				5BBBC09D70E24F84C278A1FC /* libPods-CoreTextDemoUITests.a in Frameworks */,
			);
			runOnlyForDeploymentPostprocessing = 0;
		};
/* End PBXFrameworksBuildPhase section */

/* Begin PBXGroup section */
		06A234D1BAE62785DB902AEF /* Frameworks */ = {
			isa = PBXGroup;
			children = (
				9C6ED90220F73C5E00D3FF96 /* UIKit.framework */,
				D9F9B71E2F93F2ED59011832 /* libPods-CoreTextDemo.a */,
				4B8187FF7519D97277939537 /* libPods-CoreTextDemoTests.a */,
				AA849B64BA489F175DD8113C /* libPods-CoreTextDemoUITests.a */,
			);
			name = Frameworks;
			sourceTree = "<group>";
		};
		2A2C1F274CE9583939F39F42 /* Pods */ = {
			isa = PBXGroup;
			children = (
				491E485805D6B2F71E92796E /* Pods-CoreTextDemo.debug.xcconfig */,
				0910C5823C84C6ACA234AE51 /* Pods-CoreTextDemo.release.xcconfig */,
				C4F139A67DD35BFEF575F7DA /* Pods-CoreTextDemoTests.debug.xcconfig */,
				3A02BE620B54B8469DA92DD8 /* Pods-CoreTextDemoTests.release.xcconfig */,
				4B088E3DB5AEBF3C9AF17391 /* Pods-CoreTextDemoUITests.debug.xcconfig */,
				C554574442175494987D2E34 /* Pods-CoreTextDemoUITests.release.xcconfig */,
			);
			name = Pods;
			sourceTree = "<group>";
		};
		9C6ED8F220F7393600D3FF96 /* CTImageDrawDemo */ = {
			isa = PBXGroup;
			children = (
				9C6ED90720F7433900D3FF96 /* Resources */,
				9C6ED8FB20F7399400D3FF96 /* Model */,
				9C6ED8F320F7393600D3FF96 /* View */,
				9C6ED8F620F7393600D3FF96 /* ViewController */,
			);
			path = CTImageDrawDemo;
			sourceTree = "<group>";
		};
		9C6ED8F320F7393600D3FF96 /* View */ = {
			isa = PBXGroup;
			children = (
				9C6ED8F420F7393600D3FF96 /* CTImageDrawView.h */,
				9C6ED8F520F7393600D3FF96 /* CTImageDrawView.m */,
			);
			path = View;
			sourceTree = "<group>";
		};
		9C6ED8F620F7393600D3FF96 /* ViewController */ = {
			isa = PBXGroup;
			children = (
				9C6ED8F720F7393600D3FF96 /* CTImageDrawDemoController.h */,
				9C6ED8F820F7393600D3FF96 /* CTImageDrawDemoController.m */,
			);
			path = ViewController;
			sourceTree = "<group>";
		};
		9C6ED8FB20F7399400D3FF96 /* Model */ = {
			isa = PBXGroup;
			children = (
				9C6ED8FC20F739B200D3FF96 /* ImageItem.h */,
				9C6ED8FD20F739B200D3FF96 /* ImageItem.m */,
				9C6ED8FF20F73AC100D3FF96 /* RichTextDataComposer.h */,
				9C6ED90020F73AC100D3FF96 /* RichTextDataComposer.m */,
				9C6ED90420F7416100D3FF96 /* RichTextData.h */,
				9C6ED90520F7416100D3FF96 /* RichTextData.m */,
			);
			path = Model;
			sourceTree = "<group>";
		};
		9C6ED90720F7433900D3FF96 /* Resources */ = {
			isa = PBXGroup;
			children = (
				9C6ED90D20F7435200D3FF96 /* tata_popup_img_rise@2x.png */,
				9C6ED90C20F7435200D3FF96 /* tata_popup_img_rise@3x.png */,
				9C6ED90920F7434200D3FF96 /* tata_img_hottopicdefault@2x.png */,
				9C6ED90820F7434200D3FF96 /* tata_img_hottopicdefault@3x.png */,
			);
			path = Resources;
			sourceTree = "<group>";
		};
		9C6ED91020F8803600D3FF96 /* CTGestureActionDemo */ = {
			isa = PBXGroup;
			children = (
				9C6ED91B20F8803600D3FF96 /* ViewController */,
			);
			path = CTGestureActionDemo;
			sourceTree = "<group>";
		};
		9C6ED91B20F8803600D3FF96 /* ViewController */ = {
			isa = PBXGroup;
			children = (
				9C6ED91D20F8803600D3FF96 /* CTGestureActionDemoController.h */,
				9C6ED91C20F8803600D3FF96 /* CTGestureActionDemoController.m */,
			);
			path = ViewController;
			sourceTree = "<group>";
		};
		9C6ED92C20FC3B1F00D3FF96 /* CTTruncationDemo */ = {
			isa = PBXGroup;
			children = (
				9C6ED92D20FC3B1F00D3FF96 /* ViewController */,
			);
			path = CTTruncationDemo;
			sourceTree = "<group>";
		};
		9C6ED92D20FC3B1F00D3FF96 /* ViewController */ = {
			isa = PBXGroup;
			children = (
				9C6ED92E20FC3B4D00D3FF96 /* CTTruncationDemoViewController.h */,
				9C6ED92F20FC3B4D00D3FF96 /* CTTruncationDemoViewController.m */,
			);
			path = ViewController;
			sourceTree = "<group>";
		};
		9C6ED93A20FE208200D3FF96 /* CTTextStyleDemo */ = {
			isa = PBXGroup;
			children = (
				9C6ED93B20FE208200D3FF96 /* ViewController */,
			);
			path = CTTextStyleDemo;
			sourceTree = "<group>";
		};
		9C6ED93B20FE208200D3FF96 /* ViewController */ = {
			isa = PBXGroup;
			children = (
				9C6ED93C20FE209100D3FF96 /* CTTextStyleDemoViewController.h */,
				9C6ED93D20FE209100D3FF96 /* CTTextStyleDemoViewController.m */,
			);
			path = ViewController;
			sourceTree = "<group>";
		};
		9C6ED93F20FED61600D3FF96 /* YTDrawView */ = {
			isa = PBXGroup;
			children = (
				9C6ED94120FED61600D3FF96 /* Model */,
				9C6ED95220FED61600D3FF96 /* YTDrawView.h */,
				9C6ED94020FED61600D3FF96 /* YTDrawView.m */,
			);
			path = YTDrawView;
			sourceTree = "<group>";
		};
		9C6ED94120FED61600D3FF96 /* Model */ = {
			isa = PBXGroup;
			children = (
				9C6ED94620FED61600D3FF96 /* YTBaseDataItem.h */,
				9C6ED95020FED61600D3FF96 /* YTBaseDataItem.m */,
				9C6ED94720FED61600D3FF96 /* YTCTLine.h */,
				9C6ED94F20FED61600D3FF96 /* YTCTLine.m */,
				9C6ED94A20FED61600D3FF96 /* YTTextItem.h */,
				9C6ED94220FED61600D3FF96 /* YTTextItem.m */,
				9C6ED94520FED61600D3FF96 /* YTLinkItem.h */,
				9C6ED94B20FED61600D3FF96 /* YTLinkItem.m */,
				9C6ED94820FED61600D3FF96 /* YTAttachmentItem.h */,
				9C6ED94E20FED61600D3FF96 /* YTAttachmentItem.m */,
				9C6ED95120FED61600D3FF96 /* YTTruncationItem.h */,
				9C6ED94920FED61600D3FF96 /* YTTruncationItem.m */,
				9C6ED94320FED61600D3FF96 /* YTRichContentData.h */,
				9C6ED94D20FED61600D3FF96 /* YTRichContentData.m */,
				9C6ED94420FED61600D3FF96 /* NSMutableAttributedString+YTSetAttributes.h */,
				9C6ED94C20FED61600D3FF96 /* NSMutableAttributedString+YTSetAttributes.m */,
			);
			path = Model;
			sourceTree = "<group>";
		};
		9C6ED95C20FEDBAB00D3FF96 /* CTTextSizeCalculateDemo */ = {
			isa = PBXGroup;
			children = (
				9C6ED95D20FEDBAB00D3FF96 /* ViewController */,
			);
			name = CTTextSizeCalculateDemo;
			path = CoreTextDemo/CTTextSizeCalculateDemo;
			sourceTree = SOURCE_ROOT;
		};
		9C6ED95D20FEDBAB00D3FF96 /* ViewController */ = {
			isa = PBXGroup;
			children = (
				9C6ED95E20FEDBC300D3FF96 /* CTTextSizeCalculateDemoViewController.h */,
				9C6ED95F20FEDBC300D3FF96 /* CTTextSizeCalculateDemoViewController.m */,
			);
			path = ViewController;
			sourceTree = "<group>";
		};
		9CEDB92D20F72F8B0037D182 = {
			isa = PBXGroup;
			children = (
				9CEDB93820F72F8B0037D182 /* CoreTextDemo */,
				9CEDB95120F72F8C0037D182 /* CoreTextDemoTests */,
				9CEDB95C20F72F8C0037D182 /* CoreTextDemoUITests */,
				9CEDB93720F72F8B0037D182 /* Products */,
				2A2C1F274CE9583939F39F42 /* Pods */,
				06A234D1BAE62785DB902AEF /* Frameworks */,
			);
			sourceTree = "<group>";
		};
		9CEDB93720F72F8B0037D182 /* Products */ = {
			isa = PBXGroup;
			children = (
				9CEDB93620F72F8B0037D182 /* CoreTextDemo.app */,
				9CEDB94E20F72F8C0037D182 /* CoreTextDemoTests.xctest */,
				9CEDB95920F72F8C0037D182 /* CoreTextDemoUITests.xctest */,
			);
			name = Products;
			sourceTree = "<group>";
		};
		9CEDB93820F72F8B0037D182 /* CoreTextDemo */ = {
			isa = PBXGroup;
			children = (
				9C6ED93F20FED61600D3FF96 /* YTDrawView */,
				9C6ED95C20FEDBAB00D3FF96 /* CTTextSizeCalculateDemo */,
				9C6ED93A20FE208200D3FF96 /* CTTextStyleDemo */,
				9C6ED92C20FC3B1F00D3FF96 /* CTTruncationDemo */,
				9C6ED91020F8803600D3FF96 /* CTGestureActionDemo */,
				9C6ED8F220F7393600D3FF96 /* CTImageDrawDemo */,
				9CEDB97220F735A90037D182 /* CTTextDrawDemo */,
				9CEDB93920F72F8B0037D182 /* AppDelegate.h */,
				9CEDB93A20F72F8B0037D182 /* AppDelegate.m */,
				9CEDB93C20F72F8B0037D182 /* ViewController.h */,
				9CEDB93D20F72F8B0037D182 /* ViewController.m */,
				9CEDB93F20F72F8B0037D182 /* Main.storyboard */,
				9CEDB94220F72F8C0037D182 /* Assets.xcassets */,
				9CEDB94420F72F8C0037D182 /* LaunchScreen.storyboard */,
				9CEDB94720F72F8C0037D182 /* Info.plist */,
				9CEDB94820F72F8C0037D182 /* main.m */,
			);
			path = CoreTextDemo;
			sourceTree = "<group>";
		};
		9CEDB95120F72F8C0037D182 /* CoreTextDemoTests */ = {
			isa = PBXGroup;
			children = (
				9CEDB95220F72F8C0037D182 /* CoreTextDemoTests.m */,
				9CEDB95420F72F8C0037D182 /* Info.plist */,
			);
			path = CoreTextDemoTests;
			sourceTree = "<group>";
		};
		9CEDB95C20F72F8C0037D182 /* CoreTextDemoUITests */ = {
			isa = PBXGroup;
			children = (
				9CEDB95D20F72F8C0037D182 /* CoreTextDemoUITests.m */,
				9CEDB95F20F72F8C0037D182 /* Info.plist */,
			);
			path = CoreTextDemoUITests;
			sourceTree = "<group>";
		};
		9CEDB97220F735A90037D182 /* CTTextDrawDemo */ = {
			isa = PBXGroup;
			children = (
				9CEDB97320F735A90037D182 /* View */,
				9CEDB97620F735A90037D182 /* ViewController */,
			);
			path = CTTextDrawDemo;
			sourceTree = "<group>";
		};
		9CEDB97320F735A90037D182 /* View */ = {
			isa = PBXGroup;
			children = (
				9CEDB97420F735A90037D182 /* CTTextDrawView.h */,
				9CEDB97520F735A90037D182 /* CTTextDrawView.m */,
			);
			path = View;
			sourceTree = "<group>";
		};
		9CEDB97620F735A90037D182 /* ViewController */ = {
			isa = PBXGroup;
			children = (
				9CEDB97820F735BA0037D182 /* CTTextDrawDemoController.h */,
				9CEDB97920F735BA0037D182 /* CTTextDrawDemoController.m */,
			);
			path = ViewController;
			sourceTree = "<group>";
		};
/* End PBXGroup section */

/* Begin PBXNativeTarget section */
		9CEDB93520F72F8B0037D182 /* CoreTextDemo */ = {
			isa = PBXNativeTarget;
			buildConfigurationList = 9CEDB96220F72F8C0037D182 /* Build configuration list for PBXNativeTarget "CoreTextDemo" */;
			buildPhases = (
				7A61D52EF1B43AF0A53A8EEE /* [CP] Check Pods Manifest.lock */,
				9CEDB93220F72F8B0037D182 /* Sources */,
				9CEDB93320F72F8B0037D182 /* Frameworks */,
				9CEDB93420F72F8B0037D182 /* Resources */,
			);
			buildRules = (
			);
			dependencies = (
			);
			name = CoreTextDemo;
			productName = CoreTextDemo;
			productReference = 9CEDB93620F72F8B0037D182 /* CoreTextDemo.app */;
			productType = "com.apple.product-type.application";
		};
		9CEDB94D20F72F8C0037D182 /* CoreTextDemoTests */ = {
			isa = PBXNativeTarget;
			buildConfigurationList = 9CEDB96520F72F8C0037D182 /* Build configuration list for PBXNativeTarget "CoreTextDemoTests" */;
			buildPhases = (
				2DEAA0B1C9CB658B1A342966 /* [CP] Check Pods Manifest.lock */,
				9CEDB94A20F72F8C0037D182 /* Sources */,
				9CEDB94B20F72F8C0037D182 /* Frameworks */,
				9CEDB94C20F72F8C0037D182 /* Resources */,
			);
			buildRules = (
			);
			dependencies = (
				9CEDB95020F72F8C0037D182 /* PBXTargetDependency */,
			);
			name = CoreTextDemoTests;
			productName = CoreTextDemoTests;
			productReference = 9CEDB94E20F72F8C0037D182 /* CoreTextDemoTests.xctest */;
			productType = "com.apple.product-type.bundle.unit-test";
		};
		9CEDB95820F72F8C0037D182 /* CoreTextDemoUITests */ = {
			isa = PBXNativeTarget;
			buildConfigurationList = 9CEDB96820F72F8C0037D182 /* Build configuration list for PBXNativeTarget "CoreTextDemoUITests" */;
			buildPhases = (
				E1B247CEC22D6F12EA48F967 /* [CP] Check Pods Manifest.lock */,
				9CEDB95520F72F8C0037D182 /* Sources */,
				9CEDB95620F72F8C0037D182 /* Frameworks */,
				9CEDB95720F72F8C0037D182 /* Resources */,
			);
			buildRules = (
			);
			dependencies = (
				9CEDB95B20F72F8C0037D182 /* PBXTargetDependency */,
			);
			name = CoreTextDemoUITests;
			productName = CoreTextDemoUITests;
			productReference = 9CEDB95920F72F8C0037D182 /* CoreTextDemoUITests.xctest */;
			productType = "com.apple.product-type.bundle.ui-testing";
		};
/* End PBXNativeTarget section */

/* Begin PBXProject section */
		9CEDB92E20F72F8B0037D182 /* Project object */ = {
			isa = PBXProject;
			attributes = {
				LastUpgradeCheck = 0940;
				ORGANIZATIONNAME = aron;
				TargetAttributes = {
					9CEDB93520F72F8B0037D182 = {
						CreatedOnToolsVersion = 9.4.1;
					};
					9CEDB94D20F72F8C0037D182 = {
						CreatedOnToolsVersion = 9.4.1;
						TestTargetID = 9CEDB93520F72F8B0037D182;
					};
					9CEDB95820F72F8C0037D182 = {
						CreatedOnToolsVersion = 9.4.1;
						TestTargetID = 9CEDB93520F72F8B0037D182;
					};
				};
			};
			buildConfigurationList = 9CEDB93120F72F8B0037D182 /* Build configuration list for PBXProject "CoreTextDemo" */;
			compatibilityVersion = "Xcode 9.3";
			developmentRegion = en;
			hasScannedForEncodings = 0;
			knownRegions = (
				en,
				Base,
			);
			mainGroup = 9CEDB92D20F72F8B0037D182;
			productRefGroup = 9CEDB93720F72F8B0037D182 /* Products */;
			projectDirPath = "";
			projectRoot = "";
			targets = (
				9CEDB93520F72F8B0037D182 /* CoreTextDemo */,
				9CEDB94D20F72F8C0037D182 /* CoreTextDemoTests */,
				9CEDB95820F72F8C0037D182 /* CoreTextDemoUITests */,
			);
		};
/* End PBXProject section */

/* Begin PBXResourcesBuildPhase section */
		9CEDB93420F72F8B0037D182 /* Resources */ = {
			isa = PBXResourcesBuildPhase;
			buildActionMask = 2147483647;
			files = (
				9CEDB94620F72F8C0037D182 /* LaunchScreen.storyboard in Resources */,
				9C6ED90A20F7434200D3FF96 /* tata_img_hottopicdefault@3x.png in Resources */,
				9CEDB94320F72F8C0037D182 /* Assets.xcassets in Resources */,
				9C6ED90E20F7435200D3FF96 /* tata_popup_img_rise@3x.png in Resources */,
				9C6ED90F20F7435200D3FF96 /* tata_popup_img_rise@2x.png in Resources */,
				9CEDB94120F72F8B0037D182 /* Main.storyboard in Resources */,
				9C6ED90B20F7434200D3FF96 /* tata_img_hottopicdefault@2x.png in Resources */,
			);
			runOnlyForDeploymentPostprocessing = 0;
		};
		9CEDB94C20F72F8C0037D182 /* Resources */ = {
			isa = PBXResourcesBuildPhase;
			buildActionMask = 2147483647;
			files = (
			);
			runOnlyForDeploymentPostprocessing = 0;
		};
		9CEDB95720F72F8C0037D182 /* Resources */ = {
			isa = PBXResourcesBuildPhase;
			buildActionMask = 2147483647;
			files = (
			);
			runOnlyForDeploymentPostprocessing = 0;
		};
/* End PBXResourcesBuildPhase section */

/* Begin PBXShellScriptBuildPhase section */
		2DEAA0B1C9CB658B1A342966 /* [CP] Check Pods Manifest.lock */ = {
			isa = PBXShellScriptBuildPhase;
			buildActionMask = 2147483647;
			files = (
			);
			inputPaths = (
				"${PODS_PODFILE_DIR_PATH}/Podfile.lock",
				"${PODS_ROOT}/Manifest.lock",
			);
			name = "[CP] Check Pods Manifest.lock";
			outputPaths = (
				"$(DERIVED_FILE_DIR)/Pods-CoreTextDemoTests-checkManifestLockResult.txt",
			);
			runOnlyForDeploymentPostprocessing = 0;
			shellPath = /bin/sh;
			shellScript = "diff \"${PODS_PODFILE_DIR_PATH}/Podfile.lock\" \"${PODS_ROOT}/Manifest.lock\" > /dev/null\nif [ $? != 0 ] ; then\n    # print error to STDERR\n    echo \"error: The sandbox is not in sync with the Podfile.lock. Run 'pod install' or update your CocoaPods installation.\" >&2\n    exit 1\nfi\n# This output is used by Xcode 'outputs' to avoid re-running this script phase.\necho \"SUCCESS\" > \"${SCRIPT_OUTPUT_FILE_0}\"\n";
			showEnvVarsInLog = 0;
		};
		7A61D52EF1B43AF0A53A8EEE /* [CP] Check Pods Manifest.lock */ = {
			isa = PBXShellScriptBuildPhase;
			buildActionMask = 2147483647;
			files = (
			);
			inputPaths = (
				"${PODS_PODFILE_DIR_PATH}/Podfile.lock",
				"${PODS_ROOT}/Manifest.lock",
			);
			name = "[CP] Check Pods Manifest.lock";
			outputPaths = (
				"$(DERIVED_FILE_DIR)/Pods-CoreTextDemo-checkManifestLockResult.txt",
			);
			runOnlyForDeploymentPostprocessing = 0;
			shellPath = /bin/sh;
			shellScript = "diff \"${PODS_PODFILE_DIR_PATH}/Podfile.lock\" \"${PODS_ROOT}/Manifest.lock\" > /dev/null\nif [ $? != 0 ] ; then\n    # print error to STDERR\n    echo \"error: The sandbox is not in sync with the Podfile.lock. Run 'pod install' or update your CocoaPods installation.\" >&2\n    exit 1\nfi\n# This output is used by Xcode 'outputs' to avoid re-running this script phase.\necho \"SUCCESS\" > \"${SCRIPT_OUTPUT_FILE_0}\"\n";
			showEnvVarsInLog = 0;
		};
		E1B247CEC22D6F12EA48F967 /* [CP] Check Pods Manifest.lock */ = {
			isa = PBXShellScriptBuildPhase;
			buildActionMask = 2147483647;
			files = (
			);
			inputPaths = (
				"${PODS_PODFILE_DIR_PATH}/Podfile.lock",
				"${PODS_ROOT}/Manifest.lock",
			);
			name = "[CP] Check Pods Manifest.lock";
			outputPaths = (
				"$(DERIVED_FILE_DIR)/Pods-CoreTextDemoUITests-checkManifestLockResult.txt",
			);
			runOnlyForDeploymentPostprocessing = 0;
			shellPath = /bin/sh;
			shellScript = "diff \"${PODS_PODFILE_DIR_PATH}/Podfile.lock\" \"${PODS_ROOT}/Manifest.lock\" > /dev/null\nif [ $? != 0 ] ; then\n    # print error to STDERR\n    echo \"error: The sandbox is not in sync with the Podfile.lock. Run 'pod install' or update your CocoaPods installation.\" >&2\n    exit 1\nfi\n# This output is used by Xcode 'outputs' to avoid re-running this script phase.\necho \"SUCCESS\" > \"${SCRIPT_OUTPUT_FILE_0}\"\n";
			showEnvVarsInLog = 0;
		};
/* End PBXShellScriptBuildPhase section */

/* Begin PBXSourcesBuildPhase section */
		9CEDB93220F72F8B0037D182 /* Sources */ = {
			isa = PBXSourcesBuildPhase;
			buildActionMask = 2147483647;
			files = (
				9C6ED93020FC3B4D00D3FF96 /* CTTruncationDemoViewController.m in Sources */,
				9C6ED8FE20F739B200D3FF96 /* ImageItem.m in Sources */,
				9CEDB97720F735AA0037D182 /* CTTextDrawView.m in Sources */,
				9C6ED96020FEDBC300D3FF96 /* CTTextSizeCalculateDemoViewController.m in Sources */,
				9CEDB93E20F72F8B0037D182 /* ViewController.m in Sources */,
				9C6ED92220F8803700D3FF96 /* CTGestureActionDemoController.m in Sources */,
				9CEDB94920F72F8C0037D182 /* main.m in Sources */,
				9C6ED95920FED61700D3FF96 /* YTAttachmentItem.m in Sources */,
				9C6ED95620FED61700D3FF96 /* YTLinkItem.m in Sources */,
				9C6ED93E20FE209100D3FF96 /* CTTextStyleDemoViewController.m in Sources */,
				9C6ED95420FED61700D3FF96 /* YTTextItem.m in Sources */,
				9C6ED90120F73AC100D3FF96 /* RichTextDataComposer.m in Sources */,
				9CEDB93B20F72F8B0037D182 /* AppDelegate.m in Sources */,
				9C6ED95520FED61700D3FF96 /* YTTruncationItem.m in Sources */,
				9C6ED95B20FED61700D3FF96 /* YTBaseDataItem.m in Sources */,
				9C6ED8FA20F7393600D3FF96 /* CTImageDrawDemoController.m in Sources */,
				9CEDB97A20F735BA0037D182 /* CTTextDrawDemoController.m in Sources */,
				9C6ED95720FED61700D3FF96 /* NSMutableAttributedString+YTSetAttributes.m in Sources */,
				9C6ED95820FED61700D3FF96 /* YTRichContentData.m in Sources */,
				9C6ED90620F7416100D3FF96 /* RichTextData.m in Sources */,
				9C6ED95A20FED61700D3FF96 /* YTCTLine.m in Sources */,
				9C6ED95320FED61700D3FF96 /* YTDrawView.m in Sources */,
				9C6ED8F920F7393600D3FF96 /* CTImageDrawView.m in Sources */,
			);
			runOnlyForDeploymentPostprocessing = 0;
		};
		9CEDB94A20F72F8C0037D182 /* Sources */ = {
			isa = PBXSourcesBuildPhase;
			buildActionMask = 2147483647;
			files = (
				9CEDB95320F72F8C0037D182 /* CoreTextDemoTests.m in Sources */,
			);
			runOnlyForDeploymentPostprocessing = 0;
		};
		9CEDB95520F72F8C0037D182 /* Sources */ = {
			isa = PBXSourcesBuildPhase;
			buildActionMask = 2147483647;
			files = (
				9CEDB95E20F72F8C0037D182 /* CoreTextDemoUITests.m in Sources */,
			);
			runOnlyForDeploymentPostprocessing = 0;
		};
/* End PBXSourcesBuildPhase section */

/* Begin PBXTargetDependency section */
		9CEDB95020F72F8C0037D182 /* PBXTargetDependency */ = {
			isa = PBXTargetDependency;
			target = 9CEDB93520F72F8B0037D182 /* CoreTextDemo */;
			targetProxy = 9CEDB94F20F72F8C0037D182 /* PBXContainerItemProxy */;
		};
		9CEDB95B20F72F8C0037D182 /* PBXTargetDependency */ = {
			isa = PBXTargetDependency;
			target = 9CEDB93520F72F8B0037D182 /* CoreTextDemo */;
			targetProxy = 9CEDB95A20F72F8C0037D182 /* PBXContainerItemProxy */;
		};
/* End PBXTargetDependency section */

/* Begin PBXVariantGroup section */
		9CEDB93F20F72F8B0037D182 /* Main.storyboard */ = {
			isa = PBXVariantGroup;
			children = (
				9CEDB94020F72F8B0037D182 /* Base */,
			);
			name = Main.storyboard;
			sourceTree = "<group>";
		};
		9CEDB94420F72F8C0037D182 /* LaunchScreen.storyboard */ = {
			isa = PBXVariantGroup;
			children = (
				9CEDB94520F72F8C0037D182 /* Base */,
			);
			name = LaunchScreen.storyboard;
			sourceTree = "<group>";
		};
/* End PBXVariantGroup section */

/* Begin XCBuildConfiguration section */
		9CEDB96020F72F8C0037D182 /* Debug */ = {
			isa = XCBuildConfiguration;
			buildSettings = {
				ALWAYS_SEARCH_USER_PATHS = NO;
				CLANG_ANALYZER_NONNULL = YES;
				CLANG_ANALYZER_NUMBER_OBJECT_CONVERSION = YES_AGGRESSIVE;
				CLANG_CXX_LANGUAGE_STANDARD = "gnu++14";
				CLANG_CXX_LIBRARY = "libc++";
				CLANG_ENABLE_MODULES = YES;
				CLANG_ENABLE_OBJC_ARC = YES;
				CLANG_ENABLE_OBJC_WEAK = YES;
				CLANG_WARN_BLOCK_CAPTURE_AUTORELEASING = YES;
				CLANG_WARN_BOOL_CONVERSION = YES;
				CLANG_WARN_COMMA = YES;
				CLANG_WARN_CONSTANT_CONVERSION = YES;
				CLANG_WARN_DEPRECATED_OBJC_IMPLEMENTATIONS = YES;
				CLANG_WARN_DIRECT_OBJC_ISA_USAGE = YES_ERROR;
				CLANG_WARN_DOCUMENTATION_COMMENTS = YES;
				CLANG_WARN_EMPTY_BODY = YES;
				CLANG_WARN_ENUM_CONVERSION = YES;
				CLANG_WARN_INFINITE_RECURSION = YES;
				CLANG_WARN_INT_CONVERSION = YES;
				CLANG_WARN_NON_LITERAL_NULL_CONVERSION = YES;
				CLANG_WARN_OBJC_IMPLICIT_RETAIN_SELF = YES;
				CLANG_WARN_OBJC_LITERAL_CONVERSION = YES;
				CLANG_WARN_OBJC_ROOT_CLASS = YES_ERROR;
				CLANG_WARN_RANGE_LOOP_ANALYSIS = YES;
				CLANG_WARN_STRICT_PROTOTYPES = YES;
				CLANG_WARN_SUSPICIOUS_MOVE = YES;
				CLANG_WARN_UNGUARDED_AVAILABILITY = YES_AGGRESSIVE;
				CLANG_WARN_UNREACHABLE_CODE = YES;
				CLANG_WARN__DUPLICATE_METHOD_MATCH = YES;
				CODE_SIGN_IDENTITY = "iPhone Developer";
				COPY_PHASE_STRIP = NO;
				DEBUG_INFORMATION_FORMAT = dwarf;
				ENABLE_STRICT_OBJC_MSGSEND = YES;
				ENABLE_TESTABILITY = YES;
				GCC_C_LANGUAGE_STANDARD = gnu11;
				GCC_DYNAMIC_NO_PIC = NO;
				GCC_NO_COMMON_BLOCKS = YES;
				GCC_OPTIMIZATION_LEVEL = 0;
				GCC_PREPROCESSOR_DEFINITIONS = (
					"DEBUG=1",
					"$(inherited)",
				);
				GCC_WARN_64_TO_32_BIT_CONVERSION = YES;
				GCC_WARN_ABOUT_RETURN_TYPE = YES_ERROR;
				GCC_WARN_UNDECLARED_SELECTOR = YES;
				GCC_WARN_UNINITIALIZED_AUTOS = YES_AGGRESSIVE;
				GCC_WARN_UNUSED_FUNCTION = YES;
				GCC_WARN_UNUSED_VARIABLE = YES;
				IPHONEOS_DEPLOYMENT_TARGET = 11.4;
				MTL_ENABLE_DEBUG_INFO = YES;
				ONLY_ACTIVE_ARCH = YES;
				SDKROOT = iphoneos;
			};
			name = Debug;
		};
		9CEDB96120F72F8C0037D182 /* Release */ = {
			isa = XCBuildConfiguration;
			buildSettings = {
				ALWAYS_SEARCH_USER_PATHS = NO;
				CLANG_ANALYZER_NONNULL = YES;
				CLANG_ANALYZER_NUMBER_OBJECT_CONVERSION = YES_AGGRESSIVE;
				CLANG_CXX_LANGUAGE_STANDARD = "gnu++14";
				CLANG_CXX_LIBRARY = "libc++";
				CLANG_ENABLE_MODULES = YES;
				CLANG_ENABLE_OBJC_ARC = YES;
				CLANG_ENABLE_OBJC_WEAK = YES;
				CLANG_WARN_BLOCK_CAPTURE_AUTORELEASING = YES;
				CLANG_WARN_BOOL_CONVERSION = YES;
				CLANG_WARN_COMMA = YES;
				CLANG_WARN_CONSTANT_CONVERSION = YES;
				CLANG_WARN_DEPRECATED_OBJC_IMPLEMENTATIONS = YES;
				CLANG_WARN_DIRECT_OBJC_ISA_USAGE = YES_ERROR;
				CLANG_WARN_DOCUMENTATION_COMMENTS = YES;
				CLANG_WARN_EMPTY_BODY = YES;
				CLANG_WARN_ENUM_CONVERSION = YES;
				CLANG_WARN_INFINITE_RECURSION = YES;
				CLANG_WARN_INT_CONVERSION = YES;
				CLANG_WARN_NON_LITERAL_NULL_CONVERSION = YES;
				CLANG_WARN_OBJC_IMPLICIT_RETAIN_SELF = YES;
				CLANG_WARN_OBJC_LITERAL_CONVERSION = YES;
				CLANG_WARN_OBJC_ROOT_CLASS = YES_ERROR;
				CLANG_WARN_RANGE_LOOP_ANALYSIS = YES;
				CLANG_WARN_STRICT_PROTOTYPES = YES;
				CLANG_WARN_SUSPICIOUS_MOVE = YES;
				CLANG_WARN_UNGUARDED_AVAILABILITY = YES_AGGRESSIVE;
				CLANG_WARN_UNREACHABLE_CODE = YES;
				CLANG_WARN__DUPLICATE_METHOD_MATCH = YES;
				CODE_SIGN_IDENTITY = "iPhone Developer";
				COPY_PHASE_STRIP = NO;
				DEBUG_INFORMATION_FORMAT = "dwarf-with-dsym";
				ENABLE_NS_ASSERTIONS = NO;
				ENABLE_STRICT_OBJC_MSGSEND = YES;
				GCC_C_LANGUAGE_STANDARD = gnu11;
				GCC_NO_COMMON_BLOCKS = YES;
				GCC_WARN_64_TO_32_BIT_CONVERSION = YES;
				GCC_WARN_ABOUT_RETURN_TYPE = YES_ERROR;
				GCC_WARN_UNDECLARED_SELECTOR = YES;
				GCC_WARN_UNINITIALIZED_AUTOS = YES_AGGRESSIVE;
				GCC_WARN_UNUSED_FUNCTION = YES;
				GCC_WARN_UNUSED_VARIABLE = YES;
				IPHONEOS_DEPLOYMENT_TARGET = 11.4;
				MTL_ENABLE_DEBUG_INFO = NO;
				SDKROOT = iphoneos;
				VALIDATE_PRODUCT = YES;
			};
			name = Release;
		};
		9CEDB96320F72F8C0037D182 /* Debug */ = {
			isa = XCBuildConfiguration;
			baseConfigurationReference = 491E485805D6B2F71E92796E /* Pods-CoreTextDemo.debug.xcconfig */;
			buildSettings = {
				ASSETCATALOG_COMPILER_APPICON_NAME = AppIcon;
				CODE_SIGN_STYLE = Automatic;
				DEVELOPMENT_TEAM = N92TEW36P2;
				INFOPLIST_FILE = CoreTextDemo/Info.plist;
				IPHONEOS_DEPLOYMENT_TARGET = 9.0;
				LD_RUNPATH_SEARCH_PATHS = (
					"$(inherited)",
					"@executable_path/Frameworks",
				);
				PRODUCT_BUNDLE_IDENTIFIER = ljpdemo123;
				PRODUCT_NAME = "$(TARGET_NAME)";
				TARGETED_DEVICE_FAMILY = "1,2";
			};
			name = Debug;
		};
		9CEDB96420F72F8C0037D182 /* Release */ = {
			isa = XCBuildConfiguration;
			baseConfigurationReference = 0910C5823C84C6ACA234AE51 /* Pods-CoreTextDemo.release.xcconfig */;
			buildSettings = {
				ASSETCATALOG_COMPILER_APPICON_NAME = AppIcon;
				CODE_SIGN_STYLE = Automatic;
				DEVELOPMENT_TEAM = N92TEW36P2;
				INFOPLIST_FILE = CoreTextDemo/Info.plist;
				IPHONEOS_DEPLOYMENT_TARGET = 9.0;
				LD_RUNPATH_SEARCH_PATHS = (
					"$(inherited)",
					"@executable_path/Frameworks",
				);
				PRODUCT_BUNDLE_IDENTIFIER = ljpdemo123;
				PRODUCT_NAME = "$(TARGET_NAME)";
				TARGETED_DEVICE_FAMILY = "1,2";
			};
			name = Release;
		};
		9CEDB96620F72F8C0037D182 /* Debug */ = {
			isa = XCBuildConfiguration;
			baseConfigurationReference = C4F139A67DD35BFEF575F7DA /* Pods-CoreTextDemoTests.debug.xcconfig */;
			buildSettings = {
				BUNDLE_LOADER = "$(TEST_HOST)";
				CODE_SIGN_STYLE = Automatic;
				INFOPLIST_FILE = CoreTextDemoTests/Info.plist;
				LD_RUNPATH_SEARCH_PATHS = (
					"$(inherited)",
					"@executable_path/Frameworks",
					"@loader_path/Frameworks",
				);
				PRODUCT_BUNDLE_IDENTIFIER = zyt.CoreTextDemoTests;
				PRODUCT_NAME = "$(TARGET_NAME)";
				TARGETED_DEVICE_FAMILY = "1,2";
				TEST_HOST = "$(BUILT_PRODUCTS_DIR)/CoreTextDemo.app/CoreTextDemo";
			};
			name = Debug;
		};
		9CEDB96720F72F8C0037D182 /* Release */ = {
			isa = XCBuildConfiguration;
			baseConfigurationReference = 3A02BE620B54B8469DA92DD8 /* Pods-CoreTextDemoTests.release.xcconfig */;
			buildSettings = {
				BUNDLE_LOADER = "$(TEST_HOST)";
				CODE_SIGN_STYLE = Automatic;
				INFOPLIST_FILE = CoreTextDemoTests/Info.plist;
				LD_RUNPATH_SEARCH_PATHS = (
					"$(inherited)",
					"@executable_path/Frameworks",
					"@loader_path/Frameworks",
				);
				PRODUCT_BUNDLE_IDENTIFIER = zyt.CoreTextDemoTests;
				PRODUCT_NAME = "$(TARGET_NAME)";
				TARGETED_DEVICE_FAMILY = "1,2";
				TEST_HOST = "$(BUILT_PRODUCTS_DIR)/CoreTextDemo.app/CoreTextDemo";
			};
			name = Release;
		};
		9CEDB96920F72F8C0037D182 /* Debug */ = {
			isa = XCBuildConfiguration;
			baseConfigurationReference = 4B088E3DB5AEBF3C9AF17391 /* Pods-CoreTextDemoUITests.debug.xcconfig */;
			buildSettings = {
				CODE_SIGN_STYLE = Automatic;
				INFOPLIST_FILE = CoreTextDemoUITests/Info.plist;
				LD_RUNPATH_SEARCH_PATHS = (
					"$(inherited)",
					"@executable_path/Frameworks",
					"@loader_path/Frameworks",
				);
				PRODUCT_BUNDLE_IDENTIFIER = zyt.CoreTextDemoUITests;
				PRODUCT_NAME = "$(TARGET_NAME)";
				TARGETED_DEVICE_FAMILY = "1,2";
				TEST_TARGET_NAME = CoreTextDemo;
			};
			name = Debug;
		};
		9CEDB96A20F72F8C0037D182 /* Release */ = {
			isa = XCBuildConfiguration;
			baseConfigurationReference = C554574442175494987D2E34 /* Pods-CoreTextDemoUITests.release.xcconfig */;
			buildSettings = {
				CODE_SIGN_STYLE = Automatic;
				INFOPLIST_FILE = CoreTextDemoUITests/Info.plist;
				LD_RUNPATH_SEARCH_PATHS = (
					"$(inherited)",
					"@executable_path/Frameworks",
					"@loader_path/Frameworks",
				);
				PRODUCT_BUNDLE_IDENTIFIER = zyt.CoreTextDemoUITests;
				PRODUCT_NAME = "$(TARGET_NAME)";
				TARGETED_DEVICE_FAMILY = "1,2";
				TEST_TARGET_NAME = CoreTextDemo;
			};
			name = Release;
		};
/* End XCBuildConfiguration section */

/* Begin XCConfigurationList section */
		9CEDB93120F72F8B0037D182 /* Build configuration list for PBXProject "CoreTextDemo" */ = {
			isa = XCConfigurationList;
			buildConfigurations = (
				9CEDB96020F72F8C0037D182 /* Debug */,
				9CEDB96120F72F8C0037D182 /* Release */,
			);
			defaultConfigurationIsVisible = 0;
			defaultConfigurationName = Release;
		};
		9CEDB96220F72F8C0037D182 /* Build configuration list for PBXNativeTarget "CoreTextDemo" */ = {
			isa = XCConfigurationList;
			buildConfigurations = (
				9CEDB96320F72F8C0037D182 /* Debug */,
				9CEDB96420F72F8C0037D182 /* Release */,
			);
			defaultConfigurationIsVisible = 0;
			defaultConfigurationName = Release;
		};
		9CEDB96520F72F8C0037D182 /* Build configuration list for PBXNativeTarget "CoreTextDemoTests" */ = {
			isa = XCConfigurationList;
			buildConfigurations = (
				9CEDB96620F72F8C0037D182 /* Debug */,
				9CEDB96720F72F8C0037D182 /* Release */,
			);
			defaultConfigurationIsVisible = 0;
			defaultConfigurationName = Release;
		};
		9CEDB96820F72F8C0037D182 /* Build configuration list for PBXNativeTarget "CoreTextDemoUITests" */ = {
			isa = XCConfigurationList;
			buildConfigurations = (
				9CEDB96920F72F8C0037D182 /* Debug */,
				9CEDB96A20F72F8C0037D182 /* Release */,
			);
			defaultConfigurationIsVisible = 0;
			defaultConfigurationName = Release;
		};
/* End XCConfigurationList section */
	};
	rootObject = 9CEDB92E20F72F8B0037D182 /* Project object */;
}
