// !$*UTF8*$!
{
	archiveVersion = 1;
	classes = {
	};
	objectVersion = 50;
	objects = {

/* Begin PBXBuildFile section */
		16E8C01F26B533580025C65E /* AppDelegate.m in Sources */ = {isa = PBXBuildFile; fileRef = 16E8C01E26B533580025C65E /* AppDelegate.m */; };
		16E8C02226B533580025C65E /* SceneDelegate.m in Sources */ = {isa = PBXBuildFile; fileRef = 16E8C02126B533580025C65E /* SceneDelegate.m */; };
		16E8C02526B533580025C65E /* ViewController.m in Sources */ = {isa = PBXBuildFile; fileRef = 16E8C02426B533580025C65E /* ViewController.m */; };
		16E8C02826B533580025C65E /* Main.storyboard in Resources */ = {isa = PBXBuildFile; fileRef = 16E8C02626B533580025C65E /* Main.storyboard */; };
		16E8C02A26B5335D0025C65E /* Assets.xcassets in Resources */ = {isa = PBXBuildFile; fileRef = 16E8C02926B5335D0025C65E /* Assets.xcassets */; };
		16E8C02D26B5335D0025C65E /* LaunchScreen.storyboard in Resources */ = {isa = PBXBuildFile; fileRef = 16E8C02B26B5335D0025C65E /* LaunchScreen.storyboard */; };
		16E8C03026B5335D0025C65E /* main.m in Sources */ = {isa = PBXBuildFile; fileRef = 16E8C02F26B5335D0025C65E /* main.m */; };
		16E8C03A26B5335E0025C65E /* DrawImageDemoTests.m in Sources */ = {isa = PBXBuildFile; fileRef = 16E8C03926B5335E0025C65E /* DrawImageDemoTests.m */; };
		16E8C04526B5335E0025C65E /* DrawImageDemoUITests.m in Sources */ = {isa = PBXBuildFile; fileRef = 16E8C04426B5335E0025C65E /* DrawImageDemoUITests.m */; };
		16E8C05426B534610025C65E /* JPLabel.m in Sources */ = {isa = PBXBuildFile; fileRef = 16E8C05326B534610025C65E /* JPLabel.m */; };
		16E8C05626B536400025C65E /* 123.png in Resources */ = {isa = PBXBuildFile; fileRef = 16E8C05526B536400025C65E /* 123.png */; };
/* End PBXBuildFile section */

/* Begin PBXContainerItemProxy section */
		16E8C03626B5335E0025C65E /* PBXContainerItemProxy */ = {
			isa = PBXContainerItemProxy;
			containerPortal = 16E8C01226B533580025C65E /* Project object */;
			proxyType = 1;
			remoteGlobalIDString = 16E8C01926B533580025C65E;
			remoteInfo = DrawImageDemo;
		};
		16E8C04126B5335E0025C65E /* PBXContainerItemProxy */ = {
			isa = PBXContainerItemProxy;
			containerPortal = 16E8C01226B533580025C65E /* Project object */;
			proxyType = 1;
			remoteGlobalIDString = 16E8C01926B533580025C65E;
			remoteInfo = DrawImageDemo;
		};
/* End PBXContainerItemProxy section */

/* Begin PBXFileReference section */
		16E8C01A26B533580025C65E /* DrawImageDemo.app */ = {isa = PBXFileReference; explicitFileType = wrapper.application; includeInIndex = 0; path = DrawImageDemo.app; sourceTree = BUILT_PRODUCTS_DIR; };
		16E8C01D26B533580025C65E /* AppDelegate.h */ = {isa = PBXFileReference; lastKnownFileType = sourcecode.c.h; path = AppDelegate.h; sourceTree = "<group>"; };
		16E8C01E26B533580025C65E /* AppDelegate.m */ = {isa = PBXFileReference; lastKnownFileType = sourcecode.c.objc; path = AppDelegate.m; sourceTree = "<group>"; };
		16E8C02026B533580025C65E /* SceneDelegate.h */ = {isa = PBXFileReference; lastKnownFileType = sourcecode.c.h; path = SceneDelegate.h; sourceTree = "<group>"; };
		16E8C02126B533580025C65E /* SceneDelegate.m */ = {isa = PBXFileReference; lastKnownFileType = sourcecode.c.objc; path = SceneDelegate.m; sourceTree = "<group>"; };
		16E8C02326B533580025C65E /* ViewController.h */ = {isa = PBXFileReference; lastKnownFileType = sourcecode.c.h; path = ViewController.h; sourceTree = "<group>"; };
		16E8C02426B533580025C65E /* ViewController.m */ = {isa = PBXFileReference; lastKnownFileType = sourcecode.c.objc; path = ViewController.m; sourceTree = "<group>"; };
		16E8C02726B533580025C65E /* Base */ = {isa = PBXFileReference; lastKnownFileType = file.storyboard; name = Base; path = Base.lproj/Main.storyboard; sourceTree = "<group>"; };
		16E8C02926B5335D0025C65E /* Assets.xcassets */ = {isa = PBXFileReference; lastKnownFileType = folder.assetcatalog; path = Assets.xcassets; sourceTree = "<group>"; };
		16E8C02C26B5335D0025C65E /* Base */ = {isa = PBXFileReference; lastKnownFileType = file.storyboard; name = Base; path = Base.lproj/LaunchScreen.storyboard; sourceTree = "<group>"; };
		16E8C02E26B5335D0025C65E /* Info.plist */ = {isa = PBXFileReference; lastKnownFileType = text.plist.xml; path = Info.plist; sourceTree = "<group>"; };
		16E8C02F26B5335D0025C65E /* main.m */ = {isa = PBXFileReference; lastKnownFileType = sourcecode.c.objc; path = main.m; sourceTree = "<group>"; };
		16E8C03526B5335E0025C65E /* DrawImageDemoTests.xctest */ = {isa = PBXFileReference; explicitFileType = wrapper.cfbundle; includeInIndex = 0; path = DrawImageDemoTests.xctest; sourceTree = BUILT_PRODUCTS_DIR; };
		16E8C03926B5335E0025C65E /* DrawImageDemoTests.m */ = {isa = PBXFileReference; lastKnownFileType = sourcecode.c.objc; path = DrawImageDemoTests.m; sourceTree = "<group>"; };
		16E8C03B26B5335E0025C65E /* Info.plist */ = {isa = PBXFileReference; lastKnownFileType = text.plist.xml; path = Info.plist; sourceTree = "<group>"; };
		16E8C04026B5335E0025C65E /* DrawImageDemoUITests.xctest */ = {isa = PBXFileReference; explicitFileType = wrapper.cfbundle; includeInIndex = 0; path = DrawImageDemoUITests.xctest; sourceTree = BUILT_PRODUCTS_DIR; };
		16E8C04426B5335E0025C65E /* DrawImageDemoUITests.m */ = {isa = PBXFileReference; lastKnownFileType = sourcecode.c.objc; path = DrawImageDemoUITests.m; sourceTree = "<group>"; };
		16E8C04626B5335E0025C65E /* Info.plist */ = {isa = PBXFileReference; lastKnownFileType = text.plist.xml; path = Info.plist; sourceTree = "<group>"; };
		16E8C05226B534610025C65E /* JPLabel.h */ = {isa = PBXFileReference; lastKnownFileType = sourcecode.c.h; path = JPLabel.h; sourceTree = "<group>"; };
		16E8C05326B534610025C65E /* JPLabel.m */ = {isa = PBXFileReference; lastKnownFileType = sourcecode.c.objc; path = JPLabel.m; sourceTree = "<group>"; };
		16E8C05526B536400025C65E /* 123.png */ = {isa = PBXFileReference; lastKnownFileType = image.png; path = 123.png; sourceTree = "<group>"; };
/* End PBXFileReference section */

/* Begin PBXFrameworksBuildPhase section */
		16E8C01726B533580025C65E /* Frameworks */ = {
			isa = PBXFrameworksBuildPhase;
			buildActionMask = 2147483647;
			files = (
			);
			runOnlyForDeploymentPostprocessing = 0;
		};
		16E8C03226B5335E0025C65E /* Frameworks */ = {
			isa = PBXFrameworksBuildPhase;
			buildActionMask = 2147483647;
			files = (
			);
			runOnlyForDeploymentPostprocessing = 0;
		};
		16E8C03D26B5335E0025C65E /* Frameworks */ = {
			isa = PBXFrameworksBuildPhase;
			buildActionMask = 2147483647;
			files = (
			);
			runOnlyForDeploymentPostprocessing = 0;
		};
/* End PBXFrameworksBuildPhase section */

/* Begin PBXGroup section */
		16E8C01126B533580025C65E = {
			isa = PBXGroup;
			children = (
				16E8C01C26B533580025C65E /* DrawImageDemo */,
				16E8C03826B5335E0025C65E /* DrawImageDemoTests */,
				16E8C04326B5335E0025C65E /* DrawImageDemoUITests */,
				16E8C01B26B533580025C65E /* Products */,
			);
			sourceTree = "<group>";
		};
		16E8C01B26B533580025C65E /* Products */ = {
			isa = PBXGroup;
			children = (
				16E8C01A26B533580025C65E /* DrawImageDemo.app */,
				16E8C03526B5335E0025C65E /* DrawImageDemoTests.xctest */,
				16E8C04026B5335E0025C65E /* DrawImageDemoUITests.xctest */,
			);
			name = Products;
			sourceTree = "<group>";
		};
		16E8C01C26B533580025C65E /* DrawImageDemo */ = {
			isa = PBXGroup;
			children = (
				16E8C01D26B533580025C65E /* AppDelegate.h */,
				16E8C01E26B533580025C65E /* AppDelegate.m */,
				16E8C02026B533580025C65E /* SceneDelegate.h */,
				16E8C02126B533580025C65E /* SceneDelegate.m */,
				16E8C02326B533580025C65E /* ViewController.h */,
				16E8C02426B533580025C65E /* ViewController.m */,
				16E8C05226B534610025C65E /* JPLabel.h */,
				16E8C05326B534610025C65E /* JPLabel.m */,
				16E8C05526B536400025C65E /* 123.png */,
				16E8C02626B533580025C65E /* Main.storyboard */,
				16E8C02926B5335D0025C65E /* Assets.xcassets */,
				16E8C02B26B5335D0025C65E /* LaunchScreen.storyboard */,
				16E8C02E26B5335D0025C65E /* Info.plist */,
				16E8C02F26B5335D0025C65E /* main.m */,
			);
			path = DrawImageDemo;
			sourceTree = "<group>";
		};
		16E8C03826B5335E0025C65E /* DrawImageDemoTests */ = {
			isa = PBXGroup;
			children = (
				16E8C03926B5335E0025C65E /* DrawImageDemoTests.m */,
				16E8C03B26B5335E0025C65E /* Info.plist */,
			);
			path = DrawImageDemoTests;
			sourceTree = "<group>";
		};
		16E8C04326B5335E0025C65E /* DrawImageDemoUITests */ = {
			isa = PBXGroup;
			children = (
				16E8C04426B5335E0025C65E /* DrawImageDemoUITests.m */,
				16E8C04626B5335E0025C65E /* Info.plist */,
			);
			path = DrawImageDemoUITests;
			sourceTree = "<group>";
		};
/* End PBXGroup section */

/* Begin PBXNativeTarget section */
		16E8C01926B533580025C65E /* DrawImageDemo */ = {
			isa = PBXNativeTarget;
			buildConfigurationList = 16E8C04926B5335E0025C65E /* Build configuration list for PBXNativeTarget "DrawImageDemo" */;
			buildPhases = (
				16E8C01626B533580025C65E /* Sources */,
				16E8C01726B533580025C65E /* Frameworks */,
				16E8C01826B533580025C65E /* Resources */,
			);
			buildRules = (
			);
			dependencies = (
			);
			name = DrawImageDemo;
			productName = DrawImageDemo;
			productReference = 16E8C01A26B533580025C65E /* DrawImageDemo.app */;
			productType = "com.apple.product-type.application";
		};
		16E8C03426B5335E0025C65E /* DrawImageDemoTests */ = {
			isa = PBXNativeTarget;
			buildConfigurationList = 16E8C04C26B5335E0025C65E /* Build configuration list for PBXNativeTarget "DrawImageDemoTests" */;
			buildPhases = (
				16E8C03126B5335E0025C65E /* Sources */,
				16E8C03226B5335E0025C65E /* Frameworks */,
				16E8C03326B5335E0025C65E /* Resources */,
			);
			buildRules = (
			);
			dependencies = (
				16E8C03726B5335E0025C65E /* PBXTargetDependency */,
			);
			name = DrawImageDemoTests;
			productName = DrawImageDemoTests;
			productReference = 16E8C03526B5335E0025C65E /* DrawImageDemoTests.xctest */;
			productType = "com.apple.product-type.bundle.unit-test";
		};
		16E8C03F26B5335E0025C65E /* DrawImageDemoUITests */ = {
			isa = PBXNativeTarget;
			buildConfigurationList = 16E8C04F26B5335E0025C65E /* Build configuration list for PBXNativeTarget "DrawImageDemoUITests" */;
			buildPhases = (
				16E8C03C26B5335E0025C65E /* Sources */,
				16E8C03D26B5335E0025C65E /* Frameworks */,
				16E8C03E26B5335E0025C65E /* Resources */,
			);
			buildRules = (
			);
			dependencies = (
				16E8C04226B5335E0025C65E /* PBXTargetDependency */,
			);
			name = DrawImageDemoUITests;
			productName = DrawImageDemoUITests;
			productReference = 16E8C04026B5335E0025C65E /* DrawImageDemoUITests.xctest */;
			productType = "com.apple.product-type.bundle.ui-testing";
		};
/* End PBXNativeTarget section */

/* Begin PBXProject section */
		16E8C01226B533580025C65E /* Project object */ = {
			isa = PBXProject;
			attributes = {
				LastUpgradeCheck = 1250;
				TargetAttributes = {
					16E8C01926B533580025C65E = {
						CreatedOnToolsVersion = 12.5.1;
					};
					16E8C03426B5335E0025C65E = {
						CreatedOnToolsVersion = 12.5.1;
						TestTargetID = 16E8C01926B533580025C65E;
					};
					16E8C03F26B5335E0025C65E = {
						CreatedOnToolsVersion = 12.5.1;
						TestTargetID = 16E8C01926B533580025C65E;
					};
				};
			};
			buildConfigurationList = 16E8C01526B533580025C65E /* Build configuration list for PBXProject "DrawImageDemo" */;
			compatibilityVersion = "Xcode 9.3";
			developmentRegion = en;
			hasScannedForEncodings = 0;
			knownRegions = (
				en,
				Base,
			);
			mainGroup = 16E8C01126B533580025C65E;
			productRefGroup = 16E8C01B26B533580025C65E /* Products */;
			projectDirPath = "";
			projectRoot = "";
			targets = (
				16E8C01926B533580025C65E /* DrawImageDemo */,
				16E8C03426B5335E0025C65E /* DrawImageDemoTests */,
				16E8C03F26B5335E0025C65E /* DrawImageDemoUITests */,
			);
		};
/* End PBXProject section */

/* Begin PBXResourcesBuildPhase section */
		16E8C01826B533580025C65E /* Resources */ = {
			isa = PBXResourcesBuildPhase;
			buildActionMask = 2147483647;
			files = (
				16E8C05626B536400025C65E /* 123.png in Resources */,
				16E8C02D26B5335D0025C65E /* LaunchScreen.storyboard in Resources */,
				16E8C02A26B5335D0025C65E /* Assets.xcassets in Resources */,
				16E8C02826B533580025C65E /* Main.storyboard in Resources */,
			);
			runOnlyForDeploymentPostprocessing = 0;
		};
		16E8C03326B5335E0025C65E /* Resources */ = {
			isa = PBXResourcesBuildPhase;
			buildActionMask = 2147483647;
			files = (
			);
			runOnlyForDeploymentPostprocessing = 0;
		};
		16E8C03E26B5335E0025C65E /* Resources */ = {
			isa = PBXResourcesBuildPhase;
			buildActionMask = 2147483647;
			files = (
			);
			runOnlyForDeploymentPostprocessing = 0;
		};
/* End PBXResourcesBuildPhase section */

/* Begin PBXSourcesBuildPhase section */
		16E8C01626B533580025C65E /* Sources */ = {
			isa = PBXSourcesBuildPhase;
			buildActionMask = 2147483647;
			files = (
				16E8C02526B533580025C65E /* ViewController.m in Sources */,
				16E8C05426B534610025C65E /* JPLabel.m in Sources */,
				16E8C01F26B533580025C65E /* AppDelegate.m in Sources */,
				16E8C03026B5335D0025C65E /* main.m in Sources */,
				16E8C02226B533580025C65E /* SceneDelegate.m in Sources */,
			);
			runOnlyForDeploymentPostprocessing = 0;
		};
		16E8C03126B5335E0025C65E /* Sources */ = {
			isa = PBXSourcesBuildPhase;
			buildActionMask = 2147483647;
			files = (
				16E8C03A26B5335E0025C65E /* DrawImageDemoTests.m in Sources */,
			);
			runOnlyForDeploymentPostprocessing = 0;
		};
		16E8C03C26B5335E0025C65E /* Sources */ = {
			isa = PBXSourcesBuildPhase;
			buildActionMask = 2147483647;
			files = (
				16E8C04526B5335E0025C65E /* DrawImageDemoUITests.m in Sources */,
			);
			runOnlyForDeploymentPostprocessing = 0;
		};
/* End PBXSourcesBuildPhase section */

/* Begin PBXTargetDependency section */
		16E8C03726B5335E0025C65E /* PBXTargetDependency */ = {
			isa = PBXTargetDependency;
			target = 16E8C01926B533580025C65E /* DrawImageDemo */;
			targetProxy = 16E8C03626B5335E0025C65E /* PBXContainerItemProxy */;
		};
		16E8C04226B5335E0025C65E /* PBXTargetDependency */ = {
			isa = PBXTargetDependency;
			target = 16E8C01926B533580025C65E /* DrawImageDemo */;
			targetProxy = 16E8C04126B5335E0025C65E /* PBXContainerItemProxy */;
		};
/* End PBXTargetDependency section */

/* Begin PBXVariantGroup section */
		16E8C02626B533580025C65E /* Main.storyboard */ = {
			isa = PBXVariantGroup;
			children = (
				16E8C02726B533580025C65E /* Base */,
			);
			name = Main.storyboard;
			sourceTree = "<group>";
		};
		16E8C02B26B5335D0025C65E /* LaunchScreen.storyboard */ = {
			isa = PBXVariantGroup;
			children = (
				16E8C02C26B5335D0025C65E /* Base */,
			);
			name = LaunchScreen.storyboard;
			sourceTree = "<group>";
		};
/* End PBXVariantGroup section */

/* Begin XCBuildConfiguration section */
		16E8C04726B5335E0025C65E /* Debug */ = {
			isa = XCBuildConfiguration;
			buildSettings = {
				ALWAYS_SEARCH_USER_PATHS = NO;
				CLANG_ANALYZER_NONNULL = YES;
				CLANG_ANALYZER_NUMBER_OBJECT_CONVERSION = YES_AGGRESSIVE;
				CLANG_CXX_LANGUAGE_STANDARD = "gnu++14";
				CLANG_CXX_LIBRARY = "libc++";
				CLANG_ENABLE_MODULES = YES;
				CLANG_ENABLE_OBJC_ARC = YES;
				CLANG_ENABLE_OBJC_WEAK = YES;
				CLANG_WARN_BLOCK_CAPTURE_AUTORELEASING = YES;
				CLANG_WARN_BOOL_CONVERSION = YES;
				CLANG_WARN_COMMA = YES;
				CLANG_WARN_CONSTANT_CONVERSION = YES;
				CLANG_WARN_DEPRECATED_OBJC_IMPLEMENTATIONS = YES;
				CLANG_WARN_DIRECT_OBJC_ISA_USAGE = YES_ERROR;
				CLANG_WARN_DOCUMENTATION_COMMENTS = YES;
				CLANG_WARN_EMPTY_BODY = YES;
				CLANG_WARN_ENUM_CONVERSION = YES;
				CLANG_WARN_INFINITE_RECURSION = YES;
				CLANG_WARN_INT_CONVERSION = YES;
				CLANG_WARN_NON_LITERAL_NULL_CONVERSION = YES;
				CLANG_WARN_OBJC_IMPLICIT_RETAIN_SELF = YES;
				CLANG_WARN_OBJC_LITERAL_CONVERSION = YES;
				CLANG_WARN_OBJC_ROOT_CLASS = YES_ERROR;
				CLANG_WARN_QUOTED_INCLUDE_IN_FRAMEWORK_HEADER = YES;
				CLANG_WARN_RANGE_LOOP_ANALYSIS = YES;
				CLANG_WARN_STRICT_PROTOTYPES = YES;
				CLANG_WARN_SUSPICIOUS_MOVE = YES;
				CLANG_WARN_UNGUARDED_AVAILABILITY = YES_AGGRESSIVE;
				CLANG_WARN_UNREACHABLE_CODE = YES;
				CLANG_WARN__DUPLICATE_METHOD_MATCH = YES;
				COPY_PHASE_STRIP = NO;
				DEBUG_INFORMATION_FORMAT = dwarf;
				ENABLE_STRICT_OBJC_MSGSEND = YES;
				ENABLE_TESTABILITY = YES;
				GCC_C_LANGUAGE_STANDARD = gnu11;
				GCC_DYNAMIC_NO_PIC = NO;
				GCC_NO_COMMON_BLOCKS = YES;
				GCC_OPTIMIZATION_LEVEL = 0;
				GCC_PREPROCESSOR_DEFINITIONS = (
					"DEBUG=1",
					"$(inherited)",
				);
				GCC_WARN_64_TO_32_BIT_CONVERSION = YES;
				GCC_WARN_ABOUT_RETURN_TYPE = YES_ERROR;
				GCC_WARN_UNDECLARED_SELECTOR = YES;
				GCC_WARN_UNINITIALIZED_AUTOS = YES_AGGRESSIVE;
				GCC_WARN_UNUSED_FUNCTION = YES;
				GCC_WARN_UNUSED_VARIABLE = YES;
				IPHONEOS_DEPLOYMENT_TARGET = 14.5;
				MTL_ENABLE_DEBUG_INFO = INCLUDE_SOURCE;
				MTL_FAST_MATH = YES;
				ONLY_ACTIVE_ARCH = YES;
				SDKROOT = iphoneos;
			};
			name = Debug;
		};
		16E8C04826B5335E0025C65E /* Release */ = {
			isa = XCBuildConfiguration;
			buildSettings = {
				ALWAYS_SEARCH_USER_PATHS = NO;
				CLANG_ANALYZER_NONNULL = YES;
				CLANG_ANALYZER_NUMBER_OBJECT_CONVERSION = YES_AGGRESSIVE;
				CLANG_CXX_LANGUAGE_STANDARD = "gnu++14";
				CLANG_CXX_LIBRARY = "libc++";
				CLANG_ENABLE_MODULES = YES;
				CLANG_ENABLE_OBJC_ARC = YES;
				CLANG_ENABLE_OBJC_WEAK = YES;
				CLANG_WARN_BLOCK_CAPTURE_AUTORELEASING = YES;
				CLANG_WARN_BOOL_CONVERSION = YES;
				CLANG_WARN_COMMA = YES;
				CLANG_WARN_CONSTANT_CONVERSION = YES;
				CLANG_WARN_DEPRECATED_OBJC_IMPLEMENTATIONS = YES;
				CLANG_WARN_DIRECT_OBJC_ISA_USAGE = YES_ERROR;
				CLANG_WARN_DOCUMENTATION_COMMENTS = YES;
				CLANG_WARN_EMPTY_BODY = YES;
				CLANG_WARN_ENUM_CONVERSION = YES;
				CLANG_WARN_INFINITE_RECURSION = YES;
				CLANG_WARN_INT_CONVERSION = YES;
				CLANG_WARN_NON_LITERAL_NULL_CONVERSION = YES;
				CLANG_WARN_OBJC_IMPLICIT_RETAIN_SELF = YES;
				CLANG_WARN_OBJC_LITERAL_CONVERSION = YES;
				CLANG_WARN_OBJC_ROOT_CLASS = YES_ERROR;
				CLANG_WARN_QUOTED_INCLUDE_IN_FRAMEWORK_HEADER = YES;
				CLANG_WARN_RANGE_LOOP_ANALYSIS = YES;
				CLANG_WARN_STRICT_PROTOTYPES = YES;
				CLANG_WARN_SUSPICIOUS_MOVE = YES;
				CLANG_WARN_UNGUARDED_AVAILABILITY = YES_AGGRESSIVE;
				CLANG_WARN_UNREACHABLE_CODE = YES;
				CLANG_WARN__DUPLICATE_METHOD_MATCH = YES;
				COPY_PHASE_STRIP = NO;
				DEBUG_INFORMATION_FORMAT = "dwarf-with-dsym";
				ENABLE_NS_ASSERTIONS = NO;
				ENABLE_STRICT_OBJC_MSGSEND = YES;
				GCC_C_LANGUAGE_STANDARD = gnu11;
				GCC_NO_COMMON_BLOCKS = YES;
				GCC_WARN_64_TO_32_BIT_CONVERSION = YES;
				GCC_WARN_ABOUT_RETURN_TYPE = YES_ERROR;
				GCC_WARN_UNDECLARED_SELECTOR = YES;
				GCC_WARN_UNINITIALIZED_AUTOS = YES_AGGRESSIVE;
				GCC_WARN_UNUSED_FUNCTION = YES;
				GCC_WARN_UNUSED_VARIABLE = YES;
				IPHONEOS_DEPLOYMENT_TARGET = 14.5;
				MTL_ENABLE_DEBUG_INFO = NO;
				MTL_FAST_MATH = YES;
				SDKROOT = iphoneos;
				VALIDATE_PRODUCT = YES;
			};
			name = Release;
		};
		16E8C04A26B5335E0025C65E /* Debug */ = {
			isa = XCBuildConfiguration;
			buildSettings = {
				ASSETCATALOG_COMPILER_APPICON_NAME = AppIcon;
				ASSETCATALOG_COMPILER_GLOBAL_ACCENT_COLOR_NAME = AccentColor;
				CODE_SIGN_STYLE = Automatic;
				INFOPLIST_FILE = DrawImageDemo/Info.plist;
				LD_RUNPATH_SEARCH_PATHS = (
					"$(inherited)",
					"@executable_path/Frameworks",
				);
				PRODUCT_BUNDLE_IDENTIFIER = com.Inke.DrawImageDemo;
				PRODUCT_NAME = "$(TARGET_NAME)";
				TARGETED_DEVICE_FAMILY = "1,2";
			};
			name = Debug;
		};
		16E8C04B26B5335E0025C65E /* Release */ = {
			isa = XCBuildConfiguration;
			buildSettings = {
				ASSETCATALOG_COMPILER_APPICON_NAME = AppIcon;
				ASSETCATALOG_COMPILER_GLOBAL_ACCENT_COLOR_NAME = AccentColor;
				CODE_SIGN_STYLE = Automatic;
				INFOPLIST_FILE = DrawImageDemo/Info.plist;
				LD_RUNPATH_SEARCH_PATHS = (
					"$(inherited)",
					"@executable_path/Frameworks",
				);
				PRODUCT_BUNDLE_IDENTIFIER = com.Inke.DrawImageDemo;
				PRODUCT_NAME = "$(TARGET_NAME)";
				TARGETED_DEVICE_FAMILY = "1,2";
			};
			name = Release;
		};
		16E8C04D26B5335E0025C65E /* Debug */ = {
			isa = XCBuildConfiguration;
			buildSettings = {
				BUNDLE_LOADER = "$(TEST_HOST)";
				CODE_SIGN_STYLE = Automatic;
				INFOPLIST_FILE = DrawImageDemoTests/Info.plist;
				IPHONEOS_DEPLOYMENT_TARGET = 14.5;
				LD_RUNPATH_SEARCH_PATHS = (
					"$(inherited)",
					"@executable_path/Frameworks",
					"@loader_path/Frameworks",
				);
				PRODUCT_BUNDLE_IDENTIFIER = com.Inke.DrawImageDemoTests;
				PRODUCT_NAME = "$(TARGET_NAME)";
				TARGETED_DEVICE_FAMILY = "1,2";
				TEST_HOST = "$(BUILT_PRODUCTS_DIR)/DrawImageDemo.app/DrawImageDemo";
			};
			name = Debug;
		};
		16E8C04E26B5335E0025C65E /* Release */ = {
			isa = XCBuildConfiguration;
			buildSettings = {
				BUNDLE_LOADER = "$(TEST_HOST)";
				CODE_SIGN_STYLE = Automatic;
				INFOPLIST_FILE = DrawImageDemoTests/Info.plist;
				IPHONEOS_DEPLOYMENT_TARGET = 14.5;
				LD_RUNPATH_SEARCH_PATHS = (
					"$(inherited)",
					"@executable_path/Frameworks",
					"@loader_path/Frameworks",
				);
				PRODUCT_BUNDLE_IDENTIFIER = com.Inke.DrawImageDemoTests;
				PRODUCT_NAME = "$(TARGET_NAME)";
				TARGETED_DEVICE_FAMILY = "1,2";
				TEST_HOST = "$(BUILT_PRODUCTS_DIR)/DrawImageDemo.app/DrawImageDemo";
			};
			name = Release;
		};
		16E8C05026B5335E0025C65E /* Debug */ = {
			isa = XCBuildConfiguration;
			buildSettings = {
				CODE_SIGN_STYLE = Automatic;
				INFOPLIST_FILE = DrawImageDemoUITests/Info.plist;
				LD_RUNPATH_SEARCH_PATHS = (
					"$(inherited)",
					"@executable_path/Frameworks",
					"@loader_path/Frameworks",
				);
				PRODUCT_BUNDLE_IDENTIFIER = com.Inke.DrawImageDemoUITests;
				PRODUCT_NAME = "$(TARGET_NAME)";
				TARGETED_DEVICE_FAMILY = "1,2";
				TEST_TARGET_NAME = DrawImageDemo;
			};
			name = Debug;
		};
		16E8C05126B5335E0025C65E /* Release */ = {
			isa = XCBuildConfiguration;
			buildSettings = {
				CODE_SIGN_STYLE = Automatic;
				INFOPLIST_FILE = DrawImageDemoUITests/Info.plist;
				LD_RUNPATH_SEARCH_PATHS = (
					"$(inherited)",
					"@executable_path/Frameworks",
					"@loader_path/Frameworks",
				);
				PRODUCT_BUNDLE_IDENTIFIER = com.Inke.DrawImageDemoUITests;
				PRODUCT_NAME = "$(TARGET_NAME)";
				TARGETED_DEVICE_FAMILY = "1,2";
				TEST_TARGET_NAME = DrawImageDemo;
			};
			name = Release;
		};
/* End XCBuildConfiguration section */

/* Begin XCConfigurationList section */
		16E8C01526B533580025C65E /* Build configuration list for PBXProject "DrawImageDemo" */ = {
			isa = XCConfigurationList;
			buildConfigurations = (
				16E8C04726B5335E0025C65E /* Debug */,
				16E8C04826B5335E0025C65E /* Release */,
			);
			defaultConfigurationIsVisible = 0;
			defaultConfigurationName = Release;
		};
		16E8C04926B5335E0025C65E /* Build configuration list for PBXNativeTarget "DrawImageDemo" */ = {
			isa = XCConfigurationList;
			buildConfigurations = (
				16E8C04A26B5335E0025C65E /* Debug */,
				16E8C04B26B5335E0025C65E /* Release */,
			);
			defaultConfigurationIsVisible = 0;
			defaultConfigurationName = Release;
		};
		16E8C04C26B5335E0025C65E /* Build configuration list for PBXNativeTarget "DrawImageDemoTests" */ = {
			isa = XCConfigurationList;
			buildConfigurations = (
				16E8C04D26B5335E0025C65E /* Debug */,
				16E8C04E26B5335E0025C65E /* Release */,
			);
			defaultConfigurationIsVisible = 0;
			defaultConfigurationName = Release;
		};
		16E8C04F26B5335E0025C65E /* Build configuration list for PBXNativeTarget "DrawImageDemoUITests" */ = {
			isa = XCConfigurationList;
			buildConfigurations = (
				16E8C05026B5335E0025C65E /* Debug */,
				16E8C05126B5335E0025C65E /* Release */,
			);
			defaultConfigurationIsVisible = 0;
			defaultConfigurationName = Release;
		};
/* End XCConfigurationList section */
	};
	rootObject = 16E8C01226B533580025C65E /* Project object */;
}
