// !$*UTF8*$!
{
	archiveVersion = 1;
	classes = {
	};
	objectVersion = 50;
	objects = {

/* Begin PBXBuildFile section */
		9CEDB8FD20F72F430037D182 /* AppDelegate.m in Sources */ = {isa = PBXBuildFile; fileRef = 9CEDB8FC20F72F430037D182 /* AppDelegate.m */; };
		9CEDB90020F72F430037D182 /* ViewController.m in Sources */ = {isa = PBXBuildFile; fileRef = 9CEDB8FF20F72F430037D182 /* ViewController.m */; };
		9CEDB90320F72F430037D182 /* Main.storyboard in Resources */ = {isa = PBXBuildFile; fileRef = 9CEDB90120F72F430037D182 /* Main.storyboard */; };
		9CEDB90520F72F440037D182 /* Assets.xcassets in Resources */ = {isa = PBXBuildFile; fileRef = 9CEDB90420F72F440037D182 /* Assets.xcassets */; };
		9CEDB90820F72F440037D182 /* LaunchScreen.storyboard in Resources */ = {isa = PBXBuildFile; fileRef = 9CEDB90620F72F440037D182 /* LaunchScreen.storyboard */; };
		9CEDB90B20F72F440037D182 /* main.m in Sources */ = {isa = PBXBuildFile; fileRef = 9CEDB90A20F72F440037D182 /* main.m */; };
		9CEDB91520F72F440037D182 /* CoreTextDrawTextTests.m in Sources */ = {isa = PBXBuildFile; fileRef = 9CEDB91420F72F440037D182 /* CoreTextDrawTextTests.m */; };
		9CEDB92020F72F440037D182 /* CoreTextDrawTextUITests.m in Sources */ = {isa = PBXBuildFile; fileRef = 9CEDB91F20F72F440037D182 /* CoreTextDrawTextUITests.m */; };
/* End PBXBuildFile section */

/* Begin PBXContainerItemProxy section */
		9CEDB91120F72F440037D182 /* PBXContainerItemProxy */ = {
			isa = PBXContainerItemProxy;
			containerPortal = 9CEDB8F020F72F430037D182 /* Project object */;
			proxyType = 1;
			remoteGlobalIDString = 9CEDB8F720F72F430037D182;
			remoteInfo = CoreTextDrawText;
		};
		9CEDB91C20F72F440037D182 /* PBXContainerItemProxy */ = {
			isa = PBXContainerItemProxy;
			containerPortal = 9CEDB8F020F72F430037D182 /* Project object */;
			proxyType = 1;
			remoteGlobalIDString = 9CEDB8F720F72F430037D182;
			remoteInfo = CoreTextDrawText;
		};
/* End PBXContainerItemProxy section */

/* Begin PBXFileReference section */
		9CEDB8F820F72F430037D182 /* CoreTextDrawText.app */ = {isa = PBXFileReference; explicitFileType = wrapper.application; includeInIndex = 0; path = CoreTextDrawText.app; sourceTree = BUILT_PRODUCTS_DIR; };
		9CEDB8FB20F72F430037D182 /* AppDelegate.h */ = {isa = PBXFileReference; lastKnownFileType = sourcecode.c.h; path = AppDelegate.h; sourceTree = "<group>"; };
		9CEDB8FC20F72F430037D182 /* AppDelegate.m */ = {isa = PBXFileReference; lastKnownFileType = sourcecode.c.objc; path = AppDelegate.m; sourceTree = "<group>"; };
		9CEDB8FE20F72F430037D182 /* ViewController.h */ = {isa = PBXFileReference; lastKnownFileType = sourcecode.c.h; path = ViewController.h; sourceTree = "<group>"; };
		9CEDB8FF20F72F430037D182 /* ViewController.m */ = {isa = PBXFileReference; lastKnownFileType = sourcecode.c.objc; path = ViewController.m; sourceTree = "<group>"; };
		9CEDB90220F72F430037D182 /* Base */ = {isa = PBXFileReference; lastKnownFileType = file.storyboard; name = Base; path = Base.lproj/Main.storyboard; sourceTree = "<group>"; };
		9CEDB90420F72F440037D182 /* Assets.xcassets */ = {isa = PBXFileReference; lastKnownFileType = folder.assetcatalog; path = Assets.xcassets; sourceTree = "<group>"; };
		9CEDB90720F72F440037D182 /* Base */ = {isa = PBXFileReference; lastKnownFileType = file.storyboard; name = Base; path = Base.lproj/LaunchScreen.storyboard; sourceTree = "<group>"; };
		9CEDB90920F72F440037D182 /* Info.plist */ = {isa = PBXFileReference; lastKnownFileType = text.plist.xml; path = Info.plist; sourceTree = "<group>"; };
		9CEDB90A20F72F440037D182 /* main.m */ = {isa = PBXFileReference; lastKnownFileType = sourcecode.c.objc; path = main.m; sourceTree = "<group>"; };
		9CEDB91020F72F440037D182 /* CoreTextDrawTextTests.xctest */ = {isa = PBXFileReference; explicitFileType = wrapper.cfbundle; includeInIndex = 0; path = CoreTextDrawTextTests.xctest; sourceTree = BUILT_PRODUCTS_DIR; };
		9CEDB91420F72F440037D182 /* CoreTextDrawTextTests.m */ = {isa = PBXFileReference; lastKnownFileType = sourcecode.c.objc; path = CoreTextDrawTextTests.m; sourceTree = "<group>"; };
		9CEDB91620F72F440037D182 /* Info.plist */ = {isa = PBXFileReference; lastKnownFileType = text.plist.xml; path = Info.plist; sourceTree = "<group>"; };
		9CEDB91B20F72F440037D182 /* CoreTextDrawTextUITests.xctest */ = {isa = PBXFileReference; explicitFileType = wrapper.cfbundle; includeInIndex = 0; path = CoreTextDrawTextUITests.xctest; sourceTree = BUILT_PRODUCTS_DIR; };
		9CEDB91F20F72F440037D182 /* CoreTextDrawTextUITests.m */ = {isa = PBXFileReference; lastKnownFileType = sourcecode.c.objc; path = CoreTextDrawTextUITests.m; sourceTree = "<group>"; };
		9CEDB92120F72F440037D182 /* Info.plist */ = {isa = PBXFileReference; lastKnownFileType = text.plist.xml; path = Info.plist; sourceTree = "<group>"; };
/* End PBXFileReference section */

/* Begin PBXFrameworksBuildPhase section */
		9CEDB8F520F72F430037D182 /* Frameworks */ = {
			isa = PBXFrameworksBuildPhase;
			buildActionMask = 2147483647;
			files = (
			);
			runOnlyForDeploymentPostprocessing = 0;
		};
		9CEDB90D20F72F440037D182 /* Frameworks */ = {
			isa = PBXFrameworksBuildPhase;
			buildActionMask = 2147483647;
			files = (
			);
			runOnlyForDeploymentPostprocessing = 0;
		};
		9CEDB91820F72F440037D182 /* Frameworks */ = {
			isa = PBXFrameworksBuildPhase;
			buildActionMask = 2147483647;
			files = (
			);
			runOnlyForDeploymentPostprocessing = 0;
		};
/* End PBXFrameworksBuildPhase section */

/* Begin PBXGroup section */
		9CEDB8EF20F72F430037D182 = {
			isa = PBXGroup;
			children = (
				9CEDB8FA20F72F430037D182 /* CoreTextDrawText */,
				9CEDB91320F72F440037D182 /* CoreTextDrawTextTests */,
				9CEDB91E20F72F440037D182 /* CoreTextDrawTextUITests */,
				9CEDB8F920F72F430037D182 /* Products */,
			);
			sourceTree = "<group>";
		};
		9CEDB8F920F72F430037D182 /* Products */ = {
			isa = PBXGroup;
			children = (
				9CEDB8F820F72F430037D182 /* CoreTextDrawText.app */,
				9CEDB91020F72F440037D182 /* CoreTextDrawTextTests.xctest */,
				9CEDB91B20F72F440037D182 /* CoreTextDrawTextUITests.xctest */,
			);
			name = Products;
			sourceTree = "<group>";
		};
		9CEDB8FA20F72F430037D182 /* CoreTextDrawText */ = {
			isa = PBXGroup;
			children = (
				9CEDB8FB20F72F430037D182 /* AppDelegate.h */,
				9CEDB8FC20F72F430037D182 /* AppDelegate.m */,
				9CEDB8FE20F72F430037D182 /* ViewController.h */,
				9CEDB8FF20F72F430037D182 /* ViewController.m */,
				9CEDB90120F72F430037D182 /* Main.storyboard */,
				9CEDB90420F72F440037D182 /* Assets.xcassets */,
				9CEDB90620F72F440037D182 /* LaunchScreen.storyboard */,
				9CEDB90920F72F440037D182 /* Info.plist */,
				9CEDB90A20F72F440037D182 /* main.m */,
			);
			path = CoreTextDrawText;
			sourceTree = "<group>";
		};
		9CEDB91320F72F440037D182 /* CoreTextDrawTextTests */ = {
			isa = PBXGroup;
			children = (
				9CEDB91420F72F440037D182 /* CoreTextDrawTextTests.m */,
				9CEDB91620F72F440037D182 /* Info.plist */,
			);
			path = CoreTextDrawTextTests;
			sourceTree = "<group>";
		};
		9CEDB91E20F72F440037D182 /* CoreTextDrawTextUITests */ = {
			isa = PBXGroup;
			children = (
				9CEDB91F20F72F440037D182 /* CoreTextDrawTextUITests.m */,
				9CEDB92120F72F440037D182 /* Info.plist */,
			);
			path = CoreTextDrawTextUITests;
			sourceTree = "<group>";
		};
/* End PBXGroup section */

/* Begin PBXNativeTarget section */
		9CEDB8F720F72F430037D182 /* CoreTextDrawText */ = {
			isa = PBXNativeTarget;
			buildConfigurationList = 9CEDB92420F72F440037D182 /* Build configuration list for PBXNativeTarget "CoreTextDrawText" */;
			buildPhases = (
				9CEDB8F420F72F430037D182 /* Sources */,
				9CEDB8F520F72F430037D182 /* Frameworks */,
				9CEDB8F620F72F430037D182 /* Resources */,
			);
			buildRules = (
			);
			dependencies = (
			);
			name = CoreTextDrawText;
			productName = CoreTextDrawText;
			productReference = 9CEDB8F820F72F430037D182 /* CoreTextDrawText.app */;
			productType = "com.apple.product-type.application";
		};
		9CEDB90F20F72F440037D182 /* CoreTextDrawTextTests */ = {
			isa = PBXNativeTarget;
			buildConfigurationList = 9CEDB92720F72F440037D182 /* Build configuration list for PBXNativeTarget "CoreTextDrawTextTests" */;
			buildPhases = (
				9CEDB90C20F72F440037D182 /* Sources */,
				9CEDB90D20F72F440037D182 /* Frameworks */,
				9CEDB90E20F72F440037D182 /* Resources */,
			);
			buildRules = (
			);
			dependencies = (
				9CEDB91220F72F440037D182 /* PBXTargetDependency */,
			);
			name = CoreTextDrawTextTests;
			productName = CoreTextDrawTextTests;
			productReference = 9CEDB91020F72F440037D182 /* CoreTextDrawTextTests.xctest */;
			productType = "com.apple.product-type.bundle.unit-test";
		};
		9CEDB91A20F72F440037D182 /* CoreTextDrawTextUITests */ = {
			isa = PBXNativeTarget;
			buildConfigurationList = 9CEDB92A20F72F440037D182 /* Build configuration list for PBXNativeTarget "CoreTextDrawTextUITests" */;
			buildPhases = (
				9CEDB91720F72F440037D182 /* Sources */,
				9CEDB91820F72F440037D182 /* Frameworks */,
				9CEDB91920F72F440037D182 /* Resources */,
			);
			buildRules = (
			);
			dependencies = (
				9CEDB91D20F72F440037D182 /* PBXTargetDependency */,
			);
			name = CoreTextDrawTextUITests;
			productName = CoreTextDrawTextUITests;
			productReference = 9CEDB91B20F72F440037D182 /* CoreTextDrawTextUITests.xctest */;
			productType = "com.apple.product-type.bundle.ui-testing";
		};
/* End PBXNativeTarget section */

/* Begin PBXProject section */
		9CEDB8F020F72F430037D182 /* Project object */ = {
			isa = PBXProject;
			attributes = {
				LastUpgradeCheck = 0940;
				ORGANIZATIONNAME = aron;
				TargetAttributes = {
					9CEDB8F720F72F430037D182 = {
						CreatedOnToolsVersion = 9.4.1;
					};
					9CEDB90F20F72F440037D182 = {
						CreatedOnToolsVersion = 9.4.1;
						TestTargetID = 9CEDB8F720F72F430037D182;
					};
					9CEDB91A20F72F440037D182 = {
						CreatedOnToolsVersion = 9.4.1;
						TestTargetID = 9CEDB8F720F72F430037D182;
					};
				};
			};
			buildConfigurationList = 9CEDB8F320F72F430037D182 /* Build configuration list for PBXProject "CoreTextDrawText" */;
			compatibilityVersion = "Xcode 9.3";
			developmentRegion = en;
			hasScannedForEncodings = 0;
			knownRegions = (
				en,
				Base,
			);
			mainGroup = 9CEDB8EF20F72F430037D182;
			productRefGroup = 9CEDB8F920F72F430037D182 /* Products */;
			projectDirPath = "";
			projectRoot = "";
			targets = (
				9CEDB8F720F72F430037D182 /* CoreTextDrawText */,
				9CEDB90F20F72F440037D182 /* CoreTextDrawTextTests */,
				9CEDB91A20F72F440037D182 /* CoreTextDrawTextUITests */,
			);
		};
/* End PBXProject section */

/* Begin PBXResourcesBuildPhase section */
		9CEDB8F620F72F430037D182 /* Resources */ = {
			isa = PBXResourcesBuildPhase;
			buildActionMask = 2147483647;
			files = (
				9CEDB90820F72F440037D182 /* LaunchScreen.storyboard in Resources */,
				9CEDB90520F72F440037D182 /* Assets.xcassets in Resources */,
				9CEDB90320F72F430037D182 /* Main.storyboard in Resources */,
			);
			runOnlyForDeploymentPostprocessing = 0;
		};
		9CEDB90E20F72F440037D182 /* Resources */ = {
			isa = PBXResourcesBuildPhase;
			buildActionMask = 2147483647;
			files = (
			);
			runOnlyForDeploymentPostprocessing = 0;
		};
		9CEDB91920F72F440037D182 /* Resources */ = {
			isa = PBXResourcesBuildPhase;
			buildActionMask = 2147483647;
			files = (
			);
			runOnlyForDeploymentPostprocessing = 0;
		};
/* End PBXResourcesBuildPhase section */

/* Begin PBXSourcesBuildPhase section */
		9CEDB8F420F72F430037D182 /* Sources */ = {
			isa = PBXSourcesBuildPhase;
			buildActionMask = 2147483647;
			files = (
				9CEDB90020F72F430037D182 /* ViewController.m in Sources */,
				9CEDB90B20F72F440037D182 /* main.m in Sources */,
				9CEDB8FD20F72F430037D182 /* AppDelegate.m in Sources */,
			);
			runOnlyForDeploymentPostprocessing = 0;
		};
		9CEDB90C20F72F440037D182 /* Sources */ = {
			isa = PBXSourcesBuildPhase;
			buildActionMask = 2147483647;
			files = (
				9CEDB91520F72F440037D182 /* CoreTextDrawTextTests.m in Sources */,
			);
			runOnlyForDeploymentPostprocessing = 0;
		};
		9CEDB91720F72F440037D182 /* Sources */ = {
			isa = PBXSourcesBuildPhase;
			buildActionMask = 2147483647;
			files = (
				9CEDB92020F72F440037D182 /* CoreTextDrawTextUITests.m in Sources */,
			);
			runOnlyForDeploymentPostprocessing = 0;
		};
/* End PBXSourcesBuildPhase section */

/* Begin PBXTargetDependency section */
		9CEDB91220F72F440037D182 /* PBXTargetDependency */ = {
			isa = PBXTargetDependency;
			target = 9CEDB8F720F72F430037D182 /* CoreTextDrawText */;
			targetProxy = 9CEDB91120F72F440037D182 /* PBXContainerItemProxy */;
		};
		9CEDB91D20F72F440037D182 /* PBXTargetDependency */ = {
			isa = PBXTargetDependency;
			target = 9CEDB8F720F72F430037D182 /* CoreTextDrawText */;
			targetProxy = 9CEDB91C20F72F440037D182 /* PBXContainerItemProxy */;
		};
/* End PBXTargetDependency section */

/* Begin PBXVariantGroup section */
		9CEDB90120F72F430037D182 /* Main.storyboard */ = {
			isa = PBXVariantGroup;
			children = (
				9CEDB90220F72F430037D182 /* Base */,
			);
			name = Main.storyboard;
			sourceTree = "<group>";
		};
		9CEDB90620F72F440037D182 /* LaunchScreen.storyboard */ = {
			isa = PBXVariantGroup;
			children = (
				9CEDB90720F72F440037D182 /* Base */,
			);
			name = LaunchScreen.storyboard;
			sourceTree = "<group>";
		};
/* End PBXVariantGroup section */

/* Begin XCBuildConfiguration section */
		9CEDB92220F72F440037D182 /* Debug */ = {
			isa = XCBuildConfiguration;
			buildSettings = {
				ALWAYS_SEARCH_USER_PATHS = NO;
				CLANG_ANALYZER_NONNULL = YES;
				CLANG_ANALYZER_NUMBER_OBJECT_CONVERSION = YES_AGGRESSIVE;
				CLANG_CXX_LANGUAGE_STANDARD = "gnu++14";
				CLANG_CXX_LIBRARY = "libc++";
				CLANG_ENABLE_MODULES = YES;
				CLANG_ENABLE_OBJC_ARC = YES;
				CLANG_ENABLE_OBJC_WEAK = YES;
				CLANG_WARN_BLOCK_CAPTURE_AUTORELEASING = YES;
				CLANG_WARN_BOOL_CONVERSION = YES;
				CLANG_WARN_COMMA = YES;
				CLANG_WARN_CONSTANT_CONVERSION = YES;
				CLANG_WARN_DEPRECATED_OBJC_IMPLEMENTATIONS = YES;
				CLANG_WARN_DIRECT_OBJC_ISA_USAGE = YES_ERROR;
				CLANG_WARN_DOCUMENTATION_COMMENTS = YES;
				CLANG_WARN_EMPTY_BODY = YES;
				CLANG_WARN_ENUM_CONVERSION = YES;
				CLANG_WARN_INFINITE_RECURSION = YES;
				CLANG_WARN_INT_CONVERSION = YES;
				CLANG_WARN_NON_LITERAL_NULL_CONVERSION = YES;
				CLANG_WARN_OBJC_IMPLICIT_RETAIN_SELF = YES;
				CLANG_WARN_OBJC_LITERAL_CONVERSION = YES;
				CLANG_WARN_OBJC_ROOT_CLASS = YES_ERROR;
				CLANG_WARN_RANGE_LOOP_ANALYSIS = YES;
				CLANG_WARN_STRICT_PROTOTYPES = YES;
				CLANG_WARN_SUSPICIOUS_MOVE = YES;
				CLANG_WARN_UNGUARDED_AVAILABILITY = YES_AGGRESSIVE;
				CLANG_WARN_UNREACHABLE_CODE = YES;
				CLANG_WARN__DUPLICATE_METHOD_MATCH = YES;
				CODE_SIGN_IDENTITY = "iPhone Developer";
				COPY_PHASE_STRIP = NO;
				DEBUG_INFORMATION_FORMAT = dwarf;
				ENABLE_STRICT_OBJC_MSGSEND = YES;
				ENABLE_TESTABILITY = YES;
				GCC_C_LANGUAGE_STANDARD = gnu11;
				GCC_DYNAMIC_NO_PIC = NO;
				GCC_NO_COMMON_BLOCKS = YES;
				GCC_OPTIMIZATION_LEVEL = 0;
				GCC_PREPROCESSOR_DEFINITIONS = (
					"DEBUG=1",
					"$(inherited)",
				);
				GCC_WARN_64_TO_32_BIT_CONVERSION = YES;
				GCC_WARN_ABOUT_RETURN_TYPE = YES_ERROR;
				GCC_WARN_UNDECLARED_SELECTOR = YES;
				GCC_WARN_UNINITIALIZED_AUTOS = YES_AGGRESSIVE;
				GCC_WARN_UNUSED_FUNCTION = YES;
				GCC_WARN_UNUSED_VARIABLE = YES;
				IPHONEOS_DEPLOYMENT_TARGET = 11.4;
				MTL_ENABLE_DEBUG_INFO = YES;
				ONLY_ACTIVE_ARCH = YES;
				SDKROOT = iphoneos;
			};
			name = Debug;
		};
		9CEDB92320F72F440037D182 /* Release */ = {
			isa = XCBuildConfiguration;
			buildSettings = {
				ALWAYS_SEARCH_USER_PATHS = NO;
				CLANG_ANALYZER_NONNULL = YES;
				CLANG_ANALYZER_NUMBER_OBJECT_CONVERSION = YES_AGGRESSIVE;
				CLANG_CXX_LANGUAGE_STANDARD = "gnu++14";
				CLANG_CXX_LIBRARY = "libc++";
				CLANG_ENABLE_MODULES = YES;
				CLANG_ENABLE_OBJC_ARC = YES;
				CLANG_ENABLE_OBJC_WEAK = YES;
				CLANG_WARN_BLOCK_CAPTURE_AUTORELEASING = YES;
				CLANG_WARN_BOOL_CONVERSION = YES;
				CLANG_WARN_COMMA = YES;
				CLANG_WARN_CONSTANT_CONVERSION = YES;
				CLANG_WARN_DEPRECATED_OBJC_IMPLEMENTATIONS = YES;
				CLANG_WARN_DIRECT_OBJC_ISA_USAGE = YES_ERROR;
				CLANG_WARN_DOCUMENTATION_COMMENTS = YES;
				CLANG_WARN_EMPTY_BODY = YES;
				CLANG_WARN_ENUM_CONVERSION = YES;
				CLANG_WARN_INFINITE_RECURSION = YES;
				CLANG_WARN_INT_CONVERSION = YES;
				CLANG_WARN_NON_LITERAL_NULL_CONVERSION = YES;
				CLANG_WARN_OBJC_IMPLICIT_RETAIN_SELF = YES;
				CLANG_WARN_OBJC_LITERAL_CONVERSION = YES;
				CLANG_WARN_OBJC_ROOT_CLASS = YES_ERROR;
				CLANG_WARN_RANGE_LOOP_ANALYSIS = YES;
				CLANG_WARN_STRICT_PROTOTYPES = YES;
				CLANG_WARN_SUSPICIOUS_MOVE = YES;
				CLANG_WARN_UNGUARDED_AVAILABILITY = YES_AGGRESSIVE;
				CLANG_WARN_UNREACHABLE_CODE = YES;
				CLANG_WARN__DUPLICATE_METHOD_MATCH = YES;
				CODE_SIGN_IDENTITY = "iPhone Developer";
				COPY_PHASE_STRIP = NO;
				DEBUG_INFORMATION_FORMAT = "dwarf-with-dsym";
				ENABLE_NS_ASSERTIONS = NO;
				ENABLE_STRICT_OBJC_MSGSEND = YES;
				GCC_C_LANGUAGE_STANDARD = gnu11;
				GCC_NO_COMMON_BLOCKS = YES;
				GCC_WARN_64_TO_32_BIT_CONVERSION = YES;
				GCC_WARN_ABOUT_RETURN_TYPE = YES_ERROR;
				GCC_WARN_UNDECLARED_SELECTOR = YES;
				GCC_WARN_UNINITIALIZED_AUTOS = YES_AGGRESSIVE;
				GCC_WARN_UNUSED_FUNCTION = YES;
				GCC_WARN_UNUSED_VARIABLE = YES;
				IPHONEOS_DEPLOYMENT_TARGET = 11.4;
				MTL_ENABLE_DEBUG_INFO = NO;
				SDKROOT = iphoneos;
				VALIDATE_PRODUCT = YES;
			};
			name = Release;
		};
		9CEDB92520F72F440037D182 /* Debug */ = {
			isa = XCBuildConfiguration;
			buildSettings = {
				ASSETCATALOG_COMPILER_APPICON_NAME = AppIcon;
				CODE_SIGN_STYLE = Automatic;
				INFOPLIST_FILE = CoreTextDrawText/Info.plist;
				LD_RUNPATH_SEARCH_PATHS = (
					"$(inherited)",
					"@executable_path/Frameworks",
				);
				PRODUCT_BUNDLE_IDENTIFIER = zyt.CoreTextDrawText;
				PRODUCT_NAME = "$(TARGET_NAME)";
				TARGETED_DEVICE_FAMILY = "1,2";
			};
			name = Debug;
		};
		9CEDB92620F72F440037D182 /* Release */ = {
			isa = XCBuildConfiguration;
			buildSettings = {
				ASSETCATALOG_COMPILER_APPICON_NAME = AppIcon;
				CODE_SIGN_STYLE = Automatic;
				INFOPLIST_FILE = CoreTextDrawText/Info.plist;
				LD_RUNPATH_SEARCH_PATHS = (
					"$(inherited)",
					"@executable_path/Frameworks",
				);
				PRODUCT_BUNDLE_IDENTIFIER = zyt.CoreTextDrawText;
				PRODUCT_NAME = "$(TARGET_NAME)";
				TARGETED_DEVICE_FAMILY = "1,2";
			};
			name = Release;
		};
		9CEDB92820F72F440037D182 /* Debug */ = {
			isa = XCBuildConfiguration;
			buildSettings = {
				BUNDLE_LOADER = "$(TEST_HOST)";
				CODE_SIGN_STYLE = Automatic;
				INFOPLIST_FILE = CoreTextDrawTextTests/Info.plist;
				LD_RUNPATH_SEARCH_PATHS = (
					"$(inherited)",
					"@executable_path/Frameworks",
					"@loader_path/Frameworks",
				);
				PRODUCT_BUNDLE_IDENTIFIER = zyt.CoreTextDrawTextTests;
				PRODUCT_NAME = "$(TARGET_NAME)";
				TARGETED_DEVICE_FAMILY = "1,2";
				TEST_HOST = "$(BUILT_PRODUCTS_DIR)/CoreTextDrawText.app/CoreTextDrawText";
			};
			name = Debug;
		};
		9CEDB92920F72F440037D182 /* Release */ = {
			isa = XCBuildConfiguration;
			buildSettings = {
				BUNDLE_LOADER = "$(TEST_HOST)";
				CODE_SIGN_STYLE = Automatic;
				INFOPLIST_FILE = CoreTextDrawTextTests/Info.plist;
				LD_RUNPATH_SEARCH_PATHS = (
					"$(inherited)",
					"@executable_path/Frameworks",
					"@loader_path/Frameworks",
				);
				PRODUCT_BUNDLE_IDENTIFIER = zyt.CoreTextDrawTextTests;
				PRODUCT_NAME = "$(TARGET_NAME)";
				TARGETED_DEVICE_FAMILY = "1,2";
				TEST_HOST = "$(BUILT_PRODUCTS_DIR)/CoreTextDrawText.app/CoreTextDrawText";
			};
			name = Release;
		};
		9CEDB92B20F72F440037D182 /* Debug */ = {
			isa = XCBuildConfiguration;
			buildSettings = {
				CODE_SIGN_STYLE = Automatic;
				INFOPLIST_FILE = CoreTextDrawTextUITests/Info.plist;
				LD_RUNPATH_SEARCH_PATHS = (
					"$(inherited)",
					"@executable_path/Frameworks",
					"@loader_path/Frameworks",
				);
				PRODUCT_BUNDLE_IDENTIFIER = zyt.CoreTextDrawTextUITests;
				PRODUCT_NAME = "$(TARGET_NAME)";
				TARGETED_DEVICE_FAMILY = "1,2";
				TEST_TARGET_NAME = CoreTextDrawText;
			};
			name = Debug;
		};
		9CEDB92C20F72F440037D182 /* Release */ = {
			isa = XCBuildConfiguration;
			buildSettings = {
				CODE_SIGN_STYLE = Automatic;
				INFOPLIST_FILE = CoreTextDrawTextUITests/Info.plist;
				LD_RUNPATH_SEARCH_PATHS = (
					"$(inherited)",
					"@executable_path/Frameworks",
					"@loader_path/Frameworks",
				);
				PRODUCT_BUNDLE_IDENTIFIER = zyt.CoreTextDrawTextUITests;
				PRODUCT_NAME = "$(TARGET_NAME)";
				TARGETED_DEVICE_FAMILY = "1,2";
				TEST_TARGET_NAME = CoreTextDrawText;
			};
			name = Release;
		};
/* End XCBuildConfiguration section */

/* Begin XCConfigurationList section */
		9CEDB8F320F72F430037D182 /* Build configuration list for PBXProject "CoreTextDrawText" */ = {
			isa = XCConfigurationList;
			buildConfigurations = (
				9CEDB92220F72F440037D182 /* Debug */,
				9CEDB92320F72F440037D182 /* Release */,
			);
			defaultConfigurationIsVisible = 0;
			defaultConfigurationName = Release;
		};
		9CEDB92420F72F440037D182 /* Build configuration list for PBXNativeTarget "CoreTextDrawText" */ = {
			isa = XCConfigurationList;
			buildConfigurations = (
				9CEDB92520F72F440037D182 /* Debug */,
				9CEDB92620F72F440037D182 /* Release */,
			);
			defaultConfigurationIsVisible = 0;
			defaultConfigurationName = Release;
		};
		9CEDB92720F72F440037D182 /* Build configuration list for PBXNativeTarget "CoreTextDrawTextTests" */ = {
			isa = XCConfigurationList;
			buildConfigurations = (
				9CEDB92820F72F440037D182 /* Debug */,
				9CEDB92920F72F440037D182 /* Release */,
			);
			defaultConfigurationIsVisible = 0;
			defaultConfigurationName = Release;
		};
		9CEDB92A20F72F440037D182 /* Build configuration list for PBXNativeTarget "CoreTextDrawTextUITests" */ = {
			isa = XCConfigurationList;
			buildConfigurations = (
				9CEDB92B20F72F440037D182 /* Debug */,
				9CEDB92C20F72F440037D182 /* Release */,
			);
			defaultConfigurationIsVisible = 0;
			defaultConfigurationName = Release;
		};
/* End XCConfigurationList section */
	};
	rootObject = 9CEDB8F020F72F430037D182 /* Project object */;
}
