// !$*UTF8*$!
{
	archiveVersion = 1;
	classes = {
	};
	objectVersion = 50;
	objects = {

/* Begin PBXBuildFile section */
		168EA4A026835B41000407F0 /* AppDelegate.m in Sources */ = {isa = PBXBuildFile; fileRef = 168EA49F26835B41000407F0 /* AppDelegate.m */; };
		168EA4A326835B41000407F0 /* SceneDelegate.m in Sources */ = {isa = PBXBuildFile; fileRef = 168EA4A226835B41000407F0 /* SceneDelegate.m */; };
		168EA4A626835B41000407F0 /* ViewController.m in Sources */ = {isa = PBXBuildFile; fileRef = 168EA4A526835B41000407F0 /* ViewController.m */; };
		168EA4A926835B41000407F0 /* Main.storyboard in Resources */ = {isa = PBXBuildFile; fileRef = 168EA4A726835B41000407F0 /* Main.storyboard */; };
		168EA4AB26835B45000407F0 /* Assets.xcassets in Resources */ = {isa = PBXBuildFile; fileRef = 168EA4AA26835B45000407F0 /* Assets.xcassets */; };
		168EA4AE26835B45000407F0 /* LaunchScreen.storyboard in Resources */ = {isa = PBXBuildFile; fileRef = 168EA4AC26835B45000407F0 /* LaunchScreen.storyboard */; };
		168EA4B126835B45000407F0 /* main.m in Sources */ = {isa = PBXBuildFile; fileRef = 168EA4B026835B45000407F0 /* main.m */; };
		168EA4BB26835B46000407F0 /* _1_helloCoreTextTests.m in Sources */ = {isa = PBXBuildFile; fileRef = 168EA4BA26835B46000407F0 /* _1_helloCoreTextTests.m */; };
		168EA4C626835B46000407F0 /* _1_helloCoreTextUITests.m in Sources */ = {isa = PBXBuildFile; fileRef = 168EA4C526835B46000407F0 /* _1_helloCoreTextUITests.m */; };
		168EA4D826835B74000407F0 /* JPLabel.m in Sources */ = {isa = PBXBuildFile; fileRef = 168EA4D726835B74000407F0 /* JPLabel.m */; };
/* End PBXBuildFile section */

/* Begin PBXContainerItemProxy section */
		168EA4B726835B46000407F0 /* PBXContainerItemProxy */ = {
			isa = PBXContainerItemProxy;
			containerPortal = 168EA49326835B41000407F0 /* Project object */;
			proxyType = 1;
			remoteGlobalIDString = 168EA49A26835B41000407F0;
			remoteInfo = 01_helloCoreText;
		};
		168EA4C226835B46000407F0 /* PBXContainerItemProxy */ = {
			isa = PBXContainerItemProxy;
			containerPortal = 168EA49326835B41000407F0 /* Project object */;
			proxyType = 1;
			remoteGlobalIDString = 168EA49A26835B41000407F0;
			remoteInfo = 01_helloCoreText;
		};
/* End PBXContainerItemProxy section */

/* Begin PBXFileReference section */
		168EA49B26835B41000407F0 /* 01_helloCoreText.app */ = {isa = PBXFileReference; explicitFileType = wrapper.application; includeInIndex = 0; path = 01_helloCoreText.app; sourceTree = BUILT_PRODUCTS_DIR; };
		168EA49E26835B41000407F0 /* AppDelegate.h */ = {isa = PBXFileReference; lastKnownFileType = sourcecode.c.h; path = AppDelegate.h; sourceTree = "<group>"; };
		168EA49F26835B41000407F0 /* AppDelegate.m */ = {isa = PBXFileReference; lastKnownFileType = sourcecode.c.objc; path = AppDelegate.m; sourceTree = "<group>"; };
		168EA4A126835B41000407F0 /* SceneDelegate.h */ = {isa = PBXFileReference; lastKnownFileType = sourcecode.c.h; path = SceneDelegate.h; sourceTree = "<group>"; };
		168EA4A226835B41000407F0 /* SceneDelegate.m */ = {isa = PBXFileReference; lastKnownFileType = sourcecode.c.objc; path = SceneDelegate.m; sourceTree = "<group>"; };
		168EA4A426835B41000407F0 /* ViewController.h */ = {isa = PBXFileReference; lastKnownFileType = sourcecode.c.h; path = ViewController.h; sourceTree = "<group>"; };
		168EA4A526835B41000407F0 /* ViewController.m */ = {isa = PBXFileReference; lastKnownFileType = sourcecode.c.objc; path = ViewController.m; sourceTree = "<group>"; };
		168EA4A826835B41000407F0 /* Base */ = {isa = PBXFileReference; lastKnownFileType = file.storyboard; name = Base; path = Base.lproj/Main.storyboard; sourceTree = "<group>"; };
		168EA4AA26835B45000407F0 /* Assets.xcassets */ = {isa = PBXFileReference; lastKnownFileType = folder.assetcatalog; path = Assets.xcassets; sourceTree = "<group>"; };
		168EA4AD26835B45000407F0 /* Base */ = {isa = PBXFileReference; lastKnownFileType = file.storyboard; name = Base; path = Base.lproj/LaunchScreen.storyboard; sourceTree = "<group>"; };
		168EA4AF26835B45000407F0 /* Info.plist */ = {isa = PBXFileReference; lastKnownFileType = text.plist.xml; path = Info.plist; sourceTree = "<group>"; };
		168EA4B026835B45000407F0 /* main.m */ = {isa = PBXFileReference; lastKnownFileType = sourcecode.c.objc; path = main.m; sourceTree = "<group>"; };
		168EA4B626835B46000407F0 /* 01_helloCoreTextTests.xctest */ = {isa = PBXFileReference; explicitFileType = wrapper.cfbundle; includeInIndex = 0; path = 01_helloCoreTextTests.xctest; sourceTree = BUILT_PRODUCTS_DIR; };
		168EA4BA26835B46000407F0 /* _1_helloCoreTextTests.m */ = {isa = PBXFileReference; lastKnownFileType = sourcecode.c.objc; path = _1_helloCoreTextTests.m; sourceTree = "<group>"; };
		168EA4BC26835B46000407F0 /* Info.plist */ = {isa = PBXFileReference; lastKnownFileType = text.plist.xml; path = Info.plist; sourceTree = "<group>"; };
		168EA4C126835B46000407F0 /* 01_helloCoreTextUITests.xctest */ = {isa = PBXFileReference; explicitFileType = wrapper.cfbundle; includeInIndex = 0; path = 01_helloCoreTextUITests.xctest; sourceTree = BUILT_PRODUCTS_DIR; };
		168EA4C526835B46000407F0 /* _1_helloCoreTextUITests.m */ = {isa = PBXFileReference; lastKnownFileType = sourcecode.c.objc; path = _1_helloCoreTextUITests.m; sourceTree = "<group>"; };
		168EA4C726835B46000407F0 /* Info.plist */ = {isa = PBXFileReference; lastKnownFileType = text.plist.xml; path = Info.plist; sourceTree = "<group>"; };
		168EA4D626835B74000407F0 /* JPLabel.h */ = {isa = PBXFileReference; lastKnownFileType = sourcecode.c.h; path = JPLabel.h; sourceTree = "<group>"; };
		168EA4D726835B74000407F0 /* JPLabel.m */ = {isa = PBXFileReference; lastKnownFileType = sourcecode.c.objc; path = JPLabel.m; sourceTree = "<group>"; };
/* End PBXFileReference section */

/* Begin PBXFrameworksBuildPhase section */
		168EA49826835B41000407F0 /* Frameworks */ = {
			isa = PBXFrameworksBuildPhase;
			buildActionMask = 2147483647;
			files = (
			);
			runOnlyForDeploymentPostprocessing = 0;
		};
		168EA4B326835B46000407F0 /* Frameworks */ = {
			isa = PBXFrameworksBuildPhase;
			buildActionMask = 2147483647;
			files = (
			);
			runOnlyForDeploymentPostprocessing = 0;
		};
		168EA4BE26835B46000407F0 /* Frameworks */ = {
			isa = PBXFrameworksBuildPhase;
			buildActionMask = 2147483647;
			files = (
			);
			runOnlyForDeploymentPostprocessing = 0;
		};
/* End PBXFrameworksBuildPhase section */

/* Begin PBXGroup section */
		168EA49226835B41000407F0 = {
			isa = PBXGroup;
			children = (
				168EA49D26835B41000407F0 /* 01_helloCoreText */,
				168EA4B926835B46000407F0 /* 01_helloCoreTextTests */,
				168EA4C426835B46000407F0 /* 01_helloCoreTextUITests */,
				168EA49C26835B41000407F0 /* Products */,
			);
			sourceTree = "<group>";
		};
		168EA49C26835B41000407F0 /* Products */ = {
			isa = PBXGroup;
			children = (
				168EA49B26835B41000407F0 /* 01_helloCoreText.app */,
				168EA4B626835B46000407F0 /* 01_helloCoreTextTests.xctest */,
				168EA4C126835B46000407F0 /* 01_helloCoreTextUITests.xctest */,
			);
			name = Products;
			sourceTree = "<group>";
		};
		168EA49D26835B41000407F0 /* 01_helloCoreText */ = {
			isa = PBXGroup;
			children = (
				168EA49E26835B41000407F0 /* AppDelegate.h */,
				168EA49F26835B41000407F0 /* AppDelegate.m */,
				168EA4A126835B41000407F0 /* SceneDelegate.h */,
				168EA4A226835B41000407F0 /* SceneDelegate.m */,
				168EA4A426835B41000407F0 /* ViewController.h */,
				168EA4A526835B41000407F0 /* ViewController.m */,
				168EA4D626835B74000407F0 /* JPLabel.h */,
				168EA4D726835B74000407F0 /* JPLabel.m */,
				168EA4A726835B41000407F0 /* Main.storyboard */,
				168EA4AA26835B45000407F0 /* Assets.xcassets */,
				168EA4AC26835B45000407F0 /* LaunchScreen.storyboard */,
				168EA4AF26835B45000407F0 /* Info.plist */,
				168EA4B026835B45000407F0 /* main.m */,
			);
			path = 01_helloCoreText;
			sourceTree = "<group>";
		};
		168EA4B926835B46000407F0 /* 01_helloCoreTextTests */ = {
			isa = PBXGroup;
			children = (
				168EA4BA26835B46000407F0 /* _1_helloCoreTextTests.m */,
				168EA4BC26835B46000407F0 /* Info.plist */,
			);
			path = 01_helloCoreTextTests;
			sourceTree = "<group>";
		};
		168EA4C426835B46000407F0 /* 01_helloCoreTextUITests */ = {
			isa = PBXGroup;
			children = (
				168EA4C526835B46000407F0 /* _1_helloCoreTextUITests.m */,
				168EA4C726835B46000407F0 /* Info.plist */,
			);
			path = 01_helloCoreTextUITests;
			sourceTree = "<group>";
		};
/* End PBXGroup section */

/* Begin PBXNativeTarget section */
		168EA49A26835B41000407F0 /* 01_helloCoreText */ = {
			isa = PBXNativeTarget;
			buildConfigurationList = 168EA4CA26835B46000407F0 /* Build configuration list for PBXNativeTarget "01_helloCoreText" */;
			buildPhases = (
				168EA49726835B41000407F0 /* Sources */,
				168EA49826835B41000407F0 /* Frameworks */,
				168EA49926835B41000407F0 /* Resources */,
			);
			buildRules = (
			);
			dependencies = (
			);
			name = 01_helloCoreText;
			productName = 01_helloCoreText;
			productReference = 168EA49B26835B41000407F0 /* 01_helloCoreText.app */;
			productType = "com.apple.product-type.application";
		};
		168EA4B526835B46000407F0 /* 01_helloCoreTextTests */ = {
			isa = PBXNativeTarget;
			buildConfigurationList = 168EA4CD26835B46000407F0 /* Build configuration list for PBXNativeTarget "01_helloCoreTextTests" */;
			buildPhases = (
				168EA4B226835B46000407F0 /* Sources */,
				168EA4B326835B46000407F0 /* Frameworks */,
				168EA4B426835B46000407F0 /* Resources */,
			);
			buildRules = (
			);
			dependencies = (
				168EA4B826835B46000407F0 /* PBXTargetDependency */,
			);
			name = 01_helloCoreTextTests;
			productName = 01_helloCoreTextTests;
			productReference = 168EA4B626835B46000407F0 /* 01_helloCoreTextTests.xctest */;
			productType = "com.apple.product-type.bundle.unit-test";
		};
		168EA4C026835B46000407F0 /* 01_helloCoreTextUITests */ = {
			isa = PBXNativeTarget;
			buildConfigurationList = 168EA4D026835B46000407F0 /* Build configuration list for PBXNativeTarget "01_helloCoreTextUITests" */;
			buildPhases = (
				168EA4BD26835B46000407F0 /* Sources */,
				168EA4BE26835B46000407F0 /* Frameworks */,
				168EA4BF26835B46000407F0 /* Resources */,
			);
			buildRules = (
			);
			dependencies = (
				168EA4C326835B46000407F0 /* PBXTargetDependency */,
			);
			name = 01_helloCoreTextUITests;
			productName = 01_helloCoreTextUITests;
			productReference = 168EA4C126835B46000407F0 /* 01_helloCoreTextUITests.xctest */;
			productType = "com.apple.product-type.bundle.ui-testing";
		};
/* End PBXNativeTarget section */

/* Begin PBXProject section */
		168EA49326835B41000407F0 /* Project object */ = {
			isa = PBXProject;
			attributes = {
				LastUpgradeCheck = 1210;
				TargetAttributes = {
					168EA49A26835B41000407F0 = {
						CreatedOnToolsVersion = 12.1;
					};
					168EA4B526835B46000407F0 = {
						CreatedOnToolsVersion = 12.1;
						TestTargetID = 168EA49A26835B41000407F0;
					};
					168EA4C026835B46000407F0 = {
						CreatedOnToolsVersion = 12.1;
						TestTargetID = 168EA49A26835B41000407F0;
					};
				};
			};
			buildConfigurationList = 168EA49626835B41000407F0 /* Build configuration list for PBXProject "01_helloCoreText" */;
			compatibilityVersion = "Xcode 9.3";
			developmentRegion = en;
			hasScannedForEncodings = 0;
			knownRegions = (
				en,
				Base,
			);
			mainGroup = 168EA49226835B41000407F0;
			productRefGroup = 168EA49C26835B41000407F0 /* Products */;
			projectDirPath = "";
			projectRoot = "";
			targets = (
				168EA49A26835B41000407F0 /* 01_helloCoreText */,
				168EA4B526835B46000407F0 /* 01_helloCoreTextTests */,
				168EA4C026835B46000407F0 /* 01_helloCoreTextUITests */,
			);
		};
/* End PBXProject section */

/* Begin PBXResourcesBuildPhase section */
		168EA49926835B41000407F0 /* Resources */ = {
			isa = PBXResourcesBuildPhase;
			buildActionMask = 2147483647;
			files = (
				168EA4AE26835B45000407F0 /* LaunchScreen.storyboard in Resources */,
				168EA4AB26835B45000407F0 /* Assets.xcassets in Resources */,
				168EA4A926835B41000407F0 /* Main.storyboard in Resources */,
			);
			runOnlyForDeploymentPostprocessing = 0;
		};
		168EA4B426835B46000407F0 /* Resources */ = {
			isa = PBXResourcesBuildPhase;
			buildActionMask = 2147483647;
			files = (
			);
			runOnlyForDeploymentPostprocessing = 0;
		};
		168EA4BF26835B46000407F0 /* Resources */ = {
			isa = PBXResourcesBuildPhase;
			buildActionMask = 2147483647;
			files = (
			);
			runOnlyForDeploymentPostprocessing = 0;
		};
/* End PBXResourcesBuildPhase section */

/* Begin PBXSourcesBuildPhase section */
		168EA49726835B41000407F0 /* Sources */ = {
			isa = PBXSourcesBuildPhase;
			buildActionMask = 2147483647;
			files = (
				168EA4A626835B41000407F0 /* ViewController.m in Sources */,
				168EA4D826835B74000407F0 /* JPLabel.m in Sources */,
				168EA4A026835B41000407F0 /* AppDelegate.m in Sources */,
				168EA4B126835B45000407F0 /* main.m in Sources */,
				168EA4A326835B41000407F0 /* SceneDelegate.m in Sources */,
			);
			runOnlyForDeploymentPostprocessing = 0;
		};
		168EA4B226835B46000407F0 /* Sources */ = {
			isa = PBXSourcesBuildPhase;
			buildActionMask = 2147483647;
			files = (
				168EA4BB26835B46000407F0 /* _1_helloCoreTextTests.m in Sources */,
			);
			runOnlyForDeploymentPostprocessing = 0;
		};
		168EA4BD26835B46000407F0 /* Sources */ = {
			isa = PBXSourcesBuildPhase;
			buildActionMask = 2147483647;
			files = (
				168EA4C626835B46000407F0 /* _1_helloCoreTextUITests.m in Sources */,
			);
			runOnlyForDeploymentPostprocessing = 0;
		};
/* End PBXSourcesBuildPhase section */

/* Begin PBXTargetDependency section */
		168EA4B826835B46000407F0 /* PBXTargetDependency */ = {
			isa = PBXTargetDependency;
			target = 168EA49A26835B41000407F0 /* 01_helloCoreText */;
			targetProxy = 168EA4B726835B46000407F0 /* PBXContainerItemProxy */;
		};
		168EA4C326835B46000407F0 /* PBXTargetDependency */ = {
			isa = PBXTargetDependency;
			target = 168EA49A26835B41000407F0 /* 01_helloCoreText */;
			targetProxy = 168EA4C226835B46000407F0 /* PBXContainerItemProxy */;
		};
/* End PBXTargetDependency section */

/* Begin PBXVariantGroup section */
		168EA4A726835B41000407F0 /* Main.storyboard */ = {
			isa = PBXVariantGroup;
			children = (
				168EA4A826835B41000407F0 /* Base */,
			);
			name = Main.storyboard;
			sourceTree = "<group>";
		};
		168EA4AC26835B45000407F0 /* LaunchScreen.storyboard */ = {
			isa = PBXVariantGroup;
			children = (
				168EA4AD26835B45000407F0 /* Base */,
			);
			name = LaunchScreen.storyboard;
			sourceTree = "<group>";
		};
/* End PBXVariantGroup section */

/* Begin XCBuildConfiguration section */
		168EA4C826835B46000407F0 /* Debug */ = {
			isa = XCBuildConfiguration;
			buildSettings = {
				ALWAYS_SEARCH_USER_PATHS = NO;
				CLANG_ANALYZER_NONNULL = YES;
				CLANG_ANALYZER_NUMBER_OBJECT_CONVERSION = YES_AGGRESSIVE;
				CLANG_CXX_LANGUAGE_STANDARD = "gnu++14";
				CLANG_CXX_LIBRARY = "libc++";
				CLANG_ENABLE_MODULES = YES;
				CLANG_ENABLE_OBJC_ARC = YES;
				CLANG_ENABLE_OBJC_WEAK = YES;
				CLANG_WARN_BLOCK_CAPTURE_AUTORELEASING = YES;
				CLANG_WARN_BOOL_CONVERSION = YES;
				CLANG_WARN_COMMA = YES;
				CLANG_WARN_CONSTANT_CONVERSION = YES;
				CLANG_WARN_DEPRECATED_OBJC_IMPLEMENTATIONS = YES;
				CLANG_WARN_DIRECT_OBJC_ISA_USAGE = YES_ERROR;
				CLANG_WARN_DOCUMENTATION_COMMENTS = YES;
				CLANG_WARN_EMPTY_BODY = YES;
				CLANG_WARN_ENUM_CONVERSION = YES;
				CLANG_WARN_INFINITE_RECURSION = YES;
				CLANG_WARN_INT_CONVERSION = YES;
				CLANG_WARN_NON_LITERAL_NULL_CONVERSION = YES;
				CLANG_WARN_OBJC_IMPLICIT_RETAIN_SELF = YES;
				CLANG_WARN_OBJC_LITERAL_CONVERSION = YES;
				CLANG_WARN_OBJC_ROOT_CLASS = YES_ERROR;
				CLANG_WARN_QUOTED_INCLUDE_IN_FRAMEWORK_HEADER = YES;
				CLANG_WARN_RANGE_LOOP_ANALYSIS = YES;
				CLANG_WARN_STRICT_PROTOTYPES = YES;
				CLANG_WARN_SUSPICIOUS_MOVE = YES;
				CLANG_WARN_UNGUARDED_AVAILABILITY = YES_AGGRESSIVE;
				CLANG_WARN_UNREACHABLE_CODE = YES;
				CLANG_WARN__DUPLICATE_METHOD_MATCH = YES;
				COPY_PHASE_STRIP = NO;
				DEBUG_INFORMATION_FORMAT = dwarf;
				ENABLE_STRICT_OBJC_MSGSEND = YES;
				ENABLE_TESTABILITY = YES;
				GCC_C_LANGUAGE_STANDARD = gnu11;
				GCC_DYNAMIC_NO_PIC = NO;
				GCC_NO_COMMON_BLOCKS = YES;
				GCC_OPTIMIZATION_LEVEL = 0;
				GCC_PREPROCESSOR_DEFINITIONS = (
					"DEBUG=1",
					"$(inherited)",
				);
				GCC_WARN_64_TO_32_BIT_CONVERSION = YES;
				GCC_WARN_ABOUT_RETURN_TYPE = YES_ERROR;
				GCC_WARN_UNDECLARED_SELECTOR = YES;
				GCC_WARN_UNINITIALIZED_AUTOS = YES_AGGRESSIVE;
				GCC_WARN_UNUSED_FUNCTION = YES;
				GCC_WARN_UNUSED_VARIABLE = YES;
				IPHONEOS_DEPLOYMENT_TARGET = 14.1;
				MTL_ENABLE_DEBUG_INFO = INCLUDE_SOURCE;
				MTL_FAST_MATH = YES;
				ONLY_ACTIVE_ARCH = YES;
				SDKROOT = iphoneos;
			};
			name = Debug;
		};
		168EA4C926835B46000407F0 /* Release */ = {
			isa = XCBuildConfiguration;
			buildSettings = {
				ALWAYS_SEARCH_USER_PATHS = NO;
				CLANG_ANALYZER_NONNULL = YES;
				CLANG_ANALYZER_NUMBER_OBJECT_CONVERSION = YES_AGGRESSIVE;
				CLANG_CXX_LANGUAGE_STANDARD = "gnu++14";
				CLANG_CXX_LIBRARY = "libc++";
				CLANG_ENABLE_MODULES = YES;
				CLANG_ENABLE_OBJC_ARC = YES;
				CLANG_ENABLE_OBJC_WEAK = YES;
				CLANG_WARN_BLOCK_CAPTURE_AUTORELEASING = YES;
				CLANG_WARN_BOOL_CONVERSION = YES;
				CLANG_WARN_COMMA = YES;
				CLANG_WARN_CONSTANT_CONVERSION = YES;
				CLANG_WARN_DEPRECATED_OBJC_IMPLEMENTATIONS = YES;
				CLANG_WARN_DIRECT_OBJC_ISA_USAGE = YES_ERROR;
				CLANG_WARN_DOCUMENTATION_COMMENTS = YES;
				CLANG_WARN_EMPTY_BODY = YES;
				CLANG_WARN_ENUM_CONVERSION = YES;
				CLANG_WARN_INFINITE_RECURSION = YES;
				CLANG_WARN_INT_CONVERSION = YES;
				CLANG_WARN_NON_LITERAL_NULL_CONVERSION = YES;
				CLANG_WARN_OBJC_IMPLICIT_RETAIN_SELF = YES;
				CLANG_WARN_OBJC_LITERAL_CONVERSION = YES;
				CLANG_WARN_OBJC_ROOT_CLASS = YES_ERROR;
				CLANG_WARN_QUOTED_INCLUDE_IN_FRAMEWORK_HEADER = YES;
				CLANG_WARN_RANGE_LOOP_ANALYSIS = YES;
				CLANG_WARN_STRICT_PROTOTYPES = YES;
				CLANG_WARN_SUSPICIOUS_MOVE = YES;
				CLANG_WARN_UNGUARDED_AVAILABILITY = YES_AGGRESSIVE;
				CLANG_WARN_UNREACHABLE_CODE = YES;
				CLANG_WARN__DUPLICATE_METHOD_MATCH = YES;
				COPY_PHASE_STRIP = NO;
				DEBUG_INFORMATION_FORMAT = "dwarf-with-dsym";
				ENABLE_NS_ASSERTIONS = NO;
				ENABLE_STRICT_OBJC_MSGSEND = YES;
				GCC_C_LANGUAGE_STANDARD = gnu11;
				GCC_NO_COMMON_BLOCKS = YES;
				GCC_WARN_64_TO_32_BIT_CONVERSION = YES;
				GCC_WARN_ABOUT_RETURN_TYPE = YES_ERROR;
				GCC_WARN_UNDECLARED_SELECTOR = YES;
				GCC_WARN_UNINITIALIZED_AUTOS = YES_AGGRESSIVE;
				GCC_WARN_UNUSED_FUNCTION = YES;
				GCC_WARN_UNUSED_VARIABLE = YES;
				IPHONEOS_DEPLOYMENT_TARGET = 14.1;
				MTL_ENABLE_DEBUG_INFO = NO;
				MTL_FAST_MATH = YES;
				SDKROOT = iphoneos;
				VALIDATE_PRODUCT = YES;
			};
			name = Release;
		};
		168EA4CB26835B46000407F0 /* Debug */ = {
			isa = XCBuildConfiguration;
			buildSettings = {
				ASSETCATALOG_COMPILER_APPICON_NAME = AppIcon;
				ASSETCATALOG_COMPILER_GLOBAL_ACCENT_COLOR_NAME = AccentColor;
				CODE_SIGN_STYLE = Automatic;
				INFOPLIST_FILE = 01_helloCoreText/Info.plist;
				LD_RUNPATH_SEARCH_PATHS = (
					"$(inherited)",
					"@executable_path/Frameworks",
				);
				PRODUCT_BUNDLE_IDENTIFIER = "com.Inke.-1-helloCoreText";
				PRODUCT_NAME = "$(TARGET_NAME)";
				TARGETED_DEVICE_FAMILY = "1,2";
			};
			name = Debug;
		};
		168EA4CC26835B46000407F0 /* Release */ = {
			isa = XCBuildConfiguration;
			buildSettings = {
				ASSETCATALOG_COMPILER_APPICON_NAME = AppIcon;
				ASSETCATALOG_COMPILER_GLOBAL_ACCENT_COLOR_NAME = AccentColor;
				CODE_SIGN_STYLE = Automatic;
				INFOPLIST_FILE = 01_helloCoreText/Info.plist;
				LD_RUNPATH_SEARCH_PATHS = (
					"$(inherited)",
					"@executable_path/Frameworks",
				);
				PRODUCT_BUNDLE_IDENTIFIER = "com.Inke.-1-helloCoreText";
				PRODUCT_NAME = "$(TARGET_NAME)";
				TARGETED_DEVICE_FAMILY = "1,2";
			};
			name = Release;
		};
		168EA4CE26835B46000407F0 /* Debug */ = {
			isa = XCBuildConfiguration;
			buildSettings = {
				BUNDLE_LOADER = "$(TEST_HOST)";
				CODE_SIGN_STYLE = Automatic;
				INFOPLIST_FILE = 01_helloCoreTextTests/Info.plist;
				IPHONEOS_DEPLOYMENT_TARGET = 14.1;
				LD_RUNPATH_SEARCH_PATHS = (
					"$(inherited)",
					"@executable_path/Frameworks",
					"@loader_path/Frameworks",
				);
				PRODUCT_BUNDLE_IDENTIFIER = "com.Inke.-1-helloCoreTextTests";
				PRODUCT_NAME = "$(TARGET_NAME)";
				TARGETED_DEVICE_FAMILY = "1,2";
				TEST_HOST = "$(BUILT_PRODUCTS_DIR)/01_helloCoreText.app/01_helloCoreText";
			};
			name = Debug;
		};
		168EA4CF26835B46000407F0 /* Release */ = {
			isa = XCBuildConfiguration;
			buildSettings = {
				BUNDLE_LOADER = "$(TEST_HOST)";
				CODE_SIGN_STYLE = Automatic;
				INFOPLIST_FILE = 01_helloCoreTextTests/Info.plist;
				IPHONEOS_DEPLOYMENT_TARGET = 14.1;
				LD_RUNPATH_SEARCH_PATHS = (
					"$(inherited)",
					"@executable_path/Frameworks",
					"@loader_path/Frameworks",
				);
				PRODUCT_BUNDLE_IDENTIFIER = "com.Inke.-1-helloCoreTextTests";
				PRODUCT_NAME = "$(TARGET_NAME)";
				TARGETED_DEVICE_FAMILY = "1,2";
				TEST_HOST = "$(BUILT_PRODUCTS_DIR)/01_helloCoreText.app/01_helloCoreText";
			};
			name = Release;
		};
		168EA4D126835B46000407F0 /* Debug */ = {
			isa = XCBuildConfiguration;
			buildSettings = {
				CODE_SIGN_STYLE = Automatic;
				INFOPLIST_FILE = 01_helloCoreTextUITests/Info.plist;
				LD_RUNPATH_SEARCH_PATHS = (
					"$(inherited)",
					"@executable_path/Frameworks",
					"@loader_path/Frameworks",
				);
				PRODUCT_BUNDLE_IDENTIFIER = "com.Inke.-1-helloCoreTextUITests";
				PRODUCT_NAME = "$(TARGET_NAME)";
				TARGETED_DEVICE_FAMILY = "1,2";
				TEST_TARGET_NAME = 01_helloCoreText;
			};
			name = Debug;
		};
		168EA4D226835B46000407F0 /* Release */ = {
			isa = XCBuildConfiguration;
			buildSettings = {
				CODE_SIGN_STYLE = Automatic;
				INFOPLIST_FILE = 01_helloCoreTextUITests/Info.plist;
				LD_RUNPATH_SEARCH_PATHS = (
					"$(inherited)",
					"@executable_path/Frameworks",
					"@loader_path/Frameworks",
				);
				PRODUCT_BUNDLE_IDENTIFIER = "com.Inke.-1-helloCoreTextUITests";
				PRODUCT_NAME = "$(TARGET_NAME)";
				TARGETED_DEVICE_FAMILY = "1,2";
				TEST_TARGET_NAME = 01_helloCoreText;
			};
			name = Release;
		};
/* End XCBuildConfiguration section */

/* Begin XCConfigurationList section */
		168EA49626835B41000407F0 /* Build configuration list for PBXProject "01_helloCoreText" */ = {
			isa = XCConfigurationList;
			buildConfigurations = (
				168EA4C826835B46000407F0 /* Debug */,
				168EA4C926835B46000407F0 /* Release */,
			);
			defaultConfigurationIsVisible = 0;
			defaultConfigurationName = Release;
		};
		168EA4CA26835B46000407F0 /* Build configuration list for PBXNativeTarget "01_helloCoreText" */ = {
			isa = XCConfigurationList;
			buildConfigurations = (
				168EA4CB26835B46000407F0 /* Debug */,
				168EA4CC26835B46000407F0 /* Release */,
			);
			defaultConfigurationIsVisible = 0;
			defaultConfigurationName = Release;
		};
		168EA4CD26835B46000407F0 /* Build configuration list for PBXNativeTarget "01_helloCoreTextTests" */ = {
			isa = XCConfigurationList;
			buildConfigurations = (
				168EA4CE26835B46000407F0 /* Debug */,
				168EA4CF26835B46000407F0 /* Release */,
			);
			defaultConfigurationIsVisible = 0;
			defaultConfigurationName = Release;
		};
		168EA4D026835B46000407F0 /* Build configuration list for PBXNativeTarget "01_helloCoreTextUITests" */ = {
			isa = XCConfigurationList;
			buildConfigurations = (
				168EA4D126835B46000407F0 /* Debug */,
				168EA4D226835B46000407F0 /* Release */,
			);
			defaultConfigurationIsVisible = 0;
			defaultConfigurationName = Release;
		};
/* End XCConfigurationList section */
	};
	rootObject = 168EA49326835B41000407F0 /* Project object */;
}
